
Microsoft Visual Studio Solution File, Format Version 12.00
# Visual Studio 15
VisualStudioVersion = 15.0.27004.2002
MinimumVisualStudioVersion = 10.0.40219.1
Project("{FAE04EC0-301F-11D3-BF4B-00C04F79EFBC}") = "TestsStart.Android", "TestsStart\TestsStart.Android\TestsStart.Android.csproj", "{33988252-12C6-4ABC-8D6F-BFE37D1027F0}"
EndProject
Project("{FAE04EC0-301F-11D3-BF4B-00C04F79EFBC}") = "TestsStart.UWP", "TestsStart\TestsStart.UWP\TestsStart.UWP.csproj", "{44BF8858-F510-4EC0-9F73-F7FB5B34BDAA}"
EndProject
Project("{FAE04EC0-301F-11D3-BF4B-00C04F79EFBC}") = "TestsStart.iOS", "TestsStart\TestsStart.iOS\TestsStart.iOS.csproj", "{B20A215C-BB29-4BCF-9474-5E7CD141DBCC}"
EndProject
Project("{FAE04EC0-301F-11D3-BF4B-00C04F79EFBC}") = "Backend", "Backend\Backend.csproj", "{1EB99312-6865-47B1-88F6-EC7FC4D83511}"
EndProject
Project("{FAE04EC0-301F-11D3-BF4B-00C04F79EFBC}") = "ViewModels", "ViewModels\ViewModels.csproj", "{4FB7B8A0-6571-4B41-B44D-5206B4583E7B}"
EndProject
Project("{2150E333-8FDC-42A3-9474-1A3956D46DE8}") = "Shared", "Shared", "{9147A483-40CF-4DB0-9A37-1ECA16A8A3BB}"
EndProject
Project("{FAE04EC0-301F-11D3-BF4B-00C04F79EFBC}") = "TestsStart", "TestsStart\TestsStart\TestsStart.csproj", "{A97A979B-F5B1-4E9F-930C-E691E9AFABE2}"
EndProject
Global
	GlobalSection(SolutionConfigurationPlatforms) = preSolution
		Ad-Hoc|Any CPU = Ad-Hoc|Any CPU
		Ad-Hoc|ARM = Ad-Hoc|ARM
		Ad-Hoc|iPhone = Ad-Hoc|iPhone
		Ad-Hoc|iPhoneSimulator = Ad-Hoc|iPhoneSimulator
		Ad-Hoc|x64 = Ad-Hoc|x64
		Ad-Hoc|x86 = Ad-Hoc|x86
		AppStore|Any CPU = AppStore|Any CPU
		AppStore|ARM = AppStore|ARM
		AppStore|iPhone = AppStore|iPhone
		AppStore|iPhoneSimulator = AppStore|iPhoneSimulator
		AppStore|x64 = AppStore|x64
		AppStore|x86 = AppStore|x86
		Debug|Any CPU = Debug|Any CPU
		Debug|ARM = Debug|ARM
		Debug|iPhone = Debug|iPhone
		Debug|iPhoneSimulator = Debug|iPhoneSimulator
		Debug|x64 = Debug|x64
		Debug|x86 = Debug|x86
		Release|Any CPU = Release|Any CPU
		Release|ARM = Release|ARM
		Release|iPhone = Release|iPhone
		Release|iPhoneSimulator = Release|iPhoneSimulator
		Release|x64 = Release|x64
		Release|x86 = Release|x86
	EndGlobalSection
	GlobalSection(ProjectConfigurationPlatforms) = postSolution
		{33988252-12C6-4ABC-8D6F-BFE37D1027F0}.Ad-Hoc|Any CPU.ActiveCfg = Release|Any CPU
		{33988252-12C6-4ABC-8D6F-BFE37D1027F0}.Ad-Hoc|Any CPU.Build.0 = Release|Any CPU
		{33988252-12C6-4ABC-8D6F-BFE37D1027F0}.Ad-Hoc|Any CPU.Deploy.0 = Release|Any CPU
		{33988252-12C6-4ABC-8D6F-BFE37D1027F0}.Ad-Hoc|ARM.ActiveCfg = Release|Any CPU
		{33988252-12C6-4ABC-8D6F-BFE37D1027F0}.Ad-Hoc|ARM.Build.0 = Release|Any CPU
		{33988252-12C6-4ABC-8D6F-BFE37D1027F0}.Ad-Hoc|ARM.Deploy.0 = Release|Any CPU
		{33988252-12C6-4ABC-8D6F-BFE37D1027F0}.Ad-Hoc|iPhone.ActiveCfg = Release|Any CPU
		{33988252-12C6-4ABC-8D6F-BFE37D1027F0}.Ad-Hoc|iPhone.Build.0 = Release|Any CPU
		{33988252-12C6-4ABC-8D6F-BFE37D1027F0}.Ad-Hoc|iPhone.Deploy.0 = Release|Any CPU
		{33988252-12C6-4ABC-8D6F-BFE37D1027F0}.Ad-Hoc|iPhoneSimulator.ActiveCfg = Release|Any CPU
		{33988252-12C6-4ABC-8D6F-BFE37D1027F0}.Ad-Hoc|iPhoneSimulator.Build.0 = Release|Any CPU
		{33988252-12C6-4ABC-8D6F-BFE37D1027F0}.Ad-Hoc|iPhoneSimulator.Deploy.0 = Release|Any CPU
		{33988252-12C6-4ABC-8D6F-BFE37D1027F0}.Ad-Hoc|x64.ActiveCfg = Release|Any CPU
		{33988252-12C6-4ABC-8D6F-BFE37D1027F0}.Ad-Hoc|x64.Build.0 = Release|Any CPU
		{33988252-12C6-4ABC-8D6F-BFE37D1027F0}.Ad-Hoc|x64.Deploy.0 = Release|Any CPU
		{33988252-12C6-4ABC-8D6F-BFE37D1027F0}.Ad-Hoc|x86.ActiveCfg = Release|Any CPU
		{33988252-12C6-4ABC-8D6F-BFE37D1027F0}.Ad-Hoc|x86.Build.0 = Release|Any CPU
		{33988252-12C6-4ABC-8D6F-BFE37D1027F0}.Ad-Hoc|x86.Deploy.0 = Release|Any CPU
		{33988252-12C6-4ABC-8D6F-BFE37D1027F0}.AppStore|Any CPU.ActiveCfg = Release|Any CPU
		{33988252-12C6-4ABC-8D6F-BFE37D1027F0}.AppStore|Any CPU.Build.0 = Release|Any CPU
		{33988252-12C6-4ABC-8D6F-BFE37D1027F0}.AppStore|Any CPU.Deploy.0 = Release|Any CPU
		{33988252-12C6-4ABC-8D6F-BFE37D1027F0}.AppStore|ARM.ActiveCfg = Release|Any CPU
		{33988252-12C6-4ABC-8D6F-BFE37D1027F0}.AppStore|ARM.Build.0 = Release|Any CPU
		{33988252-12C6-4ABC-8D6F-BFE37D1027F0}.AppStore|ARM.Deploy.0 = Release|Any CPU
		{33988252-12C6-4ABC-8D6F-BFE37D1027F0}.AppStore|iPhone.ActiveCfg = Release|Any CPU
		{33988252-12C6-4ABC-8D6F-BFE37D1027F0}.AppStore|iPhone.Build.0 = Release|Any CPU
		{33988252-12C6-4ABC-8D6F-BFE37D1027F0}.AppStore|iPhone.Deploy.0 = Release|Any CPU
		{33988252-12C6-4ABC-8D6F-BFE37D1027F0}.AppStore|iPhoneSimulator.ActiveCfg = Release|Any CPU
		{33988252-12C6-4ABC-8D6F-BFE37D1027F0}.AppStore|iPhoneSimulator.Build.0 = Release|Any CPU
		{33988252-12C6-4ABC-8D6F-BFE37D1027F0}.AppStore|iPhoneSimulator.Deploy.0 = Release|Any CPU
		{33988252-12C6-4ABC-8D6F-BFE37D1027F0}.AppStore|x64.ActiveCfg = Release|Any CPU
		{33988252-12C6-4ABC-8D6F-BFE37D1027F0}.AppStore|x64.Build.0 = Release|Any CPU
		{33988252-12C6-4ABC-8D6F-BFE37D1027F0}.AppStore|x64.Deploy.0 = Release|Any CPU
		{33988252-12C6-4ABC-8D6F-BFE37D1027F0}.AppStore|x86.ActiveCfg = Release|Any CPU
		{33988252-12C6-4ABC-8D6F-BFE37D1027F0}.AppStore|x86.Build.0 = Release|Any CPU
		{33988252-12C6-4ABC-8D6F-BFE37D1027F0}.AppStore|x86.Deploy.0 = Release|Any CPU
		{33988252-12C6-4ABC-8D6F-BFE37D1027F0}.Debug|Any CPU.ActiveCfg = Debug|Any CPU
		{33988252-12C6-4ABC-8D6F-BFE37D1027F0}.Debug|Any CPU.Build.0 = Debug|Any CPU
		{33988252-12C6-4ABC-8D6F-BFE37D1027F0}.Debug|Any CPU.Deploy.0 = Debug|Any CPU
		{33988252-12C6-4ABC-8D6F-BFE37D1027F0}.Debug|ARM.ActiveCfg = Debug|Any CPU
		{33988252-12C6-4ABC-8D6F-BFE37D1027F0}.Debug|ARM.Build.0 = Debug|Any CPU
		{33988252-12C6-4ABC-8D6F-BFE37D1027F0}.Debug|ARM.Deploy.0 = Debug|Any CPU
		{33988252-12C6-4ABC-8D6F-BFE37D1027F0}.Debug|iPhone.ActiveCfg = Debug|Any CPU
		{33988252-12C6-4ABC-8D6F-BFE37D1027F0}.Debug|iPhone.Build.0 = Debug|Any CPU
		{33988252-12C6-4ABC-8D6F-BFE37D1027F0}.Debug|iPhone.Deploy.0 = Debug|Any CPU
		{33988252-12C6-4ABC-8D6F-BFE37D1027F0}.Debug|iPhoneSimulator.ActiveCfg = Debug|Any CPU
		{33988252-12C6-4ABC-8D6F-BFE37D1027F0}.Debug|iPhoneSimulator.Build.0 = Debug|Any CPU
		{33988252-12C6-4ABC-8D6F-BFE37D1027F0}.Debug|iPhoneSimulator.Deploy.0 = Debug|Any CPU
		{33988252-12C6-4ABC-8D6F-BFE37D1027F0}.Debug|x64.ActiveCfg = Debug|Any CPU
		{33988252-12C6-4ABC-8D6F-BFE37D1027F0}.Debug|x64.Build.0 = Debug|Any CPU
		{33988252-12C6-4ABC-8D6F-BFE37D1027F0}.Debug|x64.Deploy.0 = Debug|Any CPU
		{33988252-12C6-4ABC-8D6F-BFE37D1027F0}.Debug|x86.ActiveCfg = Debug|Any CPU
		{33988252-12C6-4ABC-8D6F-BFE37D1027F0}.Debug|x86.Build.0 = Debug|Any CPU
		{33988252-12C6-4ABC-8D6F-BFE37D1027F0}.Debug|x86.Deploy.0 = Debug|Any CPU
		{33988252-12C6-4ABC-8D6F-BFE37D1027F0}.Release|Any CPU.ActiveCfg = Release|Any CPU
		{33988252-12C6-4ABC-8D6F-BFE37D1027F0}.Release|Any CPU.Build.0 = Release|Any CPU
		{33988252-12C6-4ABC-8D6F-BFE37D1027F0}.Release|Any CPU.Deploy.0 = Release|Any CPU
		{33988252-12C6-4ABC-8D6F-BFE37D1027F0}.Release|ARM.ActiveCfg = Release|Any CPU
		{33988252-12C6-4ABC-8D6F-BFE37D1027F0}.Release|ARM.Build.0 = Release|Any CPU
		{33988252-12C6-4ABC-8D6F-BFE37D1027F0}.Release|ARM.Deploy.0 = Release|Any CPU
		{33988252-12C6-4ABC-8D6F-BFE37D1027F0}.Release|iPhone.ActiveCfg = Release|Any CPU
		{33988252-12C6-4ABC-8D6F-BFE37D1027F0}.Release|iPhone.Build.0 = Release|Any CPU
		{33988252-12C6-4ABC-8D6F-BFE37D1027F0}.Release|iPhone.Deploy.0 = Release|Any CPU
		{33988252-12C6-4ABC-8D6F-BFE37D1027F0}.Release|iPhoneSimulator.ActiveCfg = Release|Any CPU
		{33988252-12C6-4ABC-8D6F-BFE37D1027F0}.Release|iPhoneSimulator.Build.0 = Release|Any CPU
		{33988252-12C6-4ABC-8D6F-BFE37D1027F0}.Release|iPhoneSimulator.Deploy.0 = Release|Any CPU
		{33988252-12C6-4ABC-8D6F-BFE37D1027F0}.Release|x64.ActiveCfg = Release|Any CPU
		{33988252-12C6-4ABC-8D6F-BFE37D1027F0}.Release|x64.Build.0 = Release|Any CPU
		{33988252-12C6-4ABC-8D6F-BFE37D1027F0}.Release|x64.Deploy.0 = Release|Any CPU
		{33988252-12C6-4ABC-8D6F-BFE37D1027F0}.Release|x86.ActiveCfg = Release|Any CPU
		{33988252-12C6-4ABC-8D6F-BFE37D1027F0}.Release|x86.Build.0 = Release|Any CPU
		{33988252-12C6-4ABC-8D6F-BFE37D1027F0}.Release|x86.Deploy.0 = Release|Any CPU
		{44BF8858-F510-4EC0-9F73-F7FB5B34BDAA}.Ad-Hoc|Any CPU.ActiveCfg = Release|x86
		{44BF8858-F510-4EC0-9F73-F7FB5B34BDAA}.Ad-Hoc|Any CPU.Build.0 = Release|x86
		{44BF8858-F510-4EC0-9F73-F7FB5B34BDAA}.Ad-Hoc|Any CPU.Deploy.0 = Release|x86
		{44BF8858-F510-4EC0-9F73-F7FB5B34BDAA}.Ad-Hoc|ARM.ActiveCfg = Release|ARM
		{44BF8858-F510-4EC0-9F73-F7FB5B34BDAA}.Ad-Hoc|ARM.Build.0 = Release|ARM
		{44BF8858-F510-4EC0-9F73-F7FB5B34BDAA}.Ad-Hoc|ARM.Deploy.0 = Release|ARM
		{44BF8858-F510-4EC0-9F73-F7FB5B34BDAA}.Ad-Hoc|iPhone.ActiveCfg = Release|x86
		{44BF8858-F510-4EC0-9F73-F7FB5B34BDAA}.Ad-Hoc|iPhone.Build.0 = Release|x86
		{44BF8858-F510-4EC0-9F73-F7FB5B34BDAA}.Ad-Hoc|iPhone.Deploy.0 = Release|x86
		{44BF8858-F510-4EC0-9F73-F7FB5B34BDAA}.Ad-Hoc|iPhoneSimulator.ActiveCfg = Release|x86
		{44BF8858-F510-4EC0-9F73-F7FB5B34BDAA}.Ad-Hoc|iPhoneSimulator.Build.0 = Release|x86
		{44BF8858-F510-4EC0-9F73-F7FB5B34BDAA}.Ad-Hoc|iPhoneSimulator.Deploy.0 = Release|x86
		{44BF8858-F510-4EC0-9F73-F7FB5B34BDAA}.Ad-Hoc|x64.ActiveCfg = Release|x64
		{44BF8858-F510-4EC0-9F73-F7FB5B34BDAA}.Ad-Hoc|x64.Build.0 = Release|x64
		{44BF8858-F510-4EC0-9F73-F7FB5B34BDAA}.Ad-Hoc|x64.Deploy.0 = Release|x64
		{44BF8858-F510-4EC0-9F73-F7FB5B34BDAA}.Ad-Hoc|x86.ActiveCfg = Release|x86
		{44BF8858-F510-4EC0-9F73-F7FB5B34BDAA}.Ad-Hoc|x86.Build.0 = Release|x86
		{44BF8858-F510-4EC0-9F73-F7FB5B34BDAA}.Ad-Hoc|x86.Deploy.0 = Release|x86
		{44BF8858-F510-4EC0-9F73-F7FB5B34BDAA}.AppStore|Any CPU.ActiveCfg = Release|x86
		{44BF8858-F510-4EC0-9F73-F7FB5B34BDAA}.AppStore|Any CPU.Build.0 = Release|x86
		{44BF8858-F510-4EC0-9F73-F7FB5B34BDAA}.AppStore|Any CPU.Deploy.0 = Release|x86
		{44BF8858-F510-4EC0-9F73-F7FB5B34BDAA}.AppStore|ARM.ActiveCfg = Release|ARM
		{44BF8858-F510-4EC0-9F73-F7FB5B34BDAA}.AppStore|ARM.Build.0 = Release|ARM
		{44BF8858-F510-4EC0-9F73-F7FB5B34BDAA}.AppStore|ARM.Deploy.0 = Release|ARM
		{44BF8858-F510-4EC0-9F73-F7FB5B34BDAA}.AppStore|iPhone.ActiveCfg = Release|x86
		{44BF8858-F510-4EC0-9F73-F7FB5B34BDAA}.AppStore|iPhone.Build.0 = Release|x86
		{44BF8858-F510-4EC0-9F73-F7FB5B34BDAA}.AppStore|iPhone.Deploy.0 = Release|x86
		{44BF8858-F510-4EC0-9F73-F7FB5B34BDAA}.AppStore|iPhoneSimulator.ActiveCfg = Release|x86
		{44BF8858-F510-4EC0-9F73-F7FB5B34BDAA}.AppStore|iPhoneSimulator.Build.0 = Release|x86
		{44BF8858-F510-4EC0-9F73-F7FB5B34BDAA}.AppStore|iPhoneSimulator.Deploy.0 = Release|x86
		{44BF8858-F510-4EC0-9F73-F7FB5B34BDAA}.AppStore|x64.ActiveCfg = Release|x64
		{44BF8858-F510-4EC0-9F73-F7FB5B34BDAA}.AppStore|x64.Build.0 = Release|x64
		{44BF8858-F510-4EC0-9F73-F7FB5B34BDAA}.AppStore|x64.Deploy.0 = Release|x64
		{44BF8858-F510-4EC0-9F73-F7FB5B34BDAA}.AppStore|x86.ActiveCfg = Release|x86
		{44BF8858-F510-4EC0-9F73-F7FB5B34BDAA}.AppStore|x86.Build.0 = Release|x86
		{44BF8858-F510-4EC0-9F73-F7FB5B34BDAA}.AppStore|x86.Deploy.0 = Release|x86
		{44BF8858-F510-4EC0-9F73-F7FB5B34BDAA}.Debug|Any CPU.ActiveCfg = Debug|x86
		{44BF8858-F510-4EC0-9F73-F7FB5B34BDAA}.Debug|ARM.ActiveCfg = Debug|ARM
		{44BF8858-F510-4EC0-9F73-F7FB5B34BDAA}.Debug|ARM.Build.0 = Debug|ARM
		{44BF8858-F510-4EC0-9F73-F7FB5B34BDAA}.Debug|ARM.Deploy.0 = Debug|ARM
		{44BF8858-F510-4EC0-9F73-F7FB5B34BDAA}.Debug|iPhone.ActiveCfg = Debug|x86
		{44BF8858-F510-4EC0-9F73-F7FB5B34BDAA}.Debug|iPhoneSimulator.ActiveCfg = Debug|x86
		{44BF8858-F510-4EC0-9F73-F7FB5B34BDAA}.Debug|x64.ActiveCfg = Debug|x64
		{44BF8858-F510-4EC0-9F73-F7FB5B34BDAA}.Debug|x64.Build.0 = Debug|x64
		{44BF8858-F510-4EC0-9F73-F7FB5B34BDAA}.Debug|x64.Deploy.0 = Debug|x64
		{44BF8858-F510-4EC0-9F73-F7FB5B34BDAA}.Debug|x86.ActiveCfg = Debug|x86
		{44BF8858-F510-4EC0-9F73-F7FB5B34BDAA}.Debug|x86.Build.0 = Debug|x86
		{44BF8858-F510-4EC0-9F73-F7FB5B34BDAA}.Debug|x86.Deploy.0 = Debug|x86
		{44BF8858-F510-4EC0-9F73-F7FB5B34BDAA}.Release|Any CPU.ActiveCfg = Release|x86
		{44BF8858-F510-4EC0-9F73-F7FB5B34BDAA}.Release|ARM.ActiveCfg = Release|ARM
		{44BF8858-F510-4EC0-9F73-F7FB5B34BDAA}.Release|ARM.Build.0 = Release|ARM
		{44BF8858-F510-4EC0-9F73-F7FB5B34BDAA}.Release|ARM.Deploy.0 = Release|ARM
		{44BF8858-F510-4EC0-9F73-F7FB5B34BDAA}.Release|iPhone.ActiveCfg = Release|x86
		{44BF8858-F510-4EC0-9F73-F7FB5B34BDAA}.Release|iPhoneSimulator.ActiveCfg = Release|x86
		{44BF8858-F510-4EC0-9F73-F7FB5B34BDAA}.Release|x64.ActiveCfg = Release|x64
		{44BF8858-F510-4EC0-9F73-F7FB5B34BDAA}.Release|x64.Build.0 = Release|x64
		{44BF8858-F510-4EC0-9F73-F7FB5B34BDAA}.Release|x64.Deploy.0 = Release|x64
		{44BF8858-F510-4EC0-9F73-F7FB5B34BDAA}.Release|x86.ActiveCfg = Release|x86
		{44BF8858-F510-4EC0-9F73-F7FB5B34BDAA}.Release|x86.Build.0 = Release|x86
		{44BF8858-F510-4EC0-9F73-F7FB5B34BDAA}.Release|x86.Deploy.0 = Release|x86
		{B20A215C-BB29-4BCF-9474-5E7CD141DBCC}.Ad-Hoc|Any CPU.ActiveCfg = Ad-Hoc|iPhoneSimulator
		{B20A215C-BB29-4BCF-9474-5E7CD141DBCC}.Ad-Hoc|ARM.ActiveCfg = Ad-Hoc|iPhone
		{B20A215C-BB29-4BCF-9474-5E7CD141DBCC}.Ad-Hoc|iPhone.ActiveCfg = Ad-Hoc|iPhone
		{B20A215C-BB29-4BCF-9474-5E7CD141DBCC}.Ad-Hoc|iPhone.Build.0 = Ad-Hoc|iPhone
		{B20A215C-BB29-4BCF-9474-5E7CD141DBCC}.Ad-Hoc|iPhoneSimulator.ActiveCfg = Ad-Hoc|iPhoneSimulator
		{B20A215C-BB29-4BCF-9474-5E7CD141DBCC}.Ad-Hoc|iPhoneSimulator.Build.0 = Ad-Hoc|iPhoneSimulator
		{B20A215C-BB29-4BCF-9474-5E7CD141DBCC}.Ad-Hoc|x64.ActiveCfg = Ad-Hoc|iPhone
		{B20A215C-BB29-4BCF-9474-5E7CD141DBCC}.Ad-Hoc|x86.ActiveCfg = Ad-Hoc|iPhone
		{B20A215C-BB29-4BCF-9474-5E7CD141DBCC}.AppStore|Any CPU.ActiveCfg = AppStore|iPhoneSimulator
		{B20A215C-BB29-4BCF-9474-5E7CD141DBCC}.AppStore|ARM.ActiveCfg = AppStore|iPhone
		{B20A215C-BB29-4BCF-9474-5E7CD141DBCC}.AppStore|iPhone.ActiveCfg = AppStore|iPhone
		{B20A215C-BB29-4BCF-9474-5E7CD141DBCC}.AppStore|iPhone.Build.0 = AppStore|iPhone
		{B20A215C-BB29-4BCF-9474-5E7CD141DBCC}.AppStore|iPhoneSimulator.ActiveCfg = AppStore|iPhoneSimulator
		{B20A215C-BB29-4BCF-9474-5E7CD141DBCC}.AppStore|iPhoneSimulator.Build.0 = AppStore|iPhoneSimulator
		{B20A215C-BB29-4BCF-9474-5E7CD141DBCC}.AppStore|x64.ActiveCfg = AppStore|iPhone
		{B20A215C-BB29-4BCF-9474-5E7CD141DBCC}.AppStore|x86.ActiveCfg = AppStore|iPhone
		{B20A215C-BB29-4BCF-9474-5E7CD141DBCC}.Debug|Any CPU.ActiveCfg = Debug|iPhoneSimulator
		{B20A215C-BB29-4BCF-9474-5E7CD141DBCC}.Debug|ARM.ActiveCfg = Debug|iPhone
		{B20A215C-BB29-4BCF-9474-5E7CD141DBCC}.Debug|iPhone.ActiveCfg = Debug|iPhone
		{B20A215C-BB29-4BCF-9474-5E7CD141DBCC}.Debug|iPhone.Build.0 = Debug|iPhone
		{B20A215C-BB29-4BCF-9474-5E7CD141DBCC}.Debug|iPhoneSimulator.ActiveCfg = Debug|iPhoneSimulator
		{B20A215C-BB29-4BCF-9474-5E7CD141DBCC}.Debug|iPhoneSimulator.Build.0 = Debug|iPhoneSimulator
		{B20A215C-BB29-4BCF-9474-5E7CD141DBCC}.Debug|x64.ActiveCfg = Debug|iPhone
		{B20A215C-BB29-4BCF-9474-5E7CD141DBCC}.Debug|x86.ActiveCfg = Debug|iPhone
		{B20A215C-BB29-4BCF-9474-5E7CD141DBCC}.Release|Any CPU.ActiveCfg = Release|iPhoneSimulator
		{B20A215C-BB29-4BCF-9474-5E7CD141DBCC}.Release|ARM.ActiveCfg = Release|iPhone
		{B20A215C-BB29-4BCF-9474-5E7CD141DBCC}.Release|iPhone.ActiveCfg = Release|iPhone
		{B20A215C-BB29-4BCF-9474-5E7CD141DBCC}.Release|iPhone.Build.0 = Release|iPhone
		{B20A215C-BB29-4BCF-9474-5E7CD141DBCC}.Release|iPhoneSimulator.ActiveCfg = Release|iPhoneSimulator
		{B20A215C-BB29-4BCF-9474-5E7CD141DBCC}.Release|iPhoneSimulator.Build.0 = Release|iPhoneSimulator
		{B20A215C-BB29-4BCF-9474-5E7CD141DBCC}.Release|x64.ActiveCfg = Release|iPhone
		{B20A215C-BB29-4BCF-9474-5E7CD141DBCC}.Release|x86.ActiveCfg = Release|iPhone
		{1EB99312-6865-47B1-88F6-EC7FC4D83511}.Ad-Hoc|Any CPU.ActiveCfg = Release|Any CPU
		{1EB99312-6865-47B1-88F6-EC7FC4D83511}.Ad-Hoc|Any CPU.Build.0 = Release|Any CPU
		{1EB99312-6865-47B1-88F6-EC7FC4D83511}.Ad-Hoc|ARM.ActiveCfg = Release|Any CPU
		{1EB99312-6865-47B1-88F6-EC7FC4D83511}.Ad-Hoc|ARM.Build.0 = Release|Any CPU
		{1EB99312-6865-47B1-88F6-EC7FC4D83511}.Ad-Hoc|iPhone.ActiveCfg = Release|Any CPU
		{1EB99312-6865-47B1-88F6-EC7FC4D83511}.Ad-Hoc|iPhone.Build.0 = Release|Any CPU
		{1EB99312-6865-47B1-88F6-EC7FC4D83511}.Ad-Hoc|iPhoneSimulator.ActiveCfg = Release|Any CPU
		{1EB99312-6865-47B1-88F6-EC7FC4D83511}.Ad-Hoc|iPhoneSimulator.Build.0 = Release|Any CPU
		{1EB99312-6865-47B1-88F6-EC7FC4D83511}.Ad-Hoc|x64.ActiveCfg = Release|Any CPU
		{1EB99312-6865-47B1-88F6-EC7FC4D83511}.Ad-Hoc|x64.Build.0 = Release|Any CPU
		{1EB99312-6865-47B1-88F6-EC7FC4D83511}.Ad-Hoc|x86.ActiveCfg = Release|Any CPU
		{1EB99312-6865-47B1-88F6-EC7FC4D83511}.Ad-Hoc|x86.Build.0 = Release|Any CPU
		{1EB99312-6865-47B1-88F6-EC7FC4D83511}.AppStore|Any CPU.ActiveCfg = Release|Any CPU
		{1EB99312-6865-47B1-88F6-EC7FC4D83511}.AppStore|Any CPU.Build.0 = Release|Any CPU
		{1EB99312-6865-47B1-88F6-EC7FC4D83511}.AppStore|ARM.ActiveCfg = Release|Any CPU
		{1EB99312-6865-47B1-88F6-EC7FC4D83511}.AppStore|ARM.Build.0 = Release|Any CPU
		{1EB99312-6865-47B1-88F6-EC7FC4D83511}.AppStore|iPhone.ActiveCfg = Release|Any CPU
		{1EB99312-6865-47B1-88F6-EC7FC4D83511}.AppStore|iPhone.Build.0 = Release|Any CPU
		{1EB99312-6865-47B1-88F6-EC7FC4D83511}.AppStore|iPhoneSimulator.ActiveCfg = Release|Any CPU
		{1EB99312-6865-47B1-88F6-EC7FC4D83511}.AppStore|iPhoneSimulator.Build.0 = Release|Any CPU
		{1EB99312-6865-47B1-88F6-EC7FC4D83511}.AppStore|x64.ActiveCfg = Release|Any CPU
		{1EB99312-6865-47B1-88F6-EC7FC4D83511}.AppStore|x64.Build.0 = Release|Any CPU
		{1EB99312-6865-47B1-88F6-EC7FC4D83511}.AppStore|x86.ActiveCfg = Release|Any CPU
		{1EB99312-6865-47B1-88F6-EC7FC4D83511}.AppStore|x86.Build.0 = Release|Any CPU
		{1EB99312-6865-47B1-88F6-EC7FC4D83511}.Debug|Any CPU.ActiveCfg = Debug|Any CPU
		{1EB99312-6865-47B1-88F6-EC7FC4D83511}.Debug|Any CPU.Build.0 = Debug|Any CPU
		{1EB99312-6865-47B1-88F6-EC7FC4D83511}.Debug|ARM.ActiveCfg = Debug|Any CPU
		{1EB99312-6865-47B1-88F6-EC7FC4D83511}.Debug|ARM.Build.0 = Debug|Any CPU
		{1EB99312-6865-47B1-88F6-EC7FC4D83511}.Debug|iPhone.ActiveCfg = Debug|Any CPU
		{1EB99312-6865-47B1-88F6-EC7FC4D83511}.Debug|iPhone.Build.0 = Debug|Any CPU
		{1EB99312-6865-47B1-88F6-EC7FC4D83511}.Debug|iPhoneSimulator.ActiveCfg = Debug|Any CPU
		{1EB99312-6865-47B1-88F6-EC7FC4D83511}.Debug|iPhoneSimulator.Build.0 = Debug|Any CPU
		{1EB99312-6865-47B1-88F6-EC7FC4D83511}.Debug|x64.ActiveCfg = Debug|Any CPU
		{1EB99312-6865-47B1-88F6-EC7FC4D83511}.Debug|x64.Build.0 = Debug|Any CPU
		{1EB99312-6865-47B1-88F6-EC7FC4D83511}.Debug|x86.ActiveCfg = Debug|Any CPU
		{1EB99312-6865-47B1-88F6-EC7FC4D83511}.Debug|x86.Build.0 = Debug|Any CPU
		{1EB99312-6865-47B1-88F6-EC7FC4D83511}.Release|Any CPU.ActiveCfg = Release|Any CPU
		{1EB99312-6865-47B1-88F6-EC7FC4D83511}.Release|Any CPU.Build.0 = Release|Any CPU
		{1EB99312-6865-47B1-88F6-EC7FC4D83511}.Release|ARM.ActiveCfg = Release|Any CPU
		{1EB99312-6865-47B1-88F6-EC7FC4D83511}.Release|ARM.Build.0 = Release|Any CPU
		{1EB99312-6865-47B1-88F6-EC7FC4D83511}.Release|iPhone.ActiveCfg = Release|Any CPU
		{1EB99312-6865-47B1-88F6-EC7FC4D83511}.Release|iPhone.Build.0 = Release|Any CPU
		{1EB99312-6865-47B1-88F6-EC7FC4D83511}.Release|iPhoneSimulator.ActiveCfg = Release|Any CPU
		{1EB99312-6865-47B1-88F6-EC7FC4D83511}.Release|iPhoneSimulator.Build.0 = Release|Any CPU
		{1EB99312-6865-47B1-88F6-EC7FC4D83511}.Release|x64.ActiveCfg = Release|Any CPU
		{1EB99312-6865-47B1-88F6-EC7FC4D83511}.Release|x64.Build.0 = Release|Any CPU
		{1EB99312-6865-47B1-88F6-EC7FC4D83511}.Release|x86.ActiveCfg = Release|Any CPU
		{1EB99312-6865-47B1-88F6-EC7FC4D83511}.Release|x86.Build.0 = Release|Any CPU
		{4FB7B8A0-6571-4B41-B44D-5206B4583E7B}.Ad-Hoc|Any CPU.ActiveCfg = Release|Any CPU
		{4FB7B8A0-6571-4B41-B44D-5206B4583E7B}.Ad-Hoc|Any CPU.Build.0 = Release|Any CPU
		{4FB7B8A0-6571-4B41-B44D-5206B4583E7B}.Ad-Hoc|ARM.ActiveCfg = Release|Any CPU
		{4FB7B8A0-6571-4B41-B44D-5206B4583E7B}.Ad-Hoc|ARM.Build.0 = Release|Any CPU
		{4FB7B8A0-6571-4B41-B44D-5206B4583E7B}.Ad-Hoc|iPhone.ActiveCfg = Release|Any CPU
		{4FB7B8A0-6571-4B41-B44D-5206B4583E7B}.Ad-Hoc|iPhone.Build.0 = Release|Any CPU
		{4FB7B8A0-6571-4B41-B44D-5206B4583E7B}.Ad-Hoc|iPhoneSimulator.ActiveCfg = Release|Any CPU
		{4FB7B8A0-6571-4B41-B44D-5206B4583E7B}.Ad-Hoc|iPhoneSimulator.Build.0 = Release|Any CPU
		{4FB7B8A0-6571-4B41-B44D-5206B4583E7B}.Ad-Hoc|x64.ActiveCfg = Release|Any CPU
		{4FB7B8A0-6571-4B41-B44D-5206B4583E7B}.Ad-Hoc|x64.Build.0 = Release|Any CPU
		{4FB7B8A0-6571-4B41-B44D-5206B4583E7B}.Ad-Hoc|x86.ActiveCfg = Release|Any CPU
		{4FB7B8A0-6571-4B41-B44D-5206B4583E7B}.Ad-Hoc|x86.Build.0 = Release|Any CPU
		{4FB7B8A0-6571-4B41-B44D-5206B4583E7B}.AppStore|Any CPU.ActiveCfg = Release|Any CPU
		{4FB7B8A0-6571-4B41-B44D-5206B4583E7B}.AppStore|Any CPU.Build.0 = Release|Any CPU
		{4FB7B8A0-6571-4B41-B44D-5206B4583E7B}.AppStore|ARM.ActiveCfg = Release|Any CPU
		{4FB7B8A0-6571-4B41-B44D-5206B4583E7B}.AppStore|ARM.Build.0 = Release|Any CPU
		{4FB7B8A0-6571-4B41-B44D-5206B4583E7B}.AppStore|iPhone.ActiveCfg = Release|Any CPU
		{4FB7B8A0-6571-4B41-B44D-5206B4583E7B}.AppStore|iPhone.Build.0 = Release|Any CPU
		{4FB7B8A0-6571-4B41-B44D-5206B4583E7B}.AppStore|iPhoneSimulator.ActiveCfg = Release|Any CPU
		{4FB7B8A0-6571-4B41-B44D-5206B4583E7B}.AppStore|iPhoneSimulator.Build.0 = Release|Any CPU
		{4FB7B8A0-6571-4B41-B44D-5206B4583E7B}.AppStore|x64.ActiveCfg = Release|Any CPU
		{4FB7B8A0-6571-4B41-B44D-5206B4583E7B}.AppStore|x64.Build.0 = Release|Any CPU
		{4FB7B8A0-6571-4B41-B44D-5206B4583E7B}.AppStore|x86.ActiveCfg = Release|Any CPU
		{4FB7B8A0-6571-4B41-B44D-5206B4583E7B}.AppStore|x86.Build.0 = Release|Any CPU
		{4FB7B8A0-6571-4B41-B44D-5206B4583E7B}.Debug|Any CPU.ActiveCfg = Debug|Any CPU
		{4FB7B8A0-6571-4B41-B44D-5206B4583E7B}.Debug|Any CPU.Build.0 = Debug|Any CPU
		{4FB7B8A0-6571-4B41-B44D-5206B4583E7B}.Debug|ARM.ActiveCfg = Debug|Any CPU
		{4FB7B8A0-6571-4B41-B44D-5206B4583E7B}.Debug|ARM.Build.0 = Debug|Any CPU
		{4FB7B8A0-6571-4B41-B44D-5206B4583E7B}.Debug|iPhone.ActiveCfg = Debug|Any CPU
		{4FB7B8A0-6571-4B41-B44D-5206B4583E7B}.Debug|iPhone.Build.0 = Debug|Any CPU
		{4FB7B8A0-6571-4B41-B44D-5206B4583E7B}.Debug|iPhoneSimulator.ActiveCfg = Debug|Any CPU
		{4FB7B8A0-6571-4B41-B44D-5206B4583E7B}.Debug|iPhoneSimulator.Build.0 = Debug|Any CPU
		{4FB7B8A0-6571-4B41-B44D-5206B4583E7B}.Debug|x64.ActiveCfg = Debug|Any CPU
		{4FB7B8A0-6571-4B41-B44D-5206B4583E7B}.Debug|x64.Build.0 = Debug|Any CPU
		{4FB7B8A0-6571-4B41-B44D-5206B4583E7B}.Debug|x86.ActiveCfg = Debug|Any CPU
		{4FB7B8A0-6571-4B41-B44D-5206B4583E7B}.Debug|x86.Build.0 = Debug|Any CPU
		{4FB7B8A0-6571-4B41-B44D-5206B4583E7B}.Release|Any CPU.ActiveCfg = Release|Any CPU
		{4FB7B8A0-6571-4B41-B44D-5206B4583E7B}.Release|Any CPU.Build.0 = Release|Any CPU
		{4FB7B8A0-6571-4B41-B44D-5206B4583E7B}.Release|ARM.ActiveCfg = Release|Any CPU
		{4FB7B8A0-6571-4B41-B44D-5206B4583E7B}.Release|ARM.Build.0 = Release|Any CPU
		{4FB7B8A0-6571-4B41-B44D-5206B4583E7B}.Release|iPhone.ActiveCfg = Release|Any CPU
		{4FB7B8A0-6571-4B41-B44D-5206B4583E7B}.Release|iPhone.Build.0 = Release|Any CPU
		{4FB7B8A0-6571-4B41-B44D-5206B4583E7B}.Release|iPhoneSimulator.ActiveCfg = Release|Any CPU
		{4FB7B8A0-6571-4B41-B44D-5206B4583E7B}.Release|iPhoneSimulator.Build.0 = Release|Any CPU
		{4FB7B8A0-6571-4B41-B44D-5206B4583E7B}.Release|x64.ActiveCfg = Release|Any CPU
		{4FB7B8A0-6571-4B41-B44D-5206B4583E7B}.Release|x64.Build.0 = Release|Any CPU
		{4FB7B8A0-6571-4B41-B44D-5206B4583E7B}.Release|x86.ActiveCfg = Release|Any CPU
		{4FB7B8A0-6571-4B41-B44D-5206B4583E7B}.Release|x86.Build.0 = Release|Any CPU
		{A97A979B-F5B1-4E9F-930C-E691E9AFABE2}.Ad-Hoc|Any CPU.ActiveCfg = Release|Any CPU
		{A97A979B-F5B1-4E9F-930C-E691E9AFABE2}.Ad-Hoc|Any CPU.Build.0 = Release|Any CPU
		{A97A979B-F5B1-4E9F-930C-E691E9AFABE2}.Ad-Hoc|ARM.ActiveCfg = Release|Any CPU
		{A97A979B-F5B1-4E9F-930C-E691E9AFABE2}.Ad-Hoc|ARM.Build.0 = Release|Any CPU
		{A97A979B-F5B1-4E9F-930C-E691E9AFABE2}.Ad-Hoc|iPhone.ActiveCfg = Release|Any CPU
		{A97A979B-F5B1-4E9F-930C-E691E9AFABE2}.Ad-Hoc|iPhone.Build.0 = Release|Any CPU
		{A97A979B-F5B1-4E9F-930C-E691E9AFABE2}.Ad-Hoc|iPhoneSimulator.ActiveCfg = Release|Any CPU
		{A97A979B-F5B1-4E9F-930C-E691E9AFABE2}.Ad-Hoc|iPhoneSimulator.Build.0 = Release|Any CPU
		{A97A979B-F5B1-4E9F-930C-E691E9AFABE2}.Ad-Hoc|x64.ActiveCfg = Release|Any CPU
		{A97A979B-F5B1-4E9F-930C-E691E9AFABE2}.Ad-Hoc|x64.Build.0 = Release|Any CPU
		{A97A979B-F5B1-4E9F-930C-E691E9AFABE2}.Ad-Hoc|x86.ActiveCfg = Release|Any CPU
		{A97A979B-F5B1-4E9F-930C-E691E9AFABE2}.Ad-Hoc|x86.Build.0 = Release|Any CPU
		{A97A979B-F5B1-4E9F-930C-E691E9AFABE2}.AppStore|Any CPU.ActiveCfg = Release|Any CPU
		{A97A979B-F5B1-4E9F-930C-E691E9AFABE2}.AppStore|Any CPU.Build.0 = Release|Any CPU
		{A97A979B-F5B1-4E9F-930C-E691E9AFABE2}.AppStore|ARM.ActiveCfg = Release|Any CPU
		{A97A979B-F5B1-4E9F-930C-E691E9AFABE2}.AppStore|ARM.Build.0 = Release|Any CPU
		{A97A979B-F5B1-4E9F-930C-E691E9AFABE2}.AppStore|iPhone.ActiveCfg = Release|Any CPU
		{A97A979B-F5B1-4E9F-930C-E691E9AFABE2}.AppStore|iPhone.Build.0 = Release|Any CPU
		{A97A979B-F5B1-4E9F-930C-E691E9AFABE2}.AppStore|iPhoneSimulator.ActiveCfg = Release|Any CPU
		{A97A979B-F5B1-4E9F-930C-E691E9AFABE2}.AppStore|iPhoneSimulator.Build.0 = Release|Any CPU
		{A97A979B-F5B1-4E9F-930C-E691E9AFABE2}.AppStore|x64.ActiveCfg = Release|Any CPU
		{A97A979B-F5B1-4E9F-930C-E691E9AFABE2}.AppStore|x64.Build.0 = Release|Any CPU
		{A97A979B-F5B1-4E9F-930C-E691E9AFABE2}.AppStore|x86.ActiveCfg = Release|Any CPU
		{A97A979B-F5B1-4E9F-930C-E691E9AFABE2}.AppStore|x86.Build.0 = Release|Any CPU
		{A97A979B-F5B1-4E9F-930C-E691E9AFABE2}.Debug|Any CPU.ActiveCfg = Debug|Any CPU
		{A97A979B-F5B1-4E9F-930C-E691E9AFABE2}.Debug|Any CPU.Build.0 = Debug|Any CPU
		{A97A979B-F5B1-4E9F-930C-E691E9AFABE2}.Debug|ARM.ActiveCfg = Debug|Any CPU
		{A97A979B-F5B1-4E9F-930C-E691E9AFABE2}.Debug|ARM.Build.0 = Debug|Any CPU
		{A97A979B-F5B1-4E9F-930C-E691E9AFABE2}.Debug|iPhone.ActiveCfg = Debug|Any CPU
		{A97A979B-F5B1-4E9F-930C-E691E9AFABE2}.Debug|iPhone.Build.0 = Debug|Any CPU
		{A97A979B-F5B1-4E9F-930C-E691E9AFABE2}.Debug|iPhoneSimulator.ActiveCfg = Debug|Any CPU
		{A97A979B-F5B1-4E9F-930C-E691E9AFABE2}.Debug|iPhoneSimulator.Build.0 = Debug|Any CPU
		{A97A979B-F5B1-4E9F-930C-E691E9AFABE2}.Debug|x64.ActiveCfg = Debug|Any CPU
		{A97A979B-F5B1-4E9F-930C-E691E9AFABE2}.Debug|x64.Build.0 = Debug|Any CPU
		{A97A979B-F5B1-4E9F-930C-E691E9AFABE2}.Debug|x86.ActiveCfg = Debug|Any CPU
		{A97A979B-F5B1-4E9F-930C-E691E9AFABE2}.Debug|x86.Build.0 = Debug|Any CPU
		{A97A979B-F5B1-4E9F-930C-E691E9AFABE2}.Release|Any CPU.ActiveCfg = Release|Any CPU
		{A97A979B-F5B1-4E9F-930C-E691E9AFABE2}.Release|Any CPU.Build.0 = Release|Any CPU
		{A97A979B-F5B1-4E9F-930C-E691E9AFABE2}.Release|ARM.ActiveCfg = Release|Any CPU
		{A97A979B-F5B1-4E9F-930C-E691E9AFABE2}.Release|ARM.Build.0 = Release|Any CPU
		{A97A979B-F5B1-4E9F-930C-E691E9AFABE2}.Release|iPhone.ActiveCfg = Release|Any CPU
		{A97A979B-F5B1-4E9F-930C-E691E9AFABE2}.Release|iPhone.Build.0 = Release|Any CPU
		{A97A979B-F5B1-4E9F-930C-E691E9AFABE2}.Release|iPhoneSimulator.ActiveCfg = Release|Any CPU
		{A97A979B-F5B1-4E9F-930C-E691E9AFABE2}.Release|iPhoneSimulator.Build.0 = Release|Any CPU
		{A97A979B-F5B1-4E9F-930C-E691E9AFABE2}.Release|x64.ActiveCfg = Release|Any CPU
		{A97A979B-F5B1-4E9F-930C-E691E9AFABE2}.Release|x64.Build.0 = Release|Any CPU
		{A97A979B-F5B1-4E9F-930C-E691E9AFABE2}.Release|x86.ActiveCfg = Release|Any CPU
		{A97A979B-F5B1-4E9F-930C-E691E9AFABE2}.Release|x86.Build.0 = Release|Any CPU
	EndGlobalSection
	GlobalSection(SolutionProperties) = preSolution
		HideSolutionNode = FALSE
	EndGlobalSection
	GlobalSection(NestedProjects) = preSolution
		{1EB99312-6865-47B1-88F6-EC7FC4D83511} = {9147A483-40CF-4DB0-9A37-1ECA16A8A3BB}
		{4FB7B8A0-6571-4B41-B44D-5206B4583E7B} = {9147A483-40CF-4DB0-9A37-1ECA16A8A3BB}
	EndGlobalSection
	GlobalSection(ExtensibilityGlobals) = postSolution
		SolutionGuid = {435A305E-D559-4C24-AF8A-8CBA999B5F6E}
	EndGlobalSection
EndGlobal
