
Microsoft Visual Studio Solution File, Format Version 12.00
# Visual Studio 15
VisualStudioVersion = 15.0.27004.2008
MinimumVisualStudioVersion = 10.0.40219.1
Project("{FAE04EC0-301F-11D3-BF4B-00C04F79EFBC}") = "TestsFinal.Android", "TestsFinal\TestsFinal.Android\TestsFinal.Android.csproj", "{7D11792D-CAC0-4832-AFBA-E413468C2A14}"
EndProject
Project("{FAE04EC0-301F-11D3-BF4B-00C04F79EFBC}") = "TestsFinal", "TestsFinal\TestsFinal\TestsFinal.csproj", "{A97A979B-F5B1-4E9F-930C-E691E9AFABE2}"
EndProject
Project("{FAE04EC0-301F-11D3-BF4B-00C04F79EFBC}") = "TestsFinal.UWP", "TestsFinal\TestsFinal.UWP\TestsFinal.UWP.csproj", "{C15C1303-BA93-44D8-9BA9-649E4B477364}"
EndProject
Project("{FAE04EC0-301F-11D3-BF4B-00C04F79EFBC}") = "TestsFinal.iOS", "TestsFinal\TestsFinal.iOS\TestsFinal.iOS.csproj", "{FCB5F0ED-4F24-41A9-B1BF-9D3C6CE30D76}"
EndProject
Project("{2150E333-8FDC-42A3-9474-1A3956D46DE8}") = "Shared", "Shared", "{E3AFC4D6-4912-455C-9B35-8AABD2033EBB}"
EndProject
Project("{FAE04EC0-301F-11D3-BF4B-00C04F79EFBC}") = "ViewModels", "ViewModels\ViewModels.csproj", "{4FB7B8A0-6571-4B41-B44D-5206B4583E7B}"
EndProject
Project("{FAE04EC0-301F-11D3-BF4B-00C04F79EFBC}") = "Backend", "Backend\Backend.csproj", "{1EB99312-6865-47B1-88F6-EC7FC4D83511}"
EndProject
Project("{2150E333-8FDC-42A3-9474-1A3956D46DE8}") = "Forms", "Forms", "{6686E817-E3C0-4274-96FD-EA97E3BEE244}"
EndProject
Project("{2150E333-8FDC-42A3-9474-1A3956D46DE8}") = "Native", "Native", "{D715B288-5C63-4707-8FBA-608768CBE777}"
EndProject
Project("{FAE04EC0-301F-11D3-BF4B-00C04F79EFBC}") = "TestsFinal.DroidNative", "TestsFinal.DroidNative\TestsFinal.DroidNative.csproj", "{D4461B2B-994B-4480-B295-35CB996B7A31}"
EndProject
Global
	GlobalSection(SolutionConfigurationPlatforms) = preSolution
		Ad-Hoc|Any CPU = Ad-Hoc|Any CPU
		Ad-Hoc|ARM = Ad-Hoc|ARM
		Ad-Hoc|iPhone = Ad-Hoc|iPhone
		Ad-Hoc|iPhoneSimulator = Ad-Hoc|iPhoneSimulator
		Ad-Hoc|x64 = Ad-Hoc|x64
		Ad-Hoc|x86 = Ad-Hoc|x86
		AppStore|Any CPU = AppStore|Any CPU
		AppStore|ARM = AppStore|ARM
		AppStore|iPhone = AppStore|iPhone
		AppStore|iPhoneSimulator = AppStore|iPhoneSimulator
		AppStore|x64 = AppStore|x64
		AppStore|x86 = AppStore|x86
		Debug|Any CPU = Debug|Any CPU
		Debug|ARM = Debug|ARM
		Debug|iPhone = Debug|iPhone
		Debug|iPhoneSimulator = Debug|iPhoneSimulator
		Debug|x64 = Debug|x64
		Debug|x86 = Debug|x86
		Release|Any CPU = Release|Any CPU
		Release|ARM = Release|ARM
		Release|iPhone = Release|iPhone
		Release|iPhoneSimulator = Release|iPhoneSimulator
		Release|x64 = Release|x64
		Release|x86 = Release|x86
	EndGlobalSection
	GlobalSection(ProjectConfigurationPlatforms) = postSolution
		{7D11792D-CAC0-4832-AFBA-E413468C2A14}.Ad-Hoc|Any CPU.ActiveCfg = Release|Any CPU
		{7D11792D-CAC0-4832-AFBA-E413468C2A14}.Ad-Hoc|Any CPU.Build.0 = Release|Any CPU
		{7D11792D-CAC0-4832-AFBA-E413468C2A14}.Ad-Hoc|Any CPU.Deploy.0 = Release|Any CPU
		{7D11792D-CAC0-4832-AFBA-E413468C2A14}.Ad-Hoc|ARM.ActiveCfg = Release|Any CPU
		{7D11792D-CAC0-4832-AFBA-E413468C2A14}.Ad-Hoc|ARM.Build.0 = Release|Any CPU
		{7D11792D-CAC0-4832-AFBA-E413468C2A14}.Ad-Hoc|ARM.Deploy.0 = Release|Any CPU
		{7D11792D-CAC0-4832-AFBA-E413468C2A14}.Ad-Hoc|iPhone.ActiveCfg = Release|Any CPU
		{7D11792D-CAC0-4832-AFBA-E413468C2A14}.Ad-Hoc|iPhone.Build.0 = Release|Any CPU
		{7D11792D-CAC0-4832-AFBA-E413468C2A14}.Ad-Hoc|iPhone.Deploy.0 = Release|Any CPU
		{7D11792D-CAC0-4832-AFBA-E413468C2A14}.Ad-Hoc|iPhoneSimulator.ActiveCfg = Release|Any CPU
		{7D11792D-CAC0-4832-AFBA-E413468C2A14}.Ad-Hoc|iPhoneSimulator.Build.0 = Release|Any CPU
		{7D11792D-CAC0-4832-AFBA-E413468C2A14}.Ad-Hoc|iPhoneSimulator.Deploy.0 = Release|Any CPU
		{7D11792D-CAC0-4832-AFBA-E413468C2A14}.Ad-Hoc|x64.ActiveCfg = Release|Any CPU
		{7D11792D-CAC0-4832-AFBA-E413468C2A14}.Ad-Hoc|x64.Build.0 = Release|Any CPU
		{7D11792D-CAC0-4832-AFBA-E413468C2A14}.Ad-Hoc|x64.Deploy.0 = Release|Any CPU
		{7D11792D-CAC0-4832-AFBA-E413468C2A14}.Ad-Hoc|x86.ActiveCfg = Release|Any CPU
		{7D11792D-CAC0-4832-AFBA-E413468C2A14}.Ad-Hoc|x86.Build.0 = Release|Any CPU
		{7D11792D-CAC0-4832-AFBA-E413468C2A14}.Ad-Hoc|x86.Deploy.0 = Release|Any CPU
		{7D11792D-CAC0-4832-AFBA-E413468C2A14}.AppStore|Any CPU.ActiveCfg = Release|Any CPU
		{7D11792D-CAC0-4832-AFBA-E413468C2A14}.AppStore|Any CPU.Build.0 = Release|Any CPU
		{7D11792D-CAC0-4832-AFBA-E413468C2A14}.AppStore|Any CPU.Deploy.0 = Release|Any CPU
		{7D11792D-CAC0-4832-AFBA-E413468C2A14}.AppStore|ARM.ActiveCfg = Release|Any CPU
		{7D11792D-CAC0-4832-AFBA-E413468C2A14}.AppStore|ARM.Build.0 = Release|Any CPU
		{7D11792D-CAC0-4832-AFBA-E413468C2A14}.AppStore|ARM.Deploy.0 = Release|Any CPU
		{7D11792D-CAC0-4832-AFBA-E413468C2A14}.AppStore|iPhone.ActiveCfg = Release|Any CPU
		{7D11792D-CAC0-4832-AFBA-E413468C2A14}.AppStore|iPhone.Build.0 = Release|Any CPU
		{7D11792D-CAC0-4832-AFBA-E413468C2A14}.AppStore|iPhone.Deploy.0 = Release|Any CPU
		{7D11792D-CAC0-4832-AFBA-E413468C2A14}.AppStore|iPhoneSimulator.ActiveCfg = Release|Any CPU
		{7D11792D-CAC0-4832-AFBA-E413468C2A14}.AppStore|iPhoneSimulator.Build.0 = Release|Any CPU
		{7D11792D-CAC0-4832-AFBA-E413468C2A14}.AppStore|iPhoneSimulator.Deploy.0 = Release|Any CPU
		{7D11792D-CAC0-4832-AFBA-E413468C2A14}.AppStore|x64.ActiveCfg = Release|Any CPU
		{7D11792D-CAC0-4832-AFBA-E413468C2A14}.AppStore|x64.Build.0 = Release|Any CPU
		{7D11792D-CAC0-4832-AFBA-E413468C2A14}.AppStore|x64.Deploy.0 = Release|Any CPU
		{7D11792D-CAC0-4832-AFBA-E413468C2A14}.AppStore|x86.ActiveCfg = Release|Any CPU
		{7D11792D-CAC0-4832-AFBA-E413468C2A14}.AppStore|x86.Build.0 = Release|Any CPU
		{7D11792D-CAC0-4832-AFBA-E413468C2A14}.AppStore|x86.Deploy.0 = Release|Any CPU
		{7D11792D-CAC0-4832-AFBA-E413468C2A14}.Debug|Any CPU.ActiveCfg = Debug|Any CPU
		{7D11792D-CAC0-4832-AFBA-E413468C2A14}.Debug|Any CPU.Build.0 = Debug|Any CPU
		{7D11792D-CAC0-4832-AFBA-E413468C2A14}.Debug|Any CPU.Deploy.0 = Debug|Any CPU
		{7D11792D-CAC0-4832-AFBA-E413468C2A14}.Debug|ARM.ActiveCfg = Debug|Any CPU
		{7D11792D-CAC0-4832-AFBA-E413468C2A14}.Debug|ARM.Build.0 = Debug|Any CPU
		{7D11792D-CAC0-4832-AFBA-E413468C2A14}.Debug|ARM.Deploy.0 = Debug|Any CPU
		{7D11792D-CAC0-4832-AFBA-E413468C2A14}.Debug|iPhone.ActiveCfg = Debug|Any CPU
		{7D11792D-CAC0-4832-AFBA-E413468C2A14}.Debug|iPhone.Build.0 = Debug|Any CPU
		{7D11792D-CAC0-4832-AFBA-E413468C2A14}.Debug|iPhone.Deploy.0 = Debug|Any CPU
		{7D11792D-CAC0-4832-AFBA-E413468C2A14}.Debug|iPhoneSimulator.ActiveCfg = Debug|Any CPU
		{7D11792D-CAC0-4832-AFBA-E413468C2A14}.Debug|iPhoneSimulator.Build.0 = Debug|Any CPU
		{7D11792D-CAC0-4832-AFBA-E413468C2A14}.Debug|iPhoneSimulator.Deploy.0 = Debug|Any CPU
		{7D11792D-CAC0-4832-AFBA-E413468C2A14}.Debug|x64.ActiveCfg = Debug|Any CPU
		{7D11792D-CAC0-4832-AFBA-E413468C2A14}.Debug|x64.Build.0 = Debug|Any CPU
		{7D11792D-CAC0-4832-AFBA-E413468C2A14}.Debug|x64.Deploy.0 = Debug|Any CPU
		{7D11792D-CAC0-4832-AFBA-E413468C2A14}.Debug|x86.ActiveCfg = Debug|Any CPU
		{7D11792D-CAC0-4832-AFBA-E413468C2A14}.Debug|x86.Build.0 = Debug|Any CPU
		{7D11792D-CAC0-4832-AFBA-E413468C2A14}.Debug|x86.Deploy.0 = Debug|Any CPU
		{7D11792D-CAC0-4832-AFBA-E413468C2A14}.Release|Any CPU.ActiveCfg = Release|Any CPU
		{7D11792D-CAC0-4832-AFBA-E413468C2A14}.Release|Any CPU.Build.0 = Release|Any CPU
		{7D11792D-CAC0-4832-AFBA-E413468C2A14}.Release|Any CPU.Deploy.0 = Release|Any CPU
		{7D11792D-CAC0-4832-AFBA-E413468C2A14}.Release|ARM.ActiveCfg = Release|Any CPU
		{7D11792D-CAC0-4832-AFBA-E413468C2A14}.Release|ARM.Build.0 = Release|Any CPU
		{7D11792D-CAC0-4832-AFBA-E413468C2A14}.Release|ARM.Deploy.0 = Release|Any CPU
		{7D11792D-CAC0-4832-AFBA-E413468C2A14}.Release|iPhone.ActiveCfg = Release|Any CPU
		{7D11792D-CAC0-4832-AFBA-E413468C2A14}.Release|iPhone.Build.0 = Release|Any CPU
		{7D11792D-CAC0-4832-AFBA-E413468C2A14}.Release|iPhone.Deploy.0 = Release|Any CPU
		{7D11792D-CAC0-4832-AFBA-E413468C2A14}.Release|iPhoneSimulator.ActiveCfg = Release|Any CPU
		{7D11792D-CAC0-4832-AFBA-E413468C2A14}.Release|iPhoneSimulator.Build.0 = Release|Any CPU
		{7D11792D-CAC0-4832-AFBA-E413468C2A14}.Release|iPhoneSimulator.Deploy.0 = Release|Any CPU
		{7D11792D-CAC0-4832-AFBA-E413468C2A14}.Release|x64.ActiveCfg = Release|Any CPU
		{7D11792D-CAC0-4832-AFBA-E413468C2A14}.Release|x64.Build.0 = Release|Any CPU
		{7D11792D-CAC0-4832-AFBA-E413468C2A14}.Release|x64.Deploy.0 = Release|Any CPU
		{7D11792D-CAC0-4832-AFBA-E413468C2A14}.Release|x86.ActiveCfg = Release|Any CPU
		{7D11792D-CAC0-4832-AFBA-E413468C2A14}.Release|x86.Build.0 = Release|Any CPU
		{7D11792D-CAC0-4832-AFBA-E413468C2A14}.Release|x86.Deploy.0 = Release|Any CPU
		{A97A979B-F5B1-4E9F-930C-E691E9AFABE2}.Ad-Hoc|Any CPU.ActiveCfg = Release|Any CPU
		{A97A979B-F5B1-4E9F-930C-E691E9AFABE2}.Ad-Hoc|Any CPU.Build.0 = Release|Any CPU
		{A97A979B-F5B1-4E9F-930C-E691E9AFABE2}.Ad-Hoc|ARM.ActiveCfg = Release|Any CPU
		{A97A979B-F5B1-4E9F-930C-E691E9AFABE2}.Ad-Hoc|ARM.Build.0 = Release|Any CPU
		{A97A979B-F5B1-4E9F-930C-E691E9AFABE2}.Ad-Hoc|iPhone.ActiveCfg = Release|Any CPU
		{A97A979B-F5B1-4E9F-930C-E691E9AFABE2}.Ad-Hoc|iPhone.Build.0 = Release|Any CPU
		{A97A979B-F5B1-4E9F-930C-E691E9AFABE2}.Ad-Hoc|iPhoneSimulator.ActiveCfg = Release|Any CPU
		{A97A979B-F5B1-4E9F-930C-E691E9AFABE2}.Ad-Hoc|iPhoneSimulator.Build.0 = Release|Any CPU
		{A97A979B-F5B1-4E9F-930C-E691E9AFABE2}.Ad-Hoc|x64.ActiveCfg = Release|Any CPU
		{A97A979B-F5B1-4E9F-930C-E691E9AFABE2}.Ad-Hoc|x64.Build.0 = Release|Any CPU
		{A97A979B-F5B1-4E9F-930C-E691E9AFABE2}.Ad-Hoc|x86.ActiveCfg = Release|Any CPU
		{A97A979B-F5B1-4E9F-930C-E691E9AFABE2}.Ad-Hoc|x86.Build.0 = Release|Any CPU
		{A97A979B-F5B1-4E9F-930C-E691E9AFABE2}.AppStore|Any CPU.ActiveCfg = Release|Any CPU
		{A97A979B-F5B1-4E9F-930C-E691E9AFABE2}.AppStore|Any CPU.Build.0 = Release|Any CPU
		{A97A979B-F5B1-4E9F-930C-E691E9AFABE2}.AppStore|ARM.ActiveCfg = Release|Any CPU
		{A97A979B-F5B1-4E9F-930C-E691E9AFABE2}.AppStore|ARM.Build.0 = Release|Any CPU
		{A97A979B-F5B1-4E9F-930C-E691E9AFABE2}.AppStore|iPhone.ActiveCfg = Release|Any CPU
		{A97A979B-F5B1-4E9F-930C-E691E9AFABE2}.AppStore|iPhone.Build.0 = Release|Any CPU
		{A97A979B-F5B1-4E9F-930C-E691E9AFABE2}.AppStore|iPhoneSimulator.ActiveCfg = Release|Any CPU
		{A97A979B-F5B1-4E9F-930C-E691E9AFABE2}.AppStore|iPhoneSimulator.Build.0 = Release|Any CPU
		{A97A979B-F5B1-4E9F-930C-E691E9AFABE2}.AppStore|x64.ActiveCfg = Release|Any CPU
		{A97A979B-F5B1-4E9F-930C-E691E9AFABE2}.AppStore|x64.Build.0 = Release|Any CPU
		{A97A979B-F5B1-4E9F-930C-E691E9AFABE2}.AppStore|x86.ActiveCfg = Release|Any CPU
		{A97A979B-F5B1-4E9F-930C-E691E9AFABE2}.AppStore|x86.Build.0 = Release|Any CPU
		{A97A979B-F5B1-4E9F-930C-E691E9AFABE2}.Debug|Any CPU.ActiveCfg = Debug|Any CPU
		{A97A979B-F5B1-4E9F-930C-E691E9AFABE2}.Debug|Any CPU.Build.0 = Debug|Any CPU
		{A97A979B-F5B1-4E9F-930C-E691E9AFABE2}.Debug|ARM.ActiveCfg = Debug|Any CPU
		{A97A979B-F5B1-4E9F-930C-E691E9AFABE2}.Debug|ARM.Build.0 = Debug|Any CPU
		{A97A979B-F5B1-4E9F-930C-E691E9AFABE2}.Debug|iPhone.ActiveCfg = Debug|Any CPU
		{A97A979B-F5B1-4E9F-930C-E691E9AFABE2}.Debug|iPhone.Build.0 = Debug|Any CPU
		{A97A979B-F5B1-4E9F-930C-E691E9AFABE2}.Debug|iPhoneSimulator.ActiveCfg = Debug|Any CPU
		{A97A979B-F5B1-4E9F-930C-E691E9AFABE2}.Debug|iPhoneSimulator.Build.0 = Debug|Any CPU
		{A97A979B-F5B1-4E9F-930C-E691E9AFABE2}.Debug|x64.ActiveCfg = Debug|Any CPU
		{A97A979B-F5B1-4E9F-930C-E691E9AFABE2}.Debug|x64.Build.0 = Debug|Any CPU
		{A97A979B-F5B1-4E9F-930C-E691E9AFABE2}.Debug|x86.ActiveCfg = Debug|Any CPU
		{A97A979B-F5B1-4E9F-930C-E691E9AFABE2}.Debug|x86.Build.0 = Debug|Any CPU
		{A97A979B-F5B1-4E9F-930C-E691E9AFABE2}.Release|Any CPU.ActiveCfg = Release|Any CPU
		{A97A979B-F5B1-4E9F-930C-E691E9AFABE2}.Release|Any CPU.Build.0 = Release|Any CPU
		{A97A979B-F5B1-4E9F-930C-E691E9AFABE2}.Release|ARM.ActiveCfg = Release|Any CPU
		{A97A979B-F5B1-4E9F-930C-E691E9AFABE2}.Release|ARM.Build.0 = Release|Any CPU
		{A97A979B-F5B1-4E9F-930C-E691E9AFABE2}.Release|iPhone.ActiveCfg = Release|Any CPU
		{A97A979B-F5B1-4E9F-930C-E691E9AFABE2}.Release|iPhone.Build.0 = Release|Any CPU
		{A97A979B-F5B1-4E9F-930C-E691E9AFABE2}.Release|iPhoneSimulator.ActiveCfg = Release|Any CPU
		{A97A979B-F5B1-4E9F-930C-E691E9AFABE2}.Release|iPhoneSimulator.Build.0 = Release|Any CPU
		{A97A979B-F5B1-4E9F-930C-E691E9AFABE2}.Release|x64.ActiveCfg = Release|Any CPU
		{A97A979B-F5B1-4E9F-930C-E691E9AFABE2}.Release|x64.Build.0 = Release|Any CPU
		{A97A979B-F5B1-4E9F-930C-E691E9AFABE2}.Release|x86.ActiveCfg = Release|Any CPU
		{A97A979B-F5B1-4E9F-930C-E691E9AFABE2}.Release|x86.Build.0 = Release|Any CPU
		{C15C1303-BA93-44D8-9BA9-649E4B477364}.Ad-Hoc|Any CPU.ActiveCfg = Release|x86
		{C15C1303-BA93-44D8-9BA9-649E4B477364}.Ad-Hoc|Any CPU.Build.0 = Release|x86
		{C15C1303-BA93-44D8-9BA9-649E4B477364}.Ad-Hoc|Any CPU.Deploy.0 = Release|x86
		{C15C1303-BA93-44D8-9BA9-649E4B477364}.Ad-Hoc|ARM.ActiveCfg = Release|ARM
		{C15C1303-BA93-44D8-9BA9-649E4B477364}.Ad-Hoc|ARM.Build.0 = Release|ARM
		{C15C1303-BA93-44D8-9BA9-649E4B477364}.Ad-Hoc|ARM.Deploy.0 = Release|ARM
		{C15C1303-BA93-44D8-9BA9-649E4B477364}.Ad-Hoc|iPhone.ActiveCfg = Release|x86
		{C15C1303-BA93-44D8-9BA9-649E4B477364}.Ad-Hoc|iPhone.Build.0 = Release|x86
		{C15C1303-BA93-44D8-9BA9-649E4B477364}.Ad-Hoc|iPhone.Deploy.0 = Release|x86
		{C15C1303-BA93-44D8-9BA9-649E4B477364}.Ad-Hoc|iPhoneSimulator.ActiveCfg = Release|x86
		{C15C1303-BA93-44D8-9BA9-649E4B477364}.Ad-Hoc|iPhoneSimulator.Build.0 = Release|x86
		{C15C1303-BA93-44D8-9BA9-649E4B477364}.Ad-Hoc|iPhoneSimulator.Deploy.0 = Release|x86
		{C15C1303-BA93-44D8-9BA9-649E4B477364}.Ad-Hoc|x64.ActiveCfg = Release|x64
		{C15C1303-BA93-44D8-9BA9-649E4B477364}.Ad-Hoc|x64.Build.0 = Release|x64
		{C15C1303-BA93-44D8-9BA9-649E4B477364}.Ad-Hoc|x64.Deploy.0 = Release|x64
		{C15C1303-BA93-44D8-9BA9-649E4B477364}.Ad-Hoc|x86.ActiveCfg = Release|x86
		{C15C1303-BA93-44D8-9BA9-649E4B477364}.Ad-Hoc|x86.Build.0 = Release|x86
		{C15C1303-BA93-44D8-9BA9-649E4B477364}.Ad-Hoc|x86.Deploy.0 = Release|x86
		{C15C1303-BA93-44D8-9BA9-649E4B477364}.AppStore|Any CPU.ActiveCfg = Release|x86
		{C15C1303-BA93-44D8-9BA9-649E4B477364}.AppStore|Any CPU.Build.0 = Release|x86
		{C15C1303-BA93-44D8-9BA9-649E4B477364}.AppStore|Any CPU.Deploy.0 = Release|x86
		{C15C1303-BA93-44D8-9BA9-649E4B477364}.AppStore|ARM.ActiveCfg = Release|ARM
		{C15C1303-BA93-44D8-9BA9-649E4B477364}.AppStore|ARM.Build.0 = Release|ARM
		{C15C1303-BA93-44D8-9BA9-649E4B477364}.AppStore|ARM.Deploy.0 = Release|ARM
		{C15C1303-BA93-44D8-9BA9-649E4B477364}.AppStore|iPhone.ActiveCfg = Release|x86
		{C15C1303-BA93-44D8-9BA9-649E4B477364}.AppStore|iPhone.Build.0 = Release|x86
		{C15C1303-BA93-44D8-9BA9-649E4B477364}.AppStore|iPhone.Deploy.0 = Release|x86
		{C15C1303-BA93-44D8-9BA9-649E4B477364}.AppStore|iPhoneSimulator.ActiveCfg = Release|x86
		{C15C1303-BA93-44D8-9BA9-649E4B477364}.AppStore|iPhoneSimulator.Build.0 = Release|x86
		{C15C1303-BA93-44D8-9BA9-649E4B477364}.AppStore|iPhoneSimulator.Deploy.0 = Release|x86
		{C15C1303-BA93-44D8-9BA9-649E4B477364}.AppStore|x64.ActiveCfg = Release|x64
		{C15C1303-BA93-44D8-9BA9-649E4B477364}.AppStore|x64.Build.0 = Release|x64
		{C15C1303-BA93-44D8-9BA9-649E4B477364}.AppStore|x64.Deploy.0 = Release|x64
		{C15C1303-BA93-44D8-9BA9-649E4B477364}.AppStore|x86.ActiveCfg = Release|x86
		{C15C1303-BA93-44D8-9BA9-649E4B477364}.AppStore|x86.Build.0 = Release|x86
		{C15C1303-BA93-44D8-9BA9-649E4B477364}.AppStore|x86.Deploy.0 = Release|x86
		{C15C1303-BA93-44D8-9BA9-649E4B477364}.Debug|Any CPU.ActiveCfg = Debug|x86
		{C15C1303-BA93-44D8-9BA9-649E4B477364}.Debug|ARM.ActiveCfg = Debug|ARM
		{C15C1303-BA93-44D8-9BA9-649E4B477364}.Debug|ARM.Build.0 = Debug|ARM
		{C15C1303-BA93-44D8-9BA9-649E4B477364}.Debug|ARM.Deploy.0 = Debug|ARM
		{C15C1303-BA93-44D8-9BA9-649E4B477364}.Debug|iPhone.ActiveCfg = Debug|x86
		{C15C1303-BA93-44D8-9BA9-649E4B477364}.Debug|iPhoneSimulator.ActiveCfg = Debug|x86
		{C15C1303-BA93-44D8-9BA9-649E4B477364}.Debug|x64.ActiveCfg = Debug|x64
		{C15C1303-BA93-44D8-9BA9-649E4B477364}.Debug|x64.Build.0 = Debug|x64
		{C15C1303-BA93-44D8-9BA9-649E4B477364}.Debug|x64.Deploy.0 = Debug|x64
		{C15C1303-BA93-44D8-9BA9-649E4B477364}.Debug|x86.ActiveCfg = Debug|x86
		{C15C1303-BA93-44D8-9BA9-649E4B477364}.Debug|x86.Build.0 = Debug|x86
		{C15C1303-BA93-44D8-9BA9-649E4B477364}.Debug|x86.Deploy.0 = Debug|x86
		{C15C1303-BA93-44D8-9BA9-649E4B477364}.Release|Any CPU.ActiveCfg = Release|x86
		{C15C1303-BA93-44D8-9BA9-649E4B477364}.Release|ARM.ActiveCfg = Release|ARM
		{C15C1303-BA93-44D8-9BA9-649E4B477364}.Release|ARM.Build.0 = Release|ARM
		{C15C1303-BA93-44D8-9BA9-649E4B477364}.Release|ARM.Deploy.0 = Release|ARM
		{C15C1303-BA93-44D8-9BA9-649E4B477364}.Release|iPhone.ActiveCfg = Release|x86
		{C15C1303-BA93-44D8-9BA9-649E4B477364}.Release|iPhoneSimulator.ActiveCfg = Release|x86
		{C15C1303-BA93-44D8-9BA9-649E4B477364}.Release|x64.ActiveCfg = Release|x64
		{C15C1303-BA93-44D8-9BA9-649E4B477364}.Release|x64.Build.0 = Release|x64
		{C15C1303-BA93-44D8-9BA9-649E4B477364}.Release|x64.Deploy.0 = Release|x64
		{C15C1303-BA93-44D8-9BA9-649E4B477364}.Release|x86.ActiveCfg = Release|x86
		{C15C1303-BA93-44D8-9BA9-649E4B477364}.Release|x86.Build.0 = Release|x86
		{C15C1303-BA93-44D8-9BA9-649E4B477364}.Release|x86.Deploy.0 = Release|x86
		{FCB5F0ED-4F24-41A9-B1BF-9D3C6CE30D76}.Ad-Hoc|Any CPU.ActiveCfg = Ad-Hoc|iPhone
		{FCB5F0ED-4F24-41A9-B1BF-9D3C6CE30D76}.Ad-Hoc|ARM.ActiveCfg = Ad-Hoc|iPhone
		{FCB5F0ED-4F24-41A9-B1BF-9D3C6CE30D76}.Ad-Hoc|iPhone.ActiveCfg = Ad-Hoc|iPhone
		{FCB5F0ED-4F24-41A9-B1BF-9D3C6CE30D76}.Ad-Hoc|iPhone.Build.0 = Ad-Hoc|iPhone
		{FCB5F0ED-4F24-41A9-B1BF-9D3C6CE30D76}.Ad-Hoc|iPhoneSimulator.ActiveCfg = Ad-Hoc|iPhoneSimulator
		{FCB5F0ED-4F24-41A9-B1BF-9D3C6CE30D76}.Ad-Hoc|iPhoneSimulator.Build.0 = Ad-Hoc|iPhoneSimulator
		{FCB5F0ED-4F24-41A9-B1BF-9D3C6CE30D76}.Ad-Hoc|x64.ActiveCfg = Ad-Hoc|iPhone
		{FCB5F0ED-4F24-41A9-B1BF-9D3C6CE30D76}.Ad-Hoc|x86.ActiveCfg = Ad-Hoc|iPhone
		{FCB5F0ED-4F24-41A9-B1BF-9D3C6CE30D76}.AppStore|Any CPU.ActiveCfg = AppStore|iPhone
		{FCB5F0ED-4F24-41A9-B1BF-9D3C6CE30D76}.AppStore|ARM.ActiveCfg = AppStore|iPhone
		{FCB5F0ED-4F24-41A9-B1BF-9D3C6CE30D76}.AppStore|iPhone.ActiveCfg = AppStore|iPhone
		{FCB5F0ED-4F24-41A9-B1BF-9D3C6CE30D76}.AppStore|iPhone.Build.0 = AppStore|iPhone
		{FCB5F0ED-4F24-41A9-B1BF-9D3C6CE30D76}.AppStore|iPhoneSimulator.ActiveCfg = AppStore|iPhoneSimulator
		{FCB5F0ED-4F24-41A9-B1BF-9D3C6CE30D76}.AppStore|iPhoneSimulator.Build.0 = AppStore|iPhoneSimulator
		{FCB5F0ED-4F24-41A9-B1BF-9D3C6CE30D76}.AppStore|x64.ActiveCfg = AppStore|iPhone
		{FCB5F0ED-4F24-41A9-B1BF-9D3C6CE30D76}.AppStore|x86.ActiveCfg = AppStore|iPhone
		{FCB5F0ED-4F24-41A9-B1BF-9D3C6CE30D76}.Debug|Any CPU.ActiveCfg = Debug|iPhone
		{FCB5F0ED-4F24-41A9-B1BF-9D3C6CE30D76}.Debug|ARM.ActiveCfg = Debug|iPhone
		{FCB5F0ED-4F24-41A9-B1BF-9D3C6CE30D76}.Debug|iPhone.ActiveCfg = Debug|iPhone
		{FCB5F0ED-4F24-41A9-B1BF-9D3C6CE30D76}.Debug|iPhone.Build.0 = Debug|iPhone
		{FCB5F0ED-4F24-41A9-B1BF-9D3C6CE30D76}.Debug|iPhoneSimulator.ActiveCfg = Debug|iPhoneSimulator
		{FCB5F0ED-4F24-41A9-B1BF-9D3C6CE30D76}.Debug|iPhoneSimulator.Build.0 = Debug|iPhoneSimulator
		{FCB5F0ED-4F24-41A9-B1BF-9D3C6CE30D76}.Debug|x64.ActiveCfg = Debug|iPhone
		{FCB5F0ED-4F24-41A9-B1BF-9D3C6CE30D76}.Debug|x86.ActiveCfg = Debug|iPhone
		{FCB5F0ED-4F24-41A9-B1BF-9D3C6CE30D76}.Release|Any CPU.ActiveCfg = Release|iPhone
		{FCB5F0ED-4F24-41A9-B1BF-9D3C6CE30D76}.Release|ARM.ActiveCfg = Release|iPhone
		{FCB5F0ED-4F24-41A9-B1BF-9D3C6CE30D76}.Release|iPhone.ActiveCfg = Release|iPhone
		{FCB5F0ED-4F24-41A9-B1BF-9D3C6CE30D76}.Release|iPhone.Build.0 = Release|iPhone
		{FCB5F0ED-4F24-41A9-B1BF-9D3C6CE30D76}.Release|iPhoneSimulator.ActiveCfg = Release|iPhoneSimulator
		{FCB5F0ED-4F24-41A9-B1BF-9D3C6CE30D76}.Release|iPhoneSimulator.Build.0 = Release|iPhoneSimulator
		{FCB5F0ED-4F24-41A9-B1BF-9D3C6CE30D76}.Release|x64.ActiveCfg = Release|iPhone
		{FCB5F0ED-4F24-41A9-B1BF-9D3C6CE30D76}.Release|x86.ActiveCfg = Release|iPhone
		{4FB7B8A0-6571-4B41-B44D-5206B4583E7B}.Ad-Hoc|Any CPU.ActiveCfg = Release|Any CPU
		{4FB7B8A0-6571-4B41-B44D-5206B4583E7B}.Ad-Hoc|Any CPU.Build.0 = Release|Any CPU
		{4FB7B8A0-6571-4B41-B44D-5206B4583E7B}.Ad-Hoc|ARM.ActiveCfg = Release|Any CPU
		{4FB7B8A0-6571-4B41-B44D-5206B4583E7B}.Ad-Hoc|ARM.Build.0 = Release|Any CPU
		{4FB7B8A0-6571-4B41-B44D-5206B4583E7B}.Ad-Hoc|iPhone.ActiveCfg = Release|Any CPU
		{4FB7B8A0-6571-4B41-B44D-5206B4583E7B}.Ad-Hoc|iPhone.Build.0 = Release|Any CPU
		{4FB7B8A0-6571-4B41-B44D-5206B4583E7B}.Ad-Hoc|iPhoneSimulator.ActiveCfg = Release|Any CPU
		{4FB7B8A0-6571-4B41-B44D-5206B4583E7B}.Ad-Hoc|iPhoneSimulator.Build.0 = Release|Any CPU
		{4FB7B8A0-6571-4B41-B44D-5206B4583E7B}.Ad-Hoc|x64.ActiveCfg = Release|Any CPU
		{4FB7B8A0-6571-4B41-B44D-5206B4583E7B}.Ad-Hoc|x64.Build.0 = Release|Any CPU
		{4FB7B8A0-6571-4B41-B44D-5206B4583E7B}.Ad-Hoc|x86.ActiveCfg = Release|Any CPU
		{4FB7B8A0-6571-4B41-B44D-5206B4583E7B}.Ad-Hoc|x86.Build.0 = Release|Any CPU
		{4FB7B8A0-6571-4B41-B44D-5206B4583E7B}.AppStore|Any CPU.ActiveCfg = Release|Any CPU
		{4FB7B8A0-6571-4B41-B44D-5206B4583E7B}.AppStore|Any CPU.Build.0 = Release|Any CPU
		{4FB7B8A0-6571-4B41-B44D-5206B4583E7B}.AppStore|ARM.ActiveCfg = Release|Any CPU
		{4FB7B8A0-6571-4B41-B44D-5206B4583E7B}.AppStore|ARM.Build.0 = Release|Any CPU
		{4FB7B8A0-6571-4B41-B44D-5206B4583E7B}.AppStore|iPhone.ActiveCfg = Release|Any CPU
		{4FB7B8A0-6571-4B41-B44D-5206B4583E7B}.AppStore|iPhone.Build.0 = Release|Any CPU
		{4FB7B8A0-6571-4B41-B44D-5206B4583E7B}.AppStore|iPhoneSimulator.ActiveCfg = Release|Any CPU
		{4FB7B8A0-6571-4B41-B44D-5206B4583E7B}.AppStore|iPhoneSimulator.Build.0 = Release|Any CPU
		{4FB7B8A0-6571-4B41-B44D-5206B4583E7B}.AppStore|x64.ActiveCfg = Release|Any CPU
		{4FB7B8A0-6571-4B41-B44D-5206B4583E7B}.AppStore|x64.Build.0 = Release|Any CPU
		{4FB7B8A0-6571-4B41-B44D-5206B4583E7B}.AppStore|x86.ActiveCfg = Release|Any CPU
		{4FB7B8A0-6571-4B41-B44D-5206B4583E7B}.AppStore|x86.Build.0 = Release|Any CPU
		{4FB7B8A0-6571-4B41-B44D-5206B4583E7B}.Debug|Any CPU.ActiveCfg = Debug|Any CPU
		{4FB7B8A0-6571-4B41-B44D-5206B4583E7B}.Debug|Any CPU.Build.0 = Debug|Any CPU
		{4FB7B8A0-6571-4B41-B44D-5206B4583E7B}.Debug|ARM.ActiveCfg = Debug|Any CPU
		{4FB7B8A0-6571-4B41-B44D-5206B4583E7B}.Debug|ARM.Build.0 = Debug|Any CPU
		{4FB7B8A0-6571-4B41-B44D-5206B4583E7B}.Debug|iPhone.ActiveCfg = Debug|Any CPU
		{4FB7B8A0-6571-4B41-B44D-5206B4583E7B}.Debug|iPhone.Build.0 = Debug|Any CPU
		{4FB7B8A0-6571-4B41-B44D-5206B4583E7B}.Debug|iPhoneSimulator.ActiveCfg = Debug|Any CPU
		{4FB7B8A0-6571-4B41-B44D-5206B4583E7B}.Debug|iPhoneSimulator.Build.0 = Debug|Any CPU
		{4FB7B8A0-6571-4B41-B44D-5206B4583E7B}.Debug|x64.ActiveCfg = Debug|Any CPU
		{4FB7B8A0-6571-4B41-B44D-5206B4583E7B}.Debug|x64.Build.0 = Debug|Any CPU
		{4FB7B8A0-6571-4B41-B44D-5206B4583E7B}.Debug|x86.ActiveCfg = Debug|Any CPU
		{4FB7B8A0-6571-4B41-B44D-5206B4583E7B}.Debug|x86.Build.0 = Debug|Any CPU
		{4FB7B8A0-6571-4B41-B44D-5206B4583E7B}.Release|Any CPU.ActiveCfg = Release|Any CPU
		{4FB7B8A0-6571-4B41-B44D-5206B4583E7B}.Release|Any CPU.Build.0 = Release|Any CPU
		{4FB7B8A0-6571-4B41-B44D-5206B4583E7B}.Release|ARM.ActiveCfg = Release|Any CPU
		{4FB7B8A0-6571-4B41-B44D-5206B4583E7B}.Release|ARM.Build.0 = Release|Any CPU
		{4FB7B8A0-6571-4B41-B44D-5206B4583E7B}.Release|iPhone.ActiveCfg = Release|Any CPU
		{4FB7B8A0-6571-4B41-B44D-5206B4583E7B}.Release|iPhone.Build.0 = Release|Any CPU
		{4FB7B8A0-6571-4B41-B44D-5206B4583E7B}.Release|iPhoneSimulator.ActiveCfg = Release|Any CPU
		{4FB7B8A0-6571-4B41-B44D-5206B4583E7B}.Release|iPhoneSimulator.Build.0 = Release|Any CPU
		{4FB7B8A0-6571-4B41-B44D-5206B4583E7B}.Release|x64.ActiveCfg = Release|Any CPU
		{4FB7B8A0-6571-4B41-B44D-5206B4583E7B}.Release|x64.Build.0 = Release|Any CPU
		{4FB7B8A0-6571-4B41-B44D-5206B4583E7B}.Release|x86.ActiveCfg = Release|Any CPU
		{4FB7B8A0-6571-4B41-B44D-5206B4583E7B}.Release|x86.Build.0 = Release|Any CPU
		{1EB99312-6865-47B1-88F6-EC7FC4D83511}.Ad-Hoc|Any CPU.ActiveCfg = Release|Any CPU
		{1EB99312-6865-47B1-88F6-EC7FC4D83511}.Ad-Hoc|Any CPU.Build.0 = Release|Any CPU
		{1EB99312-6865-47B1-88F6-EC7FC4D83511}.Ad-Hoc|ARM.ActiveCfg = Release|Any CPU
		{1EB99312-6865-47B1-88F6-EC7FC4D83511}.Ad-Hoc|ARM.Build.0 = Release|Any CPU
		{1EB99312-6865-47B1-88F6-EC7FC4D83511}.Ad-Hoc|iPhone.ActiveCfg = Release|Any CPU
		{1EB99312-6865-47B1-88F6-EC7FC4D83511}.Ad-Hoc|iPhone.Build.0 = Release|Any CPU
		{1EB99312-6865-47B1-88F6-EC7FC4D83511}.Ad-Hoc|iPhoneSimulator.ActiveCfg = Release|Any CPU
		{1EB99312-6865-47B1-88F6-EC7FC4D83511}.Ad-Hoc|iPhoneSimulator.Build.0 = Release|Any CPU
		{1EB99312-6865-47B1-88F6-EC7FC4D83511}.Ad-Hoc|x64.ActiveCfg = Release|Any CPU
		{1EB99312-6865-47B1-88F6-EC7FC4D83511}.Ad-Hoc|x64.Build.0 = Release|Any CPU
		{1EB99312-6865-47B1-88F6-EC7FC4D83511}.Ad-Hoc|x86.ActiveCfg = Release|Any CPU
		{1EB99312-6865-47B1-88F6-EC7FC4D83511}.Ad-Hoc|x86.Build.0 = Release|Any CPU
		{1EB99312-6865-47B1-88F6-EC7FC4D83511}.AppStore|Any CPU.ActiveCfg = Release|Any CPU
		{1EB99312-6865-47B1-88F6-EC7FC4D83511}.AppStore|Any CPU.Build.0 = Release|Any CPU
		{1EB99312-6865-47B1-88F6-EC7FC4D83511}.AppStore|ARM.ActiveCfg = Release|Any CPU
		{1EB99312-6865-47B1-88F6-EC7FC4D83511}.AppStore|ARM.Build.0 = Release|Any CPU
		{1EB99312-6865-47B1-88F6-EC7FC4D83511}.AppStore|iPhone.ActiveCfg = Release|Any CPU
		{1EB99312-6865-47B1-88F6-EC7FC4D83511}.AppStore|iPhone.Build.0 = Release|Any CPU
		{1EB99312-6865-47B1-88F6-EC7FC4D83511}.AppStore|iPhoneSimulator.ActiveCfg = Release|Any CPU
		{1EB99312-6865-47B1-88F6-EC7FC4D83511}.AppStore|iPhoneSimulator.Build.0 = Release|Any CPU
		{1EB99312-6865-47B1-88F6-EC7FC4D83511}.AppStore|x64.ActiveCfg = Release|Any CPU
		{1EB99312-6865-47B1-88F6-EC7FC4D83511}.AppStore|x64.Build.0 = Release|Any CPU
		{1EB99312-6865-47B1-88F6-EC7FC4D83511}.AppStore|x86.ActiveCfg = Release|Any CPU
		{1EB99312-6865-47B1-88F6-EC7FC4D83511}.AppStore|x86.Build.0 = Release|Any CPU
		{1EB99312-6865-47B1-88F6-EC7FC4D83511}.Debug|Any CPU.ActiveCfg = Debug|Any CPU
		{1EB99312-6865-47B1-88F6-EC7FC4D83511}.Debug|Any CPU.Build.0 = Debug|Any CPU
		{1EB99312-6865-47B1-88F6-EC7FC4D83511}.Debug|ARM.ActiveCfg = Debug|Any CPU
		{1EB99312-6865-47B1-88F6-EC7FC4D83511}.Debug|ARM.Build.0 = Debug|Any CPU
		{1EB99312-6865-47B1-88F6-EC7FC4D83511}.Debug|iPhone.ActiveCfg = Debug|Any CPU
		{1EB99312-6865-47B1-88F6-EC7FC4D83511}.Debug|iPhone.Build.0 = Debug|Any CPU
		{1EB99312-6865-47B1-88F6-EC7FC4D83511}.Debug|iPhoneSimulator.ActiveCfg = Debug|Any CPU
		{1EB99312-6865-47B1-88F6-EC7FC4D83511}.Debug|iPhoneSimulator.Build.0 = Debug|Any CPU
		{1EB99312-6865-47B1-88F6-EC7FC4D83511}.Debug|x64.ActiveCfg = Debug|Any CPU
		{1EB99312-6865-47B1-88F6-EC7FC4D83511}.Debug|x64.Build.0 = Debug|Any CPU
		{1EB99312-6865-47B1-88F6-EC7FC4D83511}.Debug|x86.ActiveCfg = Debug|Any CPU
		{1EB99312-6865-47B1-88F6-EC7FC4D83511}.Debug|x86.Build.0 = Debug|Any CPU
		{1EB99312-6865-47B1-88F6-EC7FC4D83511}.Release|Any CPU.ActiveCfg = Release|Any CPU
		{1EB99312-6865-47B1-88F6-EC7FC4D83511}.Release|Any CPU.Build.0 = Release|Any CPU
		{1EB99312-6865-47B1-88F6-EC7FC4D83511}.Release|ARM.ActiveCfg = Release|Any CPU
		{1EB99312-6865-47B1-88F6-EC7FC4D83511}.Release|ARM.Build.0 = Release|Any CPU
		{1EB99312-6865-47B1-88F6-EC7FC4D83511}.Release|iPhone.ActiveCfg = Release|Any CPU
		{1EB99312-6865-47B1-88F6-EC7FC4D83511}.Release|iPhone.Build.0 = Release|Any CPU
		{1EB99312-6865-47B1-88F6-EC7FC4D83511}.Release|iPhoneSimulator.ActiveCfg = Release|Any CPU
		{1EB99312-6865-47B1-88F6-EC7FC4D83511}.Release|iPhoneSimulator.Build.0 = Release|Any CPU
		{1EB99312-6865-47B1-88F6-EC7FC4D83511}.Release|x64.ActiveCfg = Release|Any CPU
		{1EB99312-6865-47B1-88F6-EC7FC4D83511}.Release|x64.Build.0 = Release|Any CPU
		{1EB99312-6865-47B1-88F6-EC7FC4D83511}.Release|x86.ActiveCfg = Release|Any CPU
		{1EB99312-6865-47B1-88F6-EC7FC4D83511}.Release|x86.Build.0 = Release|Any CPU
		{D4461B2B-994B-4480-B295-35CB996B7A31}.Ad-Hoc|Any CPU.ActiveCfg = Release|Any CPU
		{D4461B2B-994B-4480-B295-35CB996B7A31}.Ad-Hoc|Any CPU.Build.0 = Release|Any CPU
		{D4461B2B-994B-4480-B295-35CB996B7A31}.Ad-Hoc|Any CPU.Deploy.0 = Release|Any CPU
		{D4461B2B-994B-4480-B295-35CB996B7A31}.Ad-Hoc|ARM.ActiveCfg = Release|Any CPU
		{D4461B2B-994B-4480-B295-35CB996B7A31}.Ad-Hoc|ARM.Build.0 = Release|Any CPU
		{D4461B2B-994B-4480-B295-35CB996B7A31}.Ad-Hoc|ARM.Deploy.0 = Release|Any CPU
		{D4461B2B-994B-4480-B295-35CB996B7A31}.Ad-Hoc|iPhone.ActiveCfg = Release|Any CPU
		{D4461B2B-994B-4480-B295-35CB996B7A31}.Ad-Hoc|iPhone.Build.0 = Release|Any CPU
		{D4461B2B-994B-4480-B295-35CB996B7A31}.Ad-Hoc|iPhone.Deploy.0 = Release|Any CPU
		{D4461B2B-994B-4480-B295-35CB996B7A31}.Ad-Hoc|iPhoneSimulator.ActiveCfg = Release|Any CPU
		{D4461B2B-994B-4480-B295-35CB996B7A31}.Ad-Hoc|iPhoneSimulator.Build.0 = Release|Any CPU
		{D4461B2B-994B-4480-B295-35CB996B7A31}.Ad-Hoc|iPhoneSimulator.Deploy.0 = Release|Any CPU
		{D4461B2B-994B-4480-B295-35CB996B7A31}.Ad-Hoc|x64.ActiveCfg = Release|Any CPU
		{D4461B2B-994B-4480-B295-35CB996B7A31}.Ad-Hoc|x64.Build.0 = Release|Any CPU
		{D4461B2B-994B-4480-B295-35CB996B7A31}.Ad-Hoc|x64.Deploy.0 = Release|Any CPU
		{D4461B2B-994B-4480-B295-35CB996B7A31}.Ad-Hoc|x86.ActiveCfg = Release|Any CPU
		{D4461B2B-994B-4480-B295-35CB996B7A31}.Ad-Hoc|x86.Build.0 = Release|Any CPU
		{D4461B2B-994B-4480-B295-35CB996B7A31}.Ad-Hoc|x86.Deploy.0 = Release|Any CPU
		{D4461B2B-994B-4480-B295-35CB996B7A31}.AppStore|Any CPU.ActiveCfg = Release|Any CPU
		{D4461B2B-994B-4480-B295-35CB996B7A31}.AppStore|Any CPU.Build.0 = Release|Any CPU
		{D4461B2B-994B-4480-B295-35CB996B7A31}.AppStore|Any CPU.Deploy.0 = Release|Any CPU
		{D4461B2B-994B-4480-B295-35CB996B7A31}.AppStore|ARM.ActiveCfg = Release|Any CPU
		{D4461B2B-994B-4480-B295-35CB996B7A31}.AppStore|ARM.Build.0 = Release|Any CPU
		{D4461B2B-994B-4480-B295-35CB996B7A31}.AppStore|ARM.Deploy.0 = Release|Any CPU
		{D4461B2B-994B-4480-B295-35CB996B7A31}.AppStore|iPhone.ActiveCfg = Release|Any CPU
		{D4461B2B-994B-4480-B295-35CB996B7A31}.AppStore|iPhone.Build.0 = Release|Any CPU
		{D4461B2B-994B-4480-B295-35CB996B7A31}.AppStore|iPhone.Deploy.0 = Release|Any CPU
		{D4461B2B-994B-4480-B295-35CB996B7A31}.AppStore|iPhoneSimulator.ActiveCfg = Release|Any CPU
		{D4461B2B-994B-4480-B295-35CB996B7A31}.AppStore|iPhoneSimulator.Build.0 = Release|Any CPU
		{D4461B2B-994B-4480-B295-35CB996B7A31}.AppStore|iPhoneSimulator.Deploy.0 = Release|Any CPU
		{D4461B2B-994B-4480-B295-35CB996B7A31}.AppStore|x64.ActiveCfg = Release|Any CPU
		{D4461B2B-994B-4480-B295-35CB996B7A31}.AppStore|x64.Build.0 = Release|Any CPU
		{D4461B2B-994B-4480-B295-35CB996B7A31}.AppStore|x64.Deploy.0 = Release|Any CPU
		{D4461B2B-994B-4480-B295-35CB996B7A31}.AppStore|x86.ActiveCfg = Release|Any CPU
		{D4461B2B-994B-4480-B295-35CB996B7A31}.AppStore|x86.Build.0 = Release|Any CPU
		{D4461B2B-994B-4480-B295-35CB996B7A31}.AppStore|x86.Deploy.0 = Release|Any CPU
		{D4461B2B-994B-4480-B295-35CB996B7A31}.Debug|Any CPU.ActiveCfg = Debug|Any CPU
		{D4461B2B-994B-4480-B295-35CB996B7A31}.Debug|Any CPU.Build.0 = Debug|Any CPU
		{D4461B2B-994B-4480-B295-35CB996B7A31}.Debug|Any CPU.Deploy.0 = Debug|Any CPU
		{D4461B2B-994B-4480-B295-35CB996B7A31}.Debug|ARM.ActiveCfg = Debug|Any CPU
		{D4461B2B-994B-4480-B295-35CB996B7A31}.Debug|ARM.Build.0 = Debug|Any CPU
		{D4461B2B-994B-4480-B295-35CB996B7A31}.Debug|ARM.Deploy.0 = Debug|Any CPU
		{D4461B2B-994B-4480-B295-35CB996B7A31}.Debug|iPhone.ActiveCfg = Debug|Any CPU
		{D4461B2B-994B-4480-B295-35CB996B7A31}.Debug|iPhone.Build.0 = Debug|Any CPU
		{D4461B2B-994B-4480-B295-35CB996B7A31}.Debug|iPhone.Deploy.0 = Debug|Any CPU
		{D4461B2B-994B-4480-B295-35CB996B7A31}.Debug|iPhoneSimulator.ActiveCfg = Debug|Any CPU
		{D4461B2B-994B-4480-B295-35CB996B7A31}.Debug|iPhoneSimulator.Build.0 = Debug|Any CPU
		{D4461B2B-994B-4480-B295-35CB996B7A31}.Debug|iPhoneSimulator.Deploy.0 = Debug|Any CPU
		{D4461B2B-994B-4480-B295-35CB996B7A31}.Debug|x64.ActiveCfg = Debug|Any CPU
		{D4461B2B-994B-4480-B295-35CB996B7A31}.Debug|x64.Build.0 = Debug|Any CPU
		{D4461B2B-994B-4480-B295-35CB996B7A31}.Debug|x64.Deploy.0 = Debug|Any CPU
		{D4461B2B-994B-4480-B295-35CB996B7A31}.Debug|x86.ActiveCfg = Debug|Any CPU
		{D4461B2B-994B-4480-B295-35CB996B7A31}.Debug|x86.Build.0 = Debug|Any CPU
		{D4461B2B-994B-4480-B295-35CB996B7A31}.Debug|x86.Deploy.0 = Debug|Any CPU
		{D4461B2B-994B-4480-B295-35CB996B7A31}.Release|Any CPU.ActiveCfg = Release|Any CPU
		{D4461B2B-994B-4480-B295-35CB996B7A31}.Release|Any CPU.Build.0 = Release|Any CPU
		{D4461B2B-994B-4480-B295-35CB996B7A31}.Release|Any CPU.Deploy.0 = Release|Any CPU
		{D4461B2B-994B-4480-B295-35CB996B7A31}.Release|ARM.ActiveCfg = Release|Any CPU
		{D4461B2B-994B-4480-B295-35CB996B7A31}.Release|ARM.Build.0 = Release|Any CPU
		{D4461B2B-994B-4480-B295-35CB996B7A31}.Release|ARM.Deploy.0 = Release|Any CPU
		{D4461B2B-994B-4480-B295-35CB996B7A31}.Release|iPhone.ActiveCfg = Release|Any CPU
		{D4461B2B-994B-4480-B295-35CB996B7A31}.Release|iPhone.Build.0 = Release|Any CPU
		{D4461B2B-994B-4480-B295-35CB996B7A31}.Release|iPhone.Deploy.0 = Release|Any CPU
		{D4461B2B-994B-4480-B295-35CB996B7A31}.Release|iPhoneSimulator.ActiveCfg = Release|Any CPU
		{D4461B2B-994B-4480-B295-35CB996B7A31}.Release|iPhoneSimulator.Build.0 = Release|Any CPU
		{D4461B2B-994B-4480-B295-35CB996B7A31}.Release|iPhoneSimulator.Deploy.0 = Release|Any CPU
		{D4461B2B-994B-4480-B295-35CB996B7A31}.Release|x64.ActiveCfg = Release|Any CPU
		{D4461B2B-994B-4480-B295-35CB996B7A31}.Release|x64.Build.0 = Release|Any CPU
		{D4461B2B-994B-4480-B295-35CB996B7A31}.Release|x64.Deploy.0 = Release|Any CPU
		{D4461B2B-994B-4480-B295-35CB996B7A31}.Release|x86.ActiveCfg = Release|Any CPU
		{D4461B2B-994B-4480-B295-35CB996B7A31}.Release|x86.Build.0 = Release|Any CPU
		{D4461B2B-994B-4480-B295-35CB996B7A31}.Release|x86.Deploy.0 = Release|Any CPU
	EndGlobalSection
	GlobalSection(SolutionProperties) = preSolution
		HideSolutionNode = FALSE
	EndGlobalSection
	GlobalSection(NestedProjects) = preSolution
		{7D11792D-CAC0-4832-AFBA-E413468C2A14} = {6686E817-E3C0-4274-96FD-EA97E3BEE244}
		{A97A979B-F5B1-4E9F-930C-E691E9AFABE2} = {6686E817-E3C0-4274-96FD-EA97E3BEE244}
		{C15C1303-BA93-44D8-9BA9-649E4B477364} = {6686E817-E3C0-4274-96FD-EA97E3BEE244}
		{FCB5F0ED-4F24-41A9-B1BF-9D3C6CE30D76} = {6686E817-E3C0-4274-96FD-EA97E3BEE244}
		{4FB7B8A0-6571-4B41-B44D-5206B4583E7B} = {E3AFC4D6-4912-455C-9B35-8AABD2033EBB}
		{1EB99312-6865-47B1-88F6-EC7FC4D83511} = {E3AFC4D6-4912-455C-9B35-8AABD2033EBB}
		{D4461B2B-994B-4480-B295-35CB996B7A31} = {D715B288-5C63-4707-8FBA-608768CBE777}
	EndGlobalSection
	GlobalSection(ExtensibilityGlobals) = postSolution
		SolutionGuid = {686305FF-C0AD-4E56-B64C-182570607D13}
	EndGlobalSection
EndGlobal
