
Microsoft Visual Studio Solution File, Format Version 12.00
# Visual Studio 15
VisualStudioVersion = 15.0.27004.2010
MinimumVisualStudioVersion = 10.0.40219.1
Project("{FAE04EC0-301F-11D3-BF4B-00C04F79EFBC}") = "TestsFinal.Android", "TestsFinal\TestsFinal.Android\TestsFinal.Android.csproj", "{7D11792D-CAC0-4832-AFBA-E413468C2A14}"
EndProject
Project("{FAE04EC0-301F-11D3-BF4B-00C04F79EFBC}") = "TestsFinal", "TestsFinal\TestsFinal\TestsFinal.csproj", "{A97A979B-F5B1-4E9F-930C-E691E9AFABE2}"
EndProject
Project("{FAE04EC0-301F-11D3-BF4B-00C04F79EFBC}") = "TestsFinal.UWP", "TestsFinal\TestsFinal.UWP\TestsFinal.UWP.csproj", "{C15C1303-BA93-44D8-9BA9-649E4B477364}"
EndProject
Project("{FAE04EC0-301F-11D3-BF4B-00C04F79EFBC}") = "TestsFinal.iOS", "TestsFinal\TestsFinal.iOS\TestsFinal.iOS.csproj", "{FCB5F0ED-4F24-41A9-B1BF-9D3C6CE30D76}"
EndProject
Project("{2150E333-8FDC-42A3-9474-1A3956D46DE8}") = "Shared", "Shared", "{E3AFC4D6-4912-455C-9B35-8AABD2033EBB}"
EndProject
Project("{FAE04EC0-301F-11D3-BF4B-00C04F79EFBC}") = "ViewModels", "ViewModels\ViewModels.csproj", "{4FB7B8A0-6571-4B41-B44D-5206B4583E7B}"
EndProject
Project("{FAE04EC0-301F-11D3-BF4B-00C04F79EFBC}") = "Backend", "Backend\Backend.csproj", "{1EB99312-6865-47B1-88F6-EC7FC4D83511}"
EndProject
Project("{2150E333-8FDC-42A3-9474-1A3956D46DE8}") = "UnitTests", "UnitTests", "{94959FE8-1130-4746-8224-A0B3809708A1}"
EndProject
Project("{FAE04EC0-301F-11D3-BF4B-00C04F79EFBC}") = "UnitTest", "UnitTests\UnitTest\UnitTest.csproj", "{BFF9D6FC-807A-40B5-B503-AAFAA2397E2E}"
EndProject
Project("{2150E333-8FDC-42A3-9474-1A3956D46DE8}") = "IntegrationTests", "IntegrationTests", "{728B1E89-2DF0-488B-9CD2-70A00E8A73B5}"
EndProject
Project("{2150E333-8FDC-42A3-9474-1A3956D46DE8}") = "xUnit", "xUnit", "{20540C12-8C79-4D9B-B4DD-C3CFFBA26EA8}"
EndProject
Project("{2150E333-8FDC-42A3-9474-1A3956D46DE8}") = "Nunit", "Nunit", "{5D3E86AE-6259-4807-8528-4478097756FA}"
EndProject
Project("{2150E333-8FDC-42A3-9474-1A3956D46DE8}") = "Tests", "Tests", "{F9F72796-0BFE-4F8B-85AD-8C23896E0477}"
EndProject
Project("{FAE04EC0-301F-11D3-BF4B-00C04F79EFBC}") = "NUnit.UnitTest", "NUnit.UnitTest\NUnit.UnitTest.csproj", "{8EDF4429-251A-416D-BB68-93F227191BCF}"
EndProject
Project("{FAE04EC0-301F-11D3-BF4B-00C04F79EFBC}") = "NUnit.IntegrationTest.Droid", "IntegrationTests\NUnit\NUnit.IntegrationTest.Droid\NUnit.IntegrationTest.Droid.csproj", "{AD7B78B0-AE51-4FB7-9B11-4E22A2B538CA}"
EndProject
Project("{FAE04EC0-301F-11D3-BF4B-00C04F79EFBC}") = "xUnit.IntegrationTest", "IntegrationTests\xUnit\xUnit.IntegrationTest\xUnit.IntegrationTest.csproj", "{3CE74118-E2E5-49AB-AA56-5EE1CCA14795}"
EndProject
Project("{FAE04EC0-301F-11D3-BF4B-00C04F79EFBC}") = "xUnit.IntegrationTest.Droid", "IntegrationTests\xUnit\xUnit.IntegrationTest.Droid\xUnit.IntegrationTest.Droid\xUnit.IntegrationTest.Droid.csproj", "{FDC8B451-BD8D-4E0D-B0D6-F0812CD635DF}"
EndProject
Project("{FAE04EC0-301F-11D3-BF4B-00C04F79EFBC}") = "xUnit.IntegrationTest.iOS", "IntegrationTests\xUnit\xUnit.IntegrationTest.iOS\xUnit.IntegrationTest.iOS.csproj", "{43ECD991-D354-4B34-9F65-E5F39119741E}"
EndProject
Project("{FAE04EC0-301F-11D3-BF4B-00C04F79EFBC}") = "xUnit.IntegrationTest.UWP", "IntegrationTests\xUnit\xUnit.IntegrationTest.UWP\xUnit.IntegrationTest.UWP.csproj", "{3F44B0AC-297F-410F-A519-44F1146A2890}"
EndProject
Project("{2150E333-8FDC-42A3-9474-1A3956D46DE8}") = "xUnit + .NET-Standard Libraries", "xUnit + .NET-Standard Libraries", "{DDF051CB-6E3C-4CD9-8442-4A0728679528}"
EndProject
Project("{9A19103F-16F7-4668-BE54-9A1E7A4F7556}") = "Net-Standard", "IntegrationTests\NET-Standard\Net-Standard\Net-Standard.csproj", "{CBFEBFE4-095A-4481-ADE8-E7A5EB48332D}"
EndProject
Project("{FAE04EC0-301F-11D3-BF4B-00C04F79EFBC}") = "Net-Standard.Droid", "Net-Standard.Droid\Net-Standard.Droid.csproj", "{2B8B23FD-8108-4356-A83C-4B0E6F496165}"
EndProject
Project("{FAE04EC0-301F-11D3-BF4B-00C04F79EFBC}") = "NUnit.IntegrationTest.iOS", "IntegrationTests\NUnit\NUnit.IntegrationTest.iOS\NUnit.IntegrationTest.iOS.csproj", "{D2CED8F0-7A76-454D-B5F7-9E8B9FE6A58E}"
EndProject
Project("{FAE04EC0-301F-11D3-BF4B-00C04F79EFBC}") = "NUnit.IntegrationTest.UWP", "NUnit.IntegrationTest.UWP\NUnit.IntegrationTest.UWP.csproj", "{159A55AF-9531-4107-8444-CA9C96107EF5}"
EndProject
Project("{FAE04EC0-301F-11D3-BF4B-00C04F79EFBC}") = "NUnit.IntegrationTest", "IntegrationTests\NUnit\ClassLibrary1\NUnit.IntegrationTest\NUnit.IntegrationTest.csproj", "{B3C5129C-2B4E-432E-A1D3-433529CC8B8E}"
EndProject
Project("{FAE04EC0-301F-11D3-BF4B-00C04F79EFBC}") = "Net-Standard.iOS", "IntegrationTests\NET-Standard\Net-Standard.iOS\Net-Standard.iOS.csproj", "{4D486297-C4CD-4C8D-936A-BDEA4CF7B990}"
EndProject
Project("{2150E333-8FDC-42A3-9474-1A3956D46DE8}") = "Forms", "Forms", "{6686E817-E3C0-4274-96FD-EA97E3BEE244}"
EndProject
Project("{2150E333-8FDC-42A3-9474-1A3956D46DE8}") = "Native", "Native", "{D715B288-5C63-4707-8FBA-608768CBE777}"
EndProject
Project("{FAE04EC0-301F-11D3-BF4B-00C04F79EFBC}") = "TestsFinal.DroidNative", "TestsFinal.DroidNative\TestsFinal.DroidNative.csproj", "{D4461B2B-994B-4480-B295-35CB996B7A31}"
EndProject
Global
	GlobalSection(SolutionConfigurationPlatforms) = preSolution
		Ad-Hoc|Any CPU = Ad-Hoc|Any CPU
		Ad-Hoc|ARM = Ad-Hoc|ARM
		Ad-Hoc|iPhone = Ad-Hoc|iPhone
		Ad-Hoc|iPhoneSimulator = Ad-Hoc|iPhoneSimulator
		Ad-Hoc|x64 = Ad-Hoc|x64
		Ad-Hoc|x86 = Ad-Hoc|x86
		AppStore|Any CPU = AppStore|Any CPU
		AppStore|ARM = AppStore|ARM
		AppStore|iPhone = AppStore|iPhone
		AppStore|iPhoneSimulator = AppStore|iPhoneSimulator
		AppStore|x64 = AppStore|x64
		AppStore|x86 = AppStore|x86
		Debug|Any CPU = Debug|Any CPU
		Debug|ARM = Debug|ARM
		Debug|iPhone = Debug|iPhone
		Debug|iPhoneSimulator = Debug|iPhoneSimulator
		Debug|x64 = Debug|x64
		Debug|x86 = Debug|x86
		Release|Any CPU = Release|Any CPU
		Release|ARM = Release|ARM
		Release|iPhone = Release|iPhone
		Release|iPhoneSimulator = Release|iPhoneSimulator
		Release|x64 = Release|x64
		Release|x86 = Release|x86
	EndGlobalSection
	GlobalSection(ProjectConfigurationPlatforms) = postSolution
		{7D11792D-CAC0-4832-AFBA-E413468C2A14}.Ad-Hoc|Any CPU.ActiveCfg = Release|Any CPU
		{7D11792D-CAC0-4832-AFBA-E413468C2A14}.Ad-Hoc|Any CPU.Build.0 = Release|Any CPU
		{7D11792D-CAC0-4832-AFBA-E413468C2A14}.Ad-Hoc|Any CPU.Deploy.0 = Release|Any CPU
		{7D11792D-CAC0-4832-AFBA-E413468C2A14}.Ad-Hoc|ARM.ActiveCfg = Release|Any CPU
		{7D11792D-CAC0-4832-AFBA-E413468C2A14}.Ad-Hoc|ARM.Build.0 = Release|Any CPU
		{7D11792D-CAC0-4832-AFBA-E413468C2A14}.Ad-Hoc|ARM.Deploy.0 = Release|Any CPU
		{7D11792D-CAC0-4832-AFBA-E413468C2A14}.Ad-Hoc|iPhone.ActiveCfg = Release|Any CPU
		{7D11792D-CAC0-4832-AFBA-E413468C2A14}.Ad-Hoc|iPhone.Build.0 = Release|Any CPU
		{7D11792D-CAC0-4832-AFBA-E413468C2A14}.Ad-Hoc|iPhone.Deploy.0 = Release|Any CPU
		{7D11792D-CAC0-4832-AFBA-E413468C2A14}.Ad-Hoc|iPhoneSimulator.ActiveCfg = Release|Any CPU
		{7D11792D-CAC0-4832-AFBA-E413468C2A14}.Ad-Hoc|iPhoneSimulator.Build.0 = Release|Any CPU
		{7D11792D-CAC0-4832-AFBA-E413468C2A14}.Ad-Hoc|iPhoneSimulator.Deploy.0 = Release|Any CPU
		{7D11792D-CAC0-4832-AFBA-E413468C2A14}.Ad-Hoc|x64.ActiveCfg = Release|Any CPU
		{7D11792D-CAC0-4832-AFBA-E413468C2A14}.Ad-Hoc|x64.Build.0 = Release|Any CPU
		{7D11792D-CAC0-4832-AFBA-E413468C2A14}.Ad-Hoc|x64.Deploy.0 = Release|Any CPU
		{7D11792D-CAC0-4832-AFBA-E413468C2A14}.Ad-Hoc|x86.ActiveCfg = Release|Any CPU
		{7D11792D-CAC0-4832-AFBA-E413468C2A14}.Ad-Hoc|x86.Build.0 = Release|Any CPU
		{7D11792D-CAC0-4832-AFBA-E413468C2A14}.Ad-Hoc|x86.Deploy.0 = Release|Any CPU
		{7D11792D-CAC0-4832-AFBA-E413468C2A14}.AppStore|Any CPU.ActiveCfg = Release|Any CPU
		{7D11792D-CAC0-4832-AFBA-E413468C2A14}.AppStore|Any CPU.Build.0 = Release|Any CPU
		{7D11792D-CAC0-4832-AFBA-E413468C2A14}.AppStore|Any CPU.Deploy.0 = Release|Any CPU
		{7D11792D-CAC0-4832-AFBA-E413468C2A14}.AppStore|ARM.ActiveCfg = Release|Any CPU
		{7D11792D-CAC0-4832-AFBA-E413468C2A14}.AppStore|ARM.Build.0 = Release|Any CPU
		{7D11792D-CAC0-4832-AFBA-E413468C2A14}.AppStore|ARM.Deploy.0 = Release|Any CPU
		{7D11792D-CAC0-4832-AFBA-E413468C2A14}.AppStore|iPhone.ActiveCfg = Release|Any CPU
		{7D11792D-CAC0-4832-AFBA-E413468C2A14}.AppStore|iPhone.Build.0 = Release|Any CPU
		{7D11792D-CAC0-4832-AFBA-E413468C2A14}.AppStore|iPhone.Deploy.0 = Release|Any CPU
		{7D11792D-CAC0-4832-AFBA-E413468C2A14}.AppStore|iPhoneSimulator.ActiveCfg = Release|Any CPU
		{7D11792D-CAC0-4832-AFBA-E413468C2A14}.AppStore|iPhoneSimulator.Build.0 = Release|Any CPU
		{7D11792D-CAC0-4832-AFBA-E413468C2A14}.AppStore|iPhoneSimulator.Deploy.0 = Release|Any CPU
		{7D11792D-CAC0-4832-AFBA-E413468C2A14}.AppStore|x64.ActiveCfg = Release|Any CPU
		{7D11792D-CAC0-4832-AFBA-E413468C2A14}.AppStore|x64.Build.0 = Release|Any CPU
		{7D11792D-CAC0-4832-AFBA-E413468C2A14}.AppStore|x64.Deploy.0 = Release|Any CPU
		{7D11792D-CAC0-4832-AFBA-E413468C2A14}.AppStore|x86.ActiveCfg = Release|Any CPU
		{7D11792D-CAC0-4832-AFBA-E413468C2A14}.AppStore|x86.Build.0 = Release|Any CPU
		{7D11792D-CAC0-4832-AFBA-E413468C2A14}.AppStore|x86.Deploy.0 = Release|Any CPU
		{7D11792D-CAC0-4832-AFBA-E413468C2A14}.Debug|Any CPU.ActiveCfg = Debug|Any CPU
		{7D11792D-CAC0-4832-AFBA-E413468C2A14}.Debug|Any CPU.Build.0 = Debug|Any CPU
		{7D11792D-CAC0-4832-AFBA-E413468C2A14}.Debug|Any CPU.Deploy.0 = Debug|Any CPU
		{7D11792D-CAC0-4832-AFBA-E413468C2A14}.Debug|ARM.ActiveCfg = Debug|Any CPU
		{7D11792D-CAC0-4832-AFBA-E413468C2A14}.Debug|ARM.Build.0 = Debug|Any CPU
		{7D11792D-CAC0-4832-AFBA-E413468C2A14}.Debug|ARM.Deploy.0 = Debug|Any CPU
		{7D11792D-CAC0-4832-AFBA-E413468C2A14}.Debug|iPhone.ActiveCfg = Debug|Any CPU
		{7D11792D-CAC0-4832-AFBA-E413468C2A14}.Debug|iPhone.Build.0 = Debug|Any CPU
		{7D11792D-CAC0-4832-AFBA-E413468C2A14}.Debug|iPhone.Deploy.0 = Debug|Any CPU
		{7D11792D-CAC0-4832-AFBA-E413468C2A14}.Debug|iPhoneSimulator.ActiveCfg = Debug|Any CPU
		{7D11792D-CAC0-4832-AFBA-E413468C2A14}.Debug|iPhoneSimulator.Build.0 = Debug|Any CPU
		{7D11792D-CAC0-4832-AFBA-E413468C2A14}.Debug|iPhoneSimulator.Deploy.0 = Debug|Any CPU
		{7D11792D-CAC0-4832-AFBA-E413468C2A14}.Debug|x64.ActiveCfg = Debug|Any CPU
		{7D11792D-CAC0-4832-AFBA-E413468C2A14}.Debug|x64.Build.0 = Debug|Any CPU
		{7D11792D-CAC0-4832-AFBA-E413468C2A14}.Debug|x64.Deploy.0 = Debug|Any CPU
		{7D11792D-CAC0-4832-AFBA-E413468C2A14}.Debug|x86.ActiveCfg = Debug|Any CPU
		{7D11792D-CAC0-4832-AFBA-E413468C2A14}.Debug|x86.Build.0 = Debug|Any CPU
		{7D11792D-CAC0-4832-AFBA-E413468C2A14}.Debug|x86.Deploy.0 = Debug|Any CPU
		{7D11792D-CAC0-4832-AFBA-E413468C2A14}.Release|Any CPU.ActiveCfg = Release|Any CPU
		{7D11792D-CAC0-4832-AFBA-E413468C2A14}.Release|Any CPU.Build.0 = Release|Any CPU
		{7D11792D-CAC0-4832-AFBA-E413468C2A14}.Release|Any CPU.Deploy.0 = Release|Any CPU
		{7D11792D-CAC0-4832-AFBA-E413468C2A14}.Release|ARM.ActiveCfg = Release|Any CPU
		{7D11792D-CAC0-4832-AFBA-E413468C2A14}.Release|ARM.Build.0 = Release|Any CPU
		{7D11792D-CAC0-4832-AFBA-E413468C2A14}.Release|ARM.Deploy.0 = Release|Any CPU
		{7D11792D-CAC0-4832-AFBA-E413468C2A14}.Release|iPhone.ActiveCfg = Release|Any CPU
		{7D11792D-CAC0-4832-AFBA-E413468C2A14}.Release|iPhone.Build.0 = Release|Any CPU
		{7D11792D-CAC0-4832-AFBA-E413468C2A14}.Release|iPhone.Deploy.0 = Release|Any CPU
		{7D11792D-CAC0-4832-AFBA-E413468C2A14}.Release|iPhoneSimulator.ActiveCfg = Release|Any CPU
		{7D11792D-CAC0-4832-AFBA-E413468C2A14}.Release|iPhoneSimulator.Build.0 = Release|Any CPU
		{7D11792D-CAC0-4832-AFBA-E413468C2A14}.Release|iPhoneSimulator.Deploy.0 = Release|Any CPU
		{7D11792D-CAC0-4832-AFBA-E413468C2A14}.Release|x64.ActiveCfg = Release|Any CPU
		{7D11792D-CAC0-4832-AFBA-E413468C2A14}.Release|x64.Build.0 = Release|Any CPU
		{7D11792D-CAC0-4832-AFBA-E413468C2A14}.Release|x64.Deploy.0 = Release|Any CPU
		{7D11792D-CAC0-4832-AFBA-E413468C2A14}.Release|x86.ActiveCfg = Release|Any CPU
		{7D11792D-CAC0-4832-AFBA-E413468C2A14}.Release|x86.Build.0 = Release|Any CPU
		{7D11792D-CAC0-4832-AFBA-E413468C2A14}.Release|x86.Deploy.0 = Release|Any CPU
		{A97A979B-F5B1-4E9F-930C-E691E9AFABE2}.Ad-Hoc|Any CPU.ActiveCfg = Release|Any CPU
		{A97A979B-F5B1-4E9F-930C-E691E9AFABE2}.Ad-Hoc|Any CPU.Build.0 = Release|Any CPU
		{A97A979B-F5B1-4E9F-930C-E691E9AFABE2}.Ad-Hoc|ARM.ActiveCfg = Release|Any CPU
		{A97A979B-F5B1-4E9F-930C-E691E9AFABE2}.Ad-Hoc|ARM.Build.0 = Release|Any CPU
		{A97A979B-F5B1-4E9F-930C-E691E9AFABE2}.Ad-Hoc|iPhone.ActiveCfg = Release|Any CPU
		{A97A979B-F5B1-4E9F-930C-E691E9AFABE2}.Ad-Hoc|iPhone.Build.0 = Release|Any CPU
		{A97A979B-F5B1-4E9F-930C-E691E9AFABE2}.Ad-Hoc|iPhoneSimulator.ActiveCfg = Release|Any CPU
		{A97A979B-F5B1-4E9F-930C-E691E9AFABE2}.Ad-Hoc|iPhoneSimulator.Build.0 = Release|Any CPU
		{A97A979B-F5B1-4E9F-930C-E691E9AFABE2}.Ad-Hoc|x64.ActiveCfg = Release|Any CPU
		{A97A979B-F5B1-4E9F-930C-E691E9AFABE2}.Ad-Hoc|x64.Build.0 = Release|Any CPU
		{A97A979B-F5B1-4E9F-930C-E691E9AFABE2}.Ad-Hoc|x86.ActiveCfg = Release|Any CPU
		{A97A979B-F5B1-4E9F-930C-E691E9AFABE2}.Ad-Hoc|x86.Build.0 = Release|Any CPU
		{A97A979B-F5B1-4E9F-930C-E691E9AFABE2}.AppStore|Any CPU.ActiveCfg = Release|Any CPU
		{A97A979B-F5B1-4E9F-930C-E691E9AFABE2}.AppStore|Any CPU.Build.0 = Release|Any CPU
		{A97A979B-F5B1-4E9F-930C-E691E9AFABE2}.AppStore|ARM.ActiveCfg = Release|Any CPU
		{A97A979B-F5B1-4E9F-930C-E691E9AFABE2}.AppStore|ARM.Build.0 = Release|Any CPU
		{A97A979B-F5B1-4E9F-930C-E691E9AFABE2}.AppStore|iPhone.ActiveCfg = Release|Any CPU
		{A97A979B-F5B1-4E9F-930C-E691E9AFABE2}.AppStore|iPhone.Build.0 = Release|Any CPU
		{A97A979B-F5B1-4E9F-930C-E691E9AFABE2}.AppStore|iPhoneSimulator.ActiveCfg = Release|Any CPU
		{A97A979B-F5B1-4E9F-930C-E691E9AFABE2}.AppStore|iPhoneSimulator.Build.0 = Release|Any CPU
		{A97A979B-F5B1-4E9F-930C-E691E9AFABE2}.AppStore|x64.ActiveCfg = Release|Any CPU
		{A97A979B-F5B1-4E9F-930C-E691E9AFABE2}.AppStore|x64.Build.0 = Release|Any CPU
		{A97A979B-F5B1-4E9F-930C-E691E9AFABE2}.AppStore|x86.ActiveCfg = Release|Any CPU
		{A97A979B-F5B1-4E9F-930C-E691E9AFABE2}.AppStore|x86.Build.0 = Release|Any CPU
		{A97A979B-F5B1-4E9F-930C-E691E9AFABE2}.Debug|Any CPU.ActiveCfg = Debug|Any CPU
		{A97A979B-F5B1-4E9F-930C-E691E9AFABE2}.Debug|Any CPU.Build.0 = Debug|Any CPU
		{A97A979B-F5B1-4E9F-930C-E691E9AFABE2}.Debug|ARM.ActiveCfg = Debug|Any CPU
		{A97A979B-F5B1-4E9F-930C-E691E9AFABE2}.Debug|ARM.Build.0 = Debug|Any CPU
		{A97A979B-F5B1-4E9F-930C-E691E9AFABE2}.Debug|iPhone.ActiveCfg = Debug|Any CPU
		{A97A979B-F5B1-4E9F-930C-E691E9AFABE2}.Debug|iPhone.Build.0 = Debug|Any CPU
		{A97A979B-F5B1-4E9F-930C-E691E9AFABE2}.Debug|iPhoneSimulator.ActiveCfg = Debug|Any CPU
		{A97A979B-F5B1-4E9F-930C-E691E9AFABE2}.Debug|iPhoneSimulator.Build.0 = Debug|Any CPU
		{A97A979B-F5B1-4E9F-930C-E691E9AFABE2}.Debug|x64.ActiveCfg = Debug|Any CPU
		{A97A979B-F5B1-4E9F-930C-E691E9AFABE2}.Debug|x64.Build.0 = Debug|Any CPU
		{A97A979B-F5B1-4E9F-930C-E691E9AFABE2}.Debug|x86.ActiveCfg = Debug|Any CPU
		{A97A979B-F5B1-4E9F-930C-E691E9AFABE2}.Debug|x86.Build.0 = Debug|Any CPU
		{A97A979B-F5B1-4E9F-930C-E691E9AFABE2}.Release|Any CPU.ActiveCfg = Release|Any CPU
		{A97A979B-F5B1-4E9F-930C-E691E9AFABE2}.Release|Any CPU.Build.0 = Release|Any CPU
		{A97A979B-F5B1-4E9F-930C-E691E9AFABE2}.Release|ARM.ActiveCfg = Release|Any CPU
		{A97A979B-F5B1-4E9F-930C-E691E9AFABE2}.Release|ARM.Build.0 = Release|Any CPU
		{A97A979B-F5B1-4E9F-930C-E691E9AFABE2}.Release|iPhone.ActiveCfg = Release|Any CPU
		{A97A979B-F5B1-4E9F-930C-E691E9AFABE2}.Release|iPhone.Build.0 = Release|Any CPU
		{A97A979B-F5B1-4E9F-930C-E691E9AFABE2}.Release|iPhoneSimulator.ActiveCfg = Release|Any CPU
		{A97A979B-F5B1-4E9F-930C-E691E9AFABE2}.Release|iPhoneSimulator.Build.0 = Release|Any CPU
		{A97A979B-F5B1-4E9F-930C-E691E9AFABE2}.Release|x64.ActiveCfg = Release|Any CPU
		{A97A979B-F5B1-4E9F-930C-E691E9AFABE2}.Release|x64.Build.0 = Release|Any CPU
		{A97A979B-F5B1-4E9F-930C-E691E9AFABE2}.Release|x86.ActiveCfg = Release|Any CPU
		{A97A979B-F5B1-4E9F-930C-E691E9AFABE2}.Release|x86.Build.0 = Release|Any CPU
		{C15C1303-BA93-44D8-9BA9-649E4B477364}.Ad-Hoc|Any CPU.ActiveCfg = Release|x86
		{C15C1303-BA93-44D8-9BA9-649E4B477364}.Ad-Hoc|Any CPU.Build.0 = Release|x86
		{C15C1303-BA93-44D8-9BA9-649E4B477364}.Ad-Hoc|Any CPU.Deploy.0 = Release|x86
		{C15C1303-BA93-44D8-9BA9-649E4B477364}.Ad-Hoc|ARM.ActiveCfg = Release|ARM
		{C15C1303-BA93-44D8-9BA9-649E4B477364}.Ad-Hoc|ARM.Build.0 = Release|ARM
		{C15C1303-BA93-44D8-9BA9-649E4B477364}.Ad-Hoc|ARM.Deploy.0 = Release|ARM
		{C15C1303-BA93-44D8-9BA9-649E4B477364}.Ad-Hoc|iPhone.ActiveCfg = Release|x86
		{C15C1303-BA93-44D8-9BA9-649E4B477364}.Ad-Hoc|iPhone.Build.0 = Release|x86
		{C15C1303-BA93-44D8-9BA9-649E4B477364}.Ad-Hoc|iPhone.Deploy.0 = Release|x86
		{C15C1303-BA93-44D8-9BA9-649E4B477364}.Ad-Hoc|iPhoneSimulator.ActiveCfg = Release|x86
		{C15C1303-BA93-44D8-9BA9-649E4B477364}.Ad-Hoc|iPhoneSimulator.Build.0 = Release|x86
		{C15C1303-BA93-44D8-9BA9-649E4B477364}.Ad-Hoc|iPhoneSimulator.Deploy.0 = Release|x86
		{C15C1303-BA93-44D8-9BA9-649E4B477364}.Ad-Hoc|x64.ActiveCfg = Release|x64
		{C15C1303-BA93-44D8-9BA9-649E4B477364}.Ad-Hoc|x64.Build.0 = Release|x64
		{C15C1303-BA93-44D8-9BA9-649E4B477364}.Ad-Hoc|x64.Deploy.0 = Release|x64
		{C15C1303-BA93-44D8-9BA9-649E4B477364}.Ad-Hoc|x86.ActiveCfg = Release|x86
		{C15C1303-BA93-44D8-9BA9-649E4B477364}.Ad-Hoc|x86.Build.0 = Release|x86
		{C15C1303-BA93-44D8-9BA9-649E4B477364}.Ad-Hoc|x86.Deploy.0 = Release|x86
		{C15C1303-BA93-44D8-9BA9-649E4B477364}.AppStore|Any CPU.ActiveCfg = Release|x86
		{C15C1303-BA93-44D8-9BA9-649E4B477364}.AppStore|Any CPU.Build.0 = Release|x86
		{C15C1303-BA93-44D8-9BA9-649E4B477364}.AppStore|Any CPU.Deploy.0 = Release|x86
		{C15C1303-BA93-44D8-9BA9-649E4B477364}.AppStore|ARM.ActiveCfg = Release|ARM
		{C15C1303-BA93-44D8-9BA9-649E4B477364}.AppStore|ARM.Build.0 = Release|ARM
		{C15C1303-BA93-44D8-9BA9-649E4B477364}.AppStore|ARM.Deploy.0 = Release|ARM
		{C15C1303-BA93-44D8-9BA9-649E4B477364}.AppStore|iPhone.ActiveCfg = Release|x86
		{C15C1303-BA93-44D8-9BA9-649E4B477364}.AppStore|iPhone.Build.0 = Release|x86
		{C15C1303-BA93-44D8-9BA9-649E4B477364}.AppStore|iPhone.Deploy.0 = Release|x86
		{C15C1303-BA93-44D8-9BA9-649E4B477364}.AppStore|iPhoneSimulator.ActiveCfg = Release|x86
		{C15C1303-BA93-44D8-9BA9-649E4B477364}.AppStore|iPhoneSimulator.Build.0 = Release|x86
		{C15C1303-BA93-44D8-9BA9-649E4B477364}.AppStore|iPhoneSimulator.Deploy.0 = Release|x86
		{C15C1303-BA93-44D8-9BA9-649E4B477364}.AppStore|x64.ActiveCfg = Release|x64
		{C15C1303-BA93-44D8-9BA9-649E4B477364}.AppStore|x64.Build.0 = Release|x64
		{C15C1303-BA93-44D8-9BA9-649E4B477364}.AppStore|x64.Deploy.0 = Release|x64
		{C15C1303-BA93-44D8-9BA9-649E4B477364}.AppStore|x86.ActiveCfg = Release|x86
		{C15C1303-BA93-44D8-9BA9-649E4B477364}.AppStore|x86.Build.0 = Release|x86
		{C15C1303-BA93-44D8-9BA9-649E4B477364}.AppStore|x86.Deploy.0 = Release|x86
		{C15C1303-BA93-44D8-9BA9-649E4B477364}.Debug|Any CPU.ActiveCfg = Debug|x86
		{C15C1303-BA93-44D8-9BA9-649E4B477364}.Debug|ARM.ActiveCfg = Debug|ARM
		{C15C1303-BA93-44D8-9BA9-649E4B477364}.Debug|ARM.Build.0 = Debug|ARM
		{C15C1303-BA93-44D8-9BA9-649E4B477364}.Debug|ARM.Deploy.0 = Debug|ARM
		{C15C1303-BA93-44D8-9BA9-649E4B477364}.Debug|iPhone.ActiveCfg = Debug|x86
		{C15C1303-BA93-44D8-9BA9-649E4B477364}.Debug|iPhoneSimulator.ActiveCfg = Debug|x86
		{C15C1303-BA93-44D8-9BA9-649E4B477364}.Debug|x64.ActiveCfg = Debug|x64
		{C15C1303-BA93-44D8-9BA9-649E4B477364}.Debug|x64.Build.0 = Debug|x64
		{C15C1303-BA93-44D8-9BA9-649E4B477364}.Debug|x64.Deploy.0 = Debug|x64
		{C15C1303-BA93-44D8-9BA9-649E4B477364}.Debug|x86.ActiveCfg = Debug|x86
		{C15C1303-BA93-44D8-9BA9-649E4B477364}.Debug|x86.Build.0 = Debug|x86
		{C15C1303-BA93-44D8-9BA9-649E4B477364}.Debug|x86.Deploy.0 = Debug|x86
		{C15C1303-BA93-44D8-9BA9-649E4B477364}.Release|Any CPU.ActiveCfg = Release|x86
		{C15C1303-BA93-44D8-9BA9-649E4B477364}.Release|ARM.ActiveCfg = Release|ARM
		{C15C1303-BA93-44D8-9BA9-649E4B477364}.Release|ARM.Build.0 = Release|ARM
		{C15C1303-BA93-44D8-9BA9-649E4B477364}.Release|ARM.Deploy.0 = Release|ARM
		{C15C1303-BA93-44D8-9BA9-649E4B477364}.Release|iPhone.ActiveCfg = Release|x86
		{C15C1303-BA93-44D8-9BA9-649E4B477364}.Release|iPhoneSimulator.ActiveCfg = Release|x86
		{C15C1303-BA93-44D8-9BA9-649E4B477364}.Release|x64.ActiveCfg = Release|x64
		{C15C1303-BA93-44D8-9BA9-649E4B477364}.Release|x64.Build.0 = Release|x64
		{C15C1303-BA93-44D8-9BA9-649E4B477364}.Release|x64.Deploy.0 = Release|x64
		{C15C1303-BA93-44D8-9BA9-649E4B477364}.Release|x86.ActiveCfg = Release|x86
		{C15C1303-BA93-44D8-9BA9-649E4B477364}.Release|x86.Build.0 = Release|x86
		{C15C1303-BA93-44D8-9BA9-649E4B477364}.Release|x86.Deploy.0 = Release|x86
		{FCB5F0ED-4F24-41A9-B1BF-9D3C6CE30D76}.Ad-Hoc|Any CPU.ActiveCfg = Ad-Hoc|iPhone
		{FCB5F0ED-4F24-41A9-B1BF-9D3C6CE30D76}.Ad-Hoc|ARM.ActiveCfg = Ad-Hoc|iPhone
		{FCB5F0ED-4F24-41A9-B1BF-9D3C6CE30D76}.Ad-Hoc|iPhone.ActiveCfg = Ad-Hoc|iPhone
		{FCB5F0ED-4F24-41A9-B1BF-9D3C6CE30D76}.Ad-Hoc|iPhone.Build.0 = Ad-Hoc|iPhone
		{FCB5F0ED-4F24-41A9-B1BF-9D3C6CE30D76}.Ad-Hoc|iPhoneSimulator.ActiveCfg = Ad-Hoc|iPhoneSimulator
		{FCB5F0ED-4F24-41A9-B1BF-9D3C6CE30D76}.Ad-Hoc|iPhoneSimulator.Build.0 = Ad-Hoc|iPhoneSimulator
		{FCB5F0ED-4F24-41A9-B1BF-9D3C6CE30D76}.Ad-Hoc|x64.ActiveCfg = Ad-Hoc|iPhone
		{FCB5F0ED-4F24-41A9-B1BF-9D3C6CE30D76}.Ad-Hoc|x86.ActiveCfg = Ad-Hoc|iPhone
		{FCB5F0ED-4F24-41A9-B1BF-9D3C6CE30D76}.AppStore|Any CPU.ActiveCfg = AppStore|iPhone
		{FCB5F0ED-4F24-41A9-B1BF-9D3C6CE30D76}.AppStore|ARM.ActiveCfg = AppStore|iPhone
		{FCB5F0ED-4F24-41A9-B1BF-9D3C6CE30D76}.AppStore|iPhone.ActiveCfg = AppStore|iPhone
		{FCB5F0ED-4F24-41A9-B1BF-9D3C6CE30D76}.AppStore|iPhone.Build.0 = AppStore|iPhone
		{FCB5F0ED-4F24-41A9-B1BF-9D3C6CE30D76}.AppStore|iPhoneSimulator.ActiveCfg = AppStore|iPhoneSimulator
		{FCB5F0ED-4F24-41A9-B1BF-9D3C6CE30D76}.AppStore|iPhoneSimulator.Build.0 = AppStore|iPhoneSimulator
		{FCB5F0ED-4F24-41A9-B1BF-9D3C6CE30D76}.AppStore|x64.ActiveCfg = AppStore|iPhone
		{FCB5F0ED-4F24-41A9-B1BF-9D3C6CE30D76}.AppStore|x86.ActiveCfg = AppStore|iPhone
		{FCB5F0ED-4F24-41A9-B1BF-9D3C6CE30D76}.Debug|Any CPU.ActiveCfg = Debug|iPhone
		{FCB5F0ED-4F24-41A9-B1BF-9D3C6CE30D76}.Debug|ARM.ActiveCfg = Debug|iPhone
		{FCB5F0ED-4F24-41A9-B1BF-9D3C6CE30D76}.Debug|iPhone.ActiveCfg = Debug|iPhone
		{FCB5F0ED-4F24-41A9-B1BF-9D3C6CE30D76}.Debug|iPhone.Build.0 = Debug|iPhone
		{FCB5F0ED-4F24-41A9-B1BF-9D3C6CE30D76}.Debug|iPhoneSimulator.ActiveCfg = Debug|iPhoneSimulator
		{FCB5F0ED-4F24-41A9-B1BF-9D3C6CE30D76}.Debug|iPhoneSimulator.Build.0 = Debug|iPhoneSimulator
		{FCB5F0ED-4F24-41A9-B1BF-9D3C6CE30D76}.Debug|x64.ActiveCfg = Debug|iPhone
		{FCB5F0ED-4F24-41A9-B1BF-9D3C6CE30D76}.Debug|x86.ActiveCfg = Debug|iPhone
		{FCB5F0ED-4F24-41A9-B1BF-9D3C6CE30D76}.Release|Any CPU.ActiveCfg = Release|iPhone
		{FCB5F0ED-4F24-41A9-B1BF-9D3C6CE30D76}.Release|ARM.ActiveCfg = Release|iPhone
		{FCB5F0ED-4F24-41A9-B1BF-9D3C6CE30D76}.Release|iPhone.ActiveCfg = Release|iPhone
		{FCB5F0ED-4F24-41A9-B1BF-9D3C6CE30D76}.Release|iPhone.Build.0 = Release|iPhone
		{FCB5F0ED-4F24-41A9-B1BF-9D3C6CE30D76}.Release|iPhoneSimulator.ActiveCfg = Release|iPhoneSimulator
		{FCB5F0ED-4F24-41A9-B1BF-9D3C6CE30D76}.Release|iPhoneSimulator.Build.0 = Release|iPhoneSimulator
		{FCB5F0ED-4F24-41A9-B1BF-9D3C6CE30D76}.Release|x64.ActiveCfg = Release|iPhone
		{FCB5F0ED-4F24-41A9-B1BF-9D3C6CE30D76}.Release|x86.ActiveCfg = Release|iPhone
		{4FB7B8A0-6571-4B41-B44D-5206B4583E7B}.Ad-Hoc|Any CPU.ActiveCfg = Release|Any CPU
		{4FB7B8A0-6571-4B41-B44D-5206B4583E7B}.Ad-Hoc|Any CPU.Build.0 = Release|Any CPU
		{4FB7B8A0-6571-4B41-B44D-5206B4583E7B}.Ad-Hoc|ARM.ActiveCfg = Release|Any CPU
		{4FB7B8A0-6571-4B41-B44D-5206B4583E7B}.Ad-Hoc|ARM.Build.0 = Release|Any CPU
		{4FB7B8A0-6571-4B41-B44D-5206B4583E7B}.Ad-Hoc|iPhone.ActiveCfg = Release|Any CPU
		{4FB7B8A0-6571-4B41-B44D-5206B4583E7B}.Ad-Hoc|iPhone.Build.0 = Release|Any CPU
		{4FB7B8A0-6571-4B41-B44D-5206B4583E7B}.Ad-Hoc|iPhoneSimulator.ActiveCfg = Release|Any CPU
		{4FB7B8A0-6571-4B41-B44D-5206B4583E7B}.Ad-Hoc|iPhoneSimulator.Build.0 = Release|Any CPU
		{4FB7B8A0-6571-4B41-B44D-5206B4583E7B}.Ad-Hoc|x64.ActiveCfg = Release|Any CPU
		{4FB7B8A0-6571-4B41-B44D-5206B4583E7B}.Ad-Hoc|x64.Build.0 = Release|Any CPU
		{4FB7B8A0-6571-4B41-B44D-5206B4583E7B}.Ad-Hoc|x86.ActiveCfg = Release|Any CPU
		{4FB7B8A0-6571-4B41-B44D-5206B4583E7B}.Ad-Hoc|x86.Build.0 = Release|Any CPU
		{4FB7B8A0-6571-4B41-B44D-5206B4583E7B}.AppStore|Any CPU.ActiveCfg = Release|Any CPU
		{4FB7B8A0-6571-4B41-B44D-5206B4583E7B}.AppStore|Any CPU.Build.0 = Release|Any CPU
		{4FB7B8A0-6571-4B41-B44D-5206B4583E7B}.AppStore|ARM.ActiveCfg = Release|Any CPU
		{4FB7B8A0-6571-4B41-B44D-5206B4583E7B}.AppStore|ARM.Build.0 = Release|Any CPU
		{4FB7B8A0-6571-4B41-B44D-5206B4583E7B}.AppStore|iPhone.ActiveCfg = Release|Any CPU
		{4FB7B8A0-6571-4B41-B44D-5206B4583E7B}.AppStore|iPhone.Build.0 = Release|Any CPU
		{4FB7B8A0-6571-4B41-B44D-5206B4583E7B}.AppStore|iPhoneSimulator.ActiveCfg = Release|Any CPU
		{4FB7B8A0-6571-4B41-B44D-5206B4583E7B}.AppStore|iPhoneSimulator.Build.0 = Release|Any CPU
		{4FB7B8A0-6571-4B41-B44D-5206B4583E7B}.AppStore|x64.ActiveCfg = Release|Any CPU
		{4FB7B8A0-6571-4B41-B44D-5206B4583E7B}.AppStore|x64.Build.0 = Release|Any CPU
		{4FB7B8A0-6571-4B41-B44D-5206B4583E7B}.AppStore|x86.ActiveCfg = Release|Any CPU
		{4FB7B8A0-6571-4B41-B44D-5206B4583E7B}.AppStore|x86.Build.0 = Release|Any CPU
		{4FB7B8A0-6571-4B41-B44D-5206B4583E7B}.Debug|Any CPU.ActiveCfg = Debug|Any CPU
		{4FB7B8A0-6571-4B41-B44D-5206B4583E7B}.Debug|Any CPU.Build.0 = Debug|Any CPU
		{4FB7B8A0-6571-4B41-B44D-5206B4583E7B}.Debug|ARM.ActiveCfg = Debug|Any CPU
		{4FB7B8A0-6571-4B41-B44D-5206B4583E7B}.Debug|ARM.Build.0 = Debug|Any CPU
		{4FB7B8A0-6571-4B41-B44D-5206B4583E7B}.Debug|iPhone.ActiveCfg = Debug|Any CPU
		{4FB7B8A0-6571-4B41-B44D-5206B4583E7B}.Debug|iPhone.Build.0 = Debug|Any CPU
		{4FB7B8A0-6571-4B41-B44D-5206B4583E7B}.Debug|iPhoneSimulator.ActiveCfg = Debug|Any CPU
		{4FB7B8A0-6571-4B41-B44D-5206B4583E7B}.Debug|iPhoneSimulator.Build.0 = Debug|Any CPU
		{4FB7B8A0-6571-4B41-B44D-5206B4583E7B}.Debug|x64.ActiveCfg = Debug|Any CPU
		{4FB7B8A0-6571-4B41-B44D-5206B4583E7B}.Debug|x64.Build.0 = Debug|Any CPU
		{4FB7B8A0-6571-4B41-B44D-5206B4583E7B}.Debug|x86.ActiveCfg = Debug|Any CPU
		{4FB7B8A0-6571-4B41-B44D-5206B4583E7B}.Debug|x86.Build.0 = Debug|Any CPU
		{4FB7B8A0-6571-4B41-B44D-5206B4583E7B}.Release|Any CPU.ActiveCfg = Release|Any CPU
		{4FB7B8A0-6571-4B41-B44D-5206B4583E7B}.Release|Any CPU.Build.0 = Release|Any CPU
		{4FB7B8A0-6571-4B41-B44D-5206B4583E7B}.Release|ARM.ActiveCfg = Release|Any CPU
		{4FB7B8A0-6571-4B41-B44D-5206B4583E7B}.Release|ARM.Build.0 = Release|Any CPU
		{4FB7B8A0-6571-4B41-B44D-5206B4583E7B}.Release|iPhone.ActiveCfg = Release|Any CPU
		{4FB7B8A0-6571-4B41-B44D-5206B4583E7B}.Release|iPhone.Build.0 = Release|Any CPU
		{4FB7B8A0-6571-4B41-B44D-5206B4583E7B}.Release|iPhoneSimulator.ActiveCfg = Release|Any CPU
		{4FB7B8A0-6571-4B41-B44D-5206B4583E7B}.Release|iPhoneSimulator.Build.0 = Release|Any CPU
		{4FB7B8A0-6571-4B41-B44D-5206B4583E7B}.Release|x64.ActiveCfg = Release|Any CPU
		{4FB7B8A0-6571-4B41-B44D-5206B4583E7B}.Release|x64.Build.0 = Release|Any CPU
		{4FB7B8A0-6571-4B41-B44D-5206B4583E7B}.Release|x86.ActiveCfg = Release|Any CPU
		{4FB7B8A0-6571-4B41-B44D-5206B4583E7B}.Release|x86.Build.0 = Release|Any CPU
		{1EB99312-6865-47B1-88F6-EC7FC4D83511}.Ad-Hoc|Any CPU.ActiveCfg = Release|Any CPU
		{1EB99312-6865-47B1-88F6-EC7FC4D83511}.Ad-Hoc|Any CPU.Build.0 = Release|Any CPU
		{1EB99312-6865-47B1-88F6-EC7FC4D83511}.Ad-Hoc|ARM.ActiveCfg = Release|Any CPU
		{1EB99312-6865-47B1-88F6-EC7FC4D83511}.Ad-Hoc|ARM.Build.0 = Release|Any CPU
		{1EB99312-6865-47B1-88F6-EC7FC4D83511}.Ad-Hoc|iPhone.ActiveCfg = Release|Any CPU
		{1EB99312-6865-47B1-88F6-EC7FC4D83511}.Ad-Hoc|iPhone.Build.0 = Release|Any CPU
		{1EB99312-6865-47B1-88F6-EC7FC4D83511}.Ad-Hoc|iPhoneSimulator.ActiveCfg = Release|Any CPU
		{1EB99312-6865-47B1-88F6-EC7FC4D83511}.Ad-Hoc|iPhoneSimulator.Build.0 = Release|Any CPU
		{1EB99312-6865-47B1-88F6-EC7FC4D83511}.Ad-Hoc|x64.ActiveCfg = Release|Any CPU
		{1EB99312-6865-47B1-88F6-EC7FC4D83511}.Ad-Hoc|x64.Build.0 = Release|Any CPU
		{1EB99312-6865-47B1-88F6-EC7FC4D83511}.Ad-Hoc|x86.ActiveCfg = Release|Any CPU
		{1EB99312-6865-47B1-88F6-EC7FC4D83511}.Ad-Hoc|x86.Build.0 = Release|Any CPU
		{1EB99312-6865-47B1-88F6-EC7FC4D83511}.AppStore|Any CPU.ActiveCfg = Release|Any CPU
		{1EB99312-6865-47B1-88F6-EC7FC4D83511}.AppStore|Any CPU.Build.0 = Release|Any CPU
		{1EB99312-6865-47B1-88F6-EC7FC4D83511}.AppStore|ARM.ActiveCfg = Release|Any CPU
		{1EB99312-6865-47B1-88F6-EC7FC4D83511}.AppStore|ARM.Build.0 = Release|Any CPU
		{1EB99312-6865-47B1-88F6-EC7FC4D83511}.AppStore|iPhone.ActiveCfg = Release|Any CPU
		{1EB99312-6865-47B1-88F6-EC7FC4D83511}.AppStore|iPhone.Build.0 = Release|Any CPU
		{1EB99312-6865-47B1-88F6-EC7FC4D83511}.AppStore|iPhoneSimulator.ActiveCfg = Release|Any CPU
		{1EB99312-6865-47B1-88F6-EC7FC4D83511}.AppStore|iPhoneSimulator.Build.0 = Release|Any CPU
		{1EB99312-6865-47B1-88F6-EC7FC4D83511}.AppStore|x64.ActiveCfg = Release|Any CPU
		{1EB99312-6865-47B1-88F6-EC7FC4D83511}.AppStore|x64.Build.0 = Release|Any CPU
		{1EB99312-6865-47B1-88F6-EC7FC4D83511}.AppStore|x86.ActiveCfg = Release|Any CPU
		{1EB99312-6865-47B1-88F6-EC7FC4D83511}.AppStore|x86.Build.0 = Release|Any CPU
		{1EB99312-6865-47B1-88F6-EC7FC4D83511}.Debug|Any CPU.ActiveCfg = Debug|Any CPU
		{1EB99312-6865-47B1-88F6-EC7FC4D83511}.Debug|Any CPU.Build.0 = Debug|Any CPU
		{1EB99312-6865-47B1-88F6-EC7FC4D83511}.Debug|ARM.ActiveCfg = Debug|Any CPU
		{1EB99312-6865-47B1-88F6-EC7FC4D83511}.Debug|ARM.Build.0 = Debug|Any CPU
		{1EB99312-6865-47B1-88F6-EC7FC4D83511}.Debug|iPhone.ActiveCfg = Debug|Any CPU
		{1EB99312-6865-47B1-88F6-EC7FC4D83511}.Debug|iPhone.Build.0 = Debug|Any CPU
		{1EB99312-6865-47B1-88F6-EC7FC4D83511}.Debug|iPhoneSimulator.ActiveCfg = Debug|Any CPU
		{1EB99312-6865-47B1-88F6-EC7FC4D83511}.Debug|iPhoneSimulator.Build.0 = Debug|Any CPU
		{1EB99312-6865-47B1-88F6-EC7FC4D83511}.Debug|x64.ActiveCfg = Debug|Any CPU
		{1EB99312-6865-47B1-88F6-EC7FC4D83511}.Debug|x64.Build.0 = Debug|Any CPU
		{1EB99312-6865-47B1-88F6-EC7FC4D83511}.Debug|x86.ActiveCfg = Debug|Any CPU
		{1EB99312-6865-47B1-88F6-EC7FC4D83511}.Debug|x86.Build.0 = Debug|Any CPU
		{1EB99312-6865-47B1-88F6-EC7FC4D83511}.Release|Any CPU.ActiveCfg = Release|Any CPU
		{1EB99312-6865-47B1-88F6-EC7FC4D83511}.Release|Any CPU.Build.0 = Release|Any CPU
		{1EB99312-6865-47B1-88F6-EC7FC4D83511}.Release|ARM.ActiveCfg = Release|Any CPU
		{1EB99312-6865-47B1-88F6-EC7FC4D83511}.Release|ARM.Build.0 = Release|Any CPU
		{1EB99312-6865-47B1-88F6-EC7FC4D83511}.Release|iPhone.ActiveCfg = Release|Any CPU
		{1EB99312-6865-47B1-88F6-EC7FC4D83511}.Release|iPhone.Build.0 = Release|Any CPU
		{1EB99312-6865-47B1-88F6-EC7FC4D83511}.Release|iPhoneSimulator.ActiveCfg = Release|Any CPU
		{1EB99312-6865-47B1-88F6-EC7FC4D83511}.Release|iPhoneSimulator.Build.0 = Release|Any CPU
		{1EB99312-6865-47B1-88F6-EC7FC4D83511}.Release|x64.ActiveCfg = Release|Any CPU
		{1EB99312-6865-47B1-88F6-EC7FC4D83511}.Release|x64.Build.0 = Release|Any CPU
		{1EB99312-6865-47B1-88F6-EC7FC4D83511}.Release|x86.ActiveCfg = Release|Any CPU
		{1EB99312-6865-47B1-88F6-EC7FC4D83511}.Release|x86.Build.0 = Release|Any CPU
		{BFF9D6FC-807A-40B5-B503-AAFAA2397E2E}.Ad-Hoc|Any CPU.ActiveCfg = Release|Any CPU
		{BFF9D6FC-807A-40B5-B503-AAFAA2397E2E}.Ad-Hoc|Any CPU.Build.0 = Release|Any CPU
		{BFF9D6FC-807A-40B5-B503-AAFAA2397E2E}.Ad-Hoc|ARM.ActiveCfg = Release|Any CPU
		{BFF9D6FC-807A-40B5-B503-AAFAA2397E2E}.Ad-Hoc|ARM.Build.0 = Release|Any CPU
		{BFF9D6FC-807A-40B5-B503-AAFAA2397E2E}.Ad-Hoc|iPhone.ActiveCfg = Release|Any CPU
		{BFF9D6FC-807A-40B5-B503-AAFAA2397E2E}.Ad-Hoc|iPhone.Build.0 = Release|Any CPU
		{BFF9D6FC-807A-40B5-B503-AAFAA2397E2E}.Ad-Hoc|iPhoneSimulator.ActiveCfg = Release|Any CPU
		{BFF9D6FC-807A-40B5-B503-AAFAA2397E2E}.Ad-Hoc|iPhoneSimulator.Build.0 = Release|Any CPU
		{BFF9D6FC-807A-40B5-B503-AAFAA2397E2E}.Ad-Hoc|x64.ActiveCfg = Release|Any CPU
		{BFF9D6FC-807A-40B5-B503-AAFAA2397E2E}.Ad-Hoc|x64.Build.0 = Release|Any CPU
		{BFF9D6FC-807A-40B5-B503-AAFAA2397E2E}.Ad-Hoc|x86.ActiveCfg = Release|Any CPU
		{BFF9D6FC-807A-40B5-B503-AAFAA2397E2E}.Ad-Hoc|x86.Build.0 = Release|Any CPU
		{BFF9D6FC-807A-40B5-B503-AAFAA2397E2E}.AppStore|Any CPU.ActiveCfg = Release|Any CPU
		{BFF9D6FC-807A-40B5-B503-AAFAA2397E2E}.AppStore|Any CPU.Build.0 = Release|Any CPU
		{BFF9D6FC-807A-40B5-B503-AAFAA2397E2E}.AppStore|ARM.ActiveCfg = Release|Any CPU
		{BFF9D6FC-807A-40B5-B503-AAFAA2397E2E}.AppStore|ARM.Build.0 = Release|Any CPU
		{BFF9D6FC-807A-40B5-B503-AAFAA2397E2E}.AppStore|iPhone.ActiveCfg = Release|Any CPU
		{BFF9D6FC-807A-40B5-B503-AAFAA2397E2E}.AppStore|iPhone.Build.0 = Release|Any CPU
		{BFF9D6FC-807A-40B5-B503-AAFAA2397E2E}.AppStore|iPhoneSimulator.ActiveCfg = Release|Any CPU
		{BFF9D6FC-807A-40B5-B503-AAFAA2397E2E}.AppStore|iPhoneSimulator.Build.0 = Release|Any CPU
		{BFF9D6FC-807A-40B5-B503-AAFAA2397E2E}.AppStore|x64.ActiveCfg = Release|Any CPU
		{BFF9D6FC-807A-40B5-B503-AAFAA2397E2E}.AppStore|x64.Build.0 = Release|Any CPU
		{BFF9D6FC-807A-40B5-B503-AAFAA2397E2E}.AppStore|x86.ActiveCfg = Release|Any CPU
		{BFF9D6FC-807A-40B5-B503-AAFAA2397E2E}.AppStore|x86.Build.0 = Release|Any CPU
		{BFF9D6FC-807A-40B5-B503-AAFAA2397E2E}.Debug|Any CPU.ActiveCfg = Debug|Any CPU
		{BFF9D6FC-807A-40B5-B503-AAFAA2397E2E}.Debug|Any CPU.Build.0 = Debug|Any CPU
		{BFF9D6FC-807A-40B5-B503-AAFAA2397E2E}.Debug|ARM.ActiveCfg = Debug|Any CPU
		{BFF9D6FC-807A-40B5-B503-AAFAA2397E2E}.Debug|ARM.Build.0 = Debug|Any CPU
		{BFF9D6FC-807A-40B5-B503-AAFAA2397E2E}.Debug|iPhone.ActiveCfg = Debug|Any CPU
		{BFF9D6FC-807A-40B5-B503-AAFAA2397E2E}.Debug|iPhone.Build.0 = Debug|Any CPU
		{BFF9D6FC-807A-40B5-B503-AAFAA2397E2E}.Debug|iPhoneSimulator.ActiveCfg = Debug|Any CPU
		{BFF9D6FC-807A-40B5-B503-AAFAA2397E2E}.Debug|iPhoneSimulator.Build.0 = Debug|Any CPU
		{BFF9D6FC-807A-40B5-B503-AAFAA2397E2E}.Debug|x64.ActiveCfg = Debug|Any CPU
		{BFF9D6FC-807A-40B5-B503-AAFAA2397E2E}.Debug|x64.Build.0 = Debug|Any CPU
		{BFF9D6FC-807A-40B5-B503-AAFAA2397E2E}.Debug|x86.ActiveCfg = Debug|Any CPU
		{BFF9D6FC-807A-40B5-B503-AAFAA2397E2E}.Debug|x86.Build.0 = Debug|Any CPU
		{BFF9D6FC-807A-40B5-B503-AAFAA2397E2E}.Release|Any CPU.ActiveCfg = Release|Any CPU
		{BFF9D6FC-807A-40B5-B503-AAFAA2397E2E}.Release|Any CPU.Build.0 = Release|Any CPU
		{BFF9D6FC-807A-40B5-B503-AAFAA2397E2E}.Release|ARM.ActiveCfg = Release|Any CPU
		{BFF9D6FC-807A-40B5-B503-AAFAA2397E2E}.Release|ARM.Build.0 = Release|Any CPU
		{BFF9D6FC-807A-40B5-B503-AAFAA2397E2E}.Release|iPhone.ActiveCfg = Release|Any CPU
		{BFF9D6FC-807A-40B5-B503-AAFAA2397E2E}.Release|iPhone.Build.0 = Release|Any CPU
		{BFF9D6FC-807A-40B5-B503-AAFAA2397E2E}.Release|iPhoneSimulator.ActiveCfg = Release|Any CPU
		{BFF9D6FC-807A-40B5-B503-AAFAA2397E2E}.Release|iPhoneSimulator.Build.0 = Release|Any CPU
		{BFF9D6FC-807A-40B5-B503-AAFAA2397E2E}.Release|x64.ActiveCfg = Release|Any CPU
		{BFF9D6FC-807A-40B5-B503-AAFAA2397E2E}.Release|x64.Build.0 = Release|Any CPU
		{BFF9D6FC-807A-40B5-B503-AAFAA2397E2E}.Release|x86.ActiveCfg = Release|Any CPU
		{BFF9D6FC-807A-40B5-B503-AAFAA2397E2E}.Release|x86.Build.0 = Release|Any CPU
		{8EDF4429-251A-416D-BB68-93F227191BCF}.Ad-Hoc|Any CPU.ActiveCfg = Release|Any CPU
		{8EDF4429-251A-416D-BB68-93F227191BCF}.Ad-Hoc|Any CPU.Build.0 = Release|Any CPU
		{8EDF4429-251A-416D-BB68-93F227191BCF}.Ad-Hoc|ARM.ActiveCfg = Release|Any CPU
		{8EDF4429-251A-416D-BB68-93F227191BCF}.Ad-Hoc|ARM.Build.0 = Release|Any CPU
		{8EDF4429-251A-416D-BB68-93F227191BCF}.Ad-Hoc|iPhone.ActiveCfg = Release|Any CPU
		{8EDF4429-251A-416D-BB68-93F227191BCF}.Ad-Hoc|iPhone.Build.0 = Release|Any CPU
		{8EDF4429-251A-416D-BB68-93F227191BCF}.Ad-Hoc|iPhoneSimulator.ActiveCfg = Release|Any CPU
		{8EDF4429-251A-416D-BB68-93F227191BCF}.Ad-Hoc|iPhoneSimulator.Build.0 = Release|Any CPU
		{8EDF4429-251A-416D-BB68-93F227191BCF}.Ad-Hoc|x64.ActiveCfg = Release|Any CPU
		{8EDF4429-251A-416D-BB68-93F227191BCF}.Ad-Hoc|x64.Build.0 = Release|Any CPU
		{8EDF4429-251A-416D-BB68-93F227191BCF}.Ad-Hoc|x86.ActiveCfg = Release|Any CPU
		{8EDF4429-251A-416D-BB68-93F227191BCF}.Ad-Hoc|x86.Build.0 = Release|Any CPU
		{8EDF4429-251A-416D-BB68-93F227191BCF}.AppStore|Any CPU.ActiveCfg = Release|Any CPU
		{8EDF4429-251A-416D-BB68-93F227191BCF}.AppStore|Any CPU.Build.0 = Release|Any CPU
		{8EDF4429-251A-416D-BB68-93F227191BCF}.AppStore|ARM.ActiveCfg = Release|Any CPU
		{8EDF4429-251A-416D-BB68-93F227191BCF}.AppStore|ARM.Build.0 = Release|Any CPU
		{8EDF4429-251A-416D-BB68-93F227191BCF}.AppStore|iPhone.ActiveCfg = Release|Any CPU
		{8EDF4429-251A-416D-BB68-93F227191BCF}.AppStore|iPhone.Build.0 = Release|Any CPU
		{8EDF4429-251A-416D-BB68-93F227191BCF}.AppStore|iPhoneSimulator.ActiveCfg = Release|Any CPU
		{8EDF4429-251A-416D-BB68-93F227191BCF}.AppStore|iPhoneSimulator.Build.0 = Release|Any CPU
		{8EDF4429-251A-416D-BB68-93F227191BCF}.AppStore|x64.ActiveCfg = Release|Any CPU
		{8EDF4429-251A-416D-BB68-93F227191BCF}.AppStore|x64.Build.0 = Release|Any CPU
		{8EDF4429-251A-416D-BB68-93F227191BCF}.AppStore|x86.ActiveCfg = Release|Any CPU
		{8EDF4429-251A-416D-BB68-93F227191BCF}.AppStore|x86.Build.0 = Release|Any CPU
		{8EDF4429-251A-416D-BB68-93F227191BCF}.Debug|Any CPU.ActiveCfg = Debug|Any CPU
		{8EDF4429-251A-416D-BB68-93F227191BCF}.Debug|Any CPU.Build.0 = Debug|Any CPU
		{8EDF4429-251A-416D-BB68-93F227191BCF}.Debug|ARM.ActiveCfg = Debug|Any CPU
		{8EDF4429-251A-416D-BB68-93F227191BCF}.Debug|ARM.Build.0 = Debug|Any CPU
		{8EDF4429-251A-416D-BB68-93F227191BCF}.Debug|iPhone.ActiveCfg = Debug|Any CPU
		{8EDF4429-251A-416D-BB68-93F227191BCF}.Debug|iPhone.Build.0 = Debug|Any CPU
		{8EDF4429-251A-416D-BB68-93F227191BCF}.Debug|iPhoneSimulator.ActiveCfg = Debug|Any CPU
		{8EDF4429-251A-416D-BB68-93F227191BCF}.Debug|iPhoneSimulator.Build.0 = Debug|Any CPU
		{8EDF4429-251A-416D-BB68-93F227191BCF}.Debug|x64.ActiveCfg = Debug|Any CPU
		{8EDF4429-251A-416D-BB68-93F227191BCF}.Debug|x64.Build.0 = Debug|Any CPU
		{8EDF4429-251A-416D-BB68-93F227191BCF}.Debug|x86.ActiveCfg = Debug|Any CPU
		{8EDF4429-251A-416D-BB68-93F227191BCF}.Debug|x86.Build.0 = Debug|Any CPU
		{8EDF4429-251A-416D-BB68-93F227191BCF}.Release|Any CPU.ActiveCfg = Release|Any CPU
		{8EDF4429-251A-416D-BB68-93F227191BCF}.Release|Any CPU.Build.0 = Release|Any CPU
		{8EDF4429-251A-416D-BB68-93F227191BCF}.Release|ARM.ActiveCfg = Release|Any CPU
		{8EDF4429-251A-416D-BB68-93F227191BCF}.Release|ARM.Build.0 = Release|Any CPU
		{8EDF4429-251A-416D-BB68-93F227191BCF}.Release|iPhone.ActiveCfg = Release|Any CPU
		{8EDF4429-251A-416D-BB68-93F227191BCF}.Release|iPhone.Build.0 = Release|Any CPU
		{8EDF4429-251A-416D-BB68-93F227191BCF}.Release|iPhoneSimulator.ActiveCfg = Release|Any CPU
		{8EDF4429-251A-416D-BB68-93F227191BCF}.Release|iPhoneSimulator.Build.0 = Release|Any CPU
		{8EDF4429-251A-416D-BB68-93F227191BCF}.Release|x64.ActiveCfg = Release|Any CPU
		{8EDF4429-251A-416D-BB68-93F227191BCF}.Release|x64.Build.0 = Release|Any CPU
		{8EDF4429-251A-416D-BB68-93F227191BCF}.Release|x86.ActiveCfg = Release|Any CPU
		{8EDF4429-251A-416D-BB68-93F227191BCF}.Release|x86.Build.0 = Release|Any CPU
		{AD7B78B0-AE51-4FB7-9B11-4E22A2B538CA}.Ad-Hoc|Any CPU.ActiveCfg = Release|Any CPU
		{AD7B78B0-AE51-4FB7-9B11-4E22A2B538CA}.Ad-Hoc|Any CPU.Build.0 = Release|Any CPU
		{AD7B78B0-AE51-4FB7-9B11-4E22A2B538CA}.Ad-Hoc|Any CPU.Deploy.0 = Release|Any CPU
		{AD7B78B0-AE51-4FB7-9B11-4E22A2B538CA}.Ad-Hoc|ARM.ActiveCfg = Release|Any CPU
		{AD7B78B0-AE51-4FB7-9B11-4E22A2B538CA}.Ad-Hoc|ARM.Build.0 = Release|Any CPU
		{AD7B78B0-AE51-4FB7-9B11-4E22A2B538CA}.Ad-Hoc|ARM.Deploy.0 = Release|Any CPU
		{AD7B78B0-AE51-4FB7-9B11-4E22A2B538CA}.Ad-Hoc|iPhone.ActiveCfg = Release|Any CPU
		{AD7B78B0-AE51-4FB7-9B11-4E22A2B538CA}.Ad-Hoc|iPhone.Build.0 = Release|Any CPU
		{AD7B78B0-AE51-4FB7-9B11-4E22A2B538CA}.Ad-Hoc|iPhone.Deploy.0 = Release|Any CPU
		{AD7B78B0-AE51-4FB7-9B11-4E22A2B538CA}.Ad-Hoc|iPhoneSimulator.ActiveCfg = Release|Any CPU
		{AD7B78B0-AE51-4FB7-9B11-4E22A2B538CA}.Ad-Hoc|iPhoneSimulator.Build.0 = Release|Any CPU
		{AD7B78B0-AE51-4FB7-9B11-4E22A2B538CA}.Ad-Hoc|iPhoneSimulator.Deploy.0 = Release|Any CPU
		{AD7B78B0-AE51-4FB7-9B11-4E22A2B538CA}.Ad-Hoc|x64.ActiveCfg = Release|Any CPU
		{AD7B78B0-AE51-4FB7-9B11-4E22A2B538CA}.Ad-Hoc|x64.Build.0 = Release|Any CPU
		{AD7B78B0-AE51-4FB7-9B11-4E22A2B538CA}.Ad-Hoc|x64.Deploy.0 = Release|Any CPU
		{AD7B78B0-AE51-4FB7-9B11-4E22A2B538CA}.Ad-Hoc|x86.ActiveCfg = Release|Any CPU
		{AD7B78B0-AE51-4FB7-9B11-4E22A2B538CA}.Ad-Hoc|x86.Build.0 = Release|Any CPU
		{AD7B78B0-AE51-4FB7-9B11-4E22A2B538CA}.Ad-Hoc|x86.Deploy.0 = Release|Any CPU
		{AD7B78B0-AE51-4FB7-9B11-4E22A2B538CA}.AppStore|Any CPU.ActiveCfg = Release|Any CPU
		{AD7B78B0-AE51-4FB7-9B11-4E22A2B538CA}.AppStore|Any CPU.Build.0 = Release|Any CPU
		{AD7B78B0-AE51-4FB7-9B11-4E22A2B538CA}.AppStore|Any CPU.Deploy.0 = Release|Any CPU
		{AD7B78B0-AE51-4FB7-9B11-4E22A2B538CA}.AppStore|ARM.ActiveCfg = Release|Any CPU
		{AD7B78B0-AE51-4FB7-9B11-4E22A2B538CA}.AppStore|ARM.Build.0 = Release|Any CPU
		{AD7B78B0-AE51-4FB7-9B11-4E22A2B538CA}.AppStore|ARM.Deploy.0 = Release|Any CPU
		{AD7B78B0-AE51-4FB7-9B11-4E22A2B538CA}.AppStore|iPhone.ActiveCfg = Release|Any CPU
		{AD7B78B0-AE51-4FB7-9B11-4E22A2B538CA}.AppStore|iPhone.Build.0 = Release|Any CPU
		{AD7B78B0-AE51-4FB7-9B11-4E22A2B538CA}.AppStore|iPhone.Deploy.0 = Release|Any CPU
		{AD7B78B0-AE51-4FB7-9B11-4E22A2B538CA}.AppStore|iPhoneSimulator.ActiveCfg = Release|Any CPU
		{AD7B78B0-AE51-4FB7-9B11-4E22A2B538CA}.AppStore|iPhoneSimulator.Build.0 = Release|Any CPU
		{AD7B78B0-AE51-4FB7-9B11-4E22A2B538CA}.AppStore|iPhoneSimulator.Deploy.0 = Release|Any CPU
		{AD7B78B0-AE51-4FB7-9B11-4E22A2B538CA}.AppStore|x64.ActiveCfg = Release|Any CPU
		{AD7B78B0-AE51-4FB7-9B11-4E22A2B538CA}.AppStore|x64.Build.0 = Release|Any CPU
		{AD7B78B0-AE51-4FB7-9B11-4E22A2B538CA}.AppStore|x64.Deploy.0 = Release|Any CPU
		{AD7B78B0-AE51-4FB7-9B11-4E22A2B538CA}.AppStore|x86.ActiveCfg = Release|Any CPU
		{AD7B78B0-AE51-4FB7-9B11-4E22A2B538CA}.AppStore|x86.Build.0 = Release|Any CPU
		{AD7B78B0-AE51-4FB7-9B11-4E22A2B538CA}.AppStore|x86.Deploy.0 = Release|Any CPU
		{AD7B78B0-AE51-4FB7-9B11-4E22A2B538CA}.Debug|Any CPU.ActiveCfg = Debug|Any CPU
		{AD7B78B0-AE51-4FB7-9B11-4E22A2B538CA}.Debug|Any CPU.Build.0 = Debug|Any CPU
		{AD7B78B0-AE51-4FB7-9B11-4E22A2B538CA}.Debug|Any CPU.Deploy.0 = Debug|Any CPU
		{AD7B78B0-AE51-4FB7-9B11-4E22A2B538CA}.Debug|ARM.ActiveCfg = Debug|Any CPU
		{AD7B78B0-AE51-4FB7-9B11-4E22A2B538CA}.Debug|ARM.Build.0 = Debug|Any CPU
		{AD7B78B0-AE51-4FB7-9B11-4E22A2B538CA}.Debug|ARM.Deploy.0 = Debug|Any CPU
		{AD7B78B0-AE51-4FB7-9B11-4E22A2B538CA}.Debug|iPhone.ActiveCfg = Debug|Any CPU
		{AD7B78B0-AE51-4FB7-9B11-4E22A2B538CA}.Debug|iPhone.Build.0 = Debug|Any CPU
		{AD7B78B0-AE51-4FB7-9B11-4E22A2B538CA}.Debug|iPhone.Deploy.0 = Debug|Any CPU
		{AD7B78B0-AE51-4FB7-9B11-4E22A2B538CA}.Debug|iPhoneSimulator.ActiveCfg = Debug|Any CPU
		{AD7B78B0-AE51-4FB7-9B11-4E22A2B538CA}.Debug|iPhoneSimulator.Build.0 = Debug|Any CPU
		{AD7B78B0-AE51-4FB7-9B11-4E22A2B538CA}.Debug|iPhoneSimulator.Deploy.0 = Debug|Any CPU
		{AD7B78B0-AE51-4FB7-9B11-4E22A2B538CA}.Debug|x64.ActiveCfg = Debug|Any CPU
		{AD7B78B0-AE51-4FB7-9B11-4E22A2B538CA}.Debug|x64.Build.0 = Debug|Any CPU
		{AD7B78B0-AE51-4FB7-9B11-4E22A2B538CA}.Debug|x64.Deploy.0 = Debug|Any CPU
		{AD7B78B0-AE51-4FB7-9B11-4E22A2B538CA}.Debug|x86.ActiveCfg = Debug|Any CPU
		{AD7B78B0-AE51-4FB7-9B11-4E22A2B538CA}.Debug|x86.Build.0 = Debug|Any CPU
		{AD7B78B0-AE51-4FB7-9B11-4E22A2B538CA}.Debug|x86.Deploy.0 = Debug|Any CPU
		{AD7B78B0-AE51-4FB7-9B11-4E22A2B538CA}.Release|Any CPU.ActiveCfg = Release|Any CPU
		{AD7B78B0-AE51-4FB7-9B11-4E22A2B538CA}.Release|Any CPU.Build.0 = Release|Any CPU
		{AD7B78B0-AE51-4FB7-9B11-4E22A2B538CA}.Release|Any CPU.Deploy.0 = Release|Any CPU
		{AD7B78B0-AE51-4FB7-9B11-4E22A2B538CA}.Release|ARM.ActiveCfg = Release|Any CPU
		{AD7B78B0-AE51-4FB7-9B11-4E22A2B538CA}.Release|ARM.Build.0 = Release|Any CPU
		{AD7B78B0-AE51-4FB7-9B11-4E22A2B538CA}.Release|ARM.Deploy.0 = Release|Any CPU
		{AD7B78B0-AE51-4FB7-9B11-4E22A2B538CA}.Release|iPhone.ActiveCfg = Release|Any CPU
		{AD7B78B0-AE51-4FB7-9B11-4E22A2B538CA}.Release|iPhone.Build.0 = Release|Any CPU
		{AD7B78B0-AE51-4FB7-9B11-4E22A2B538CA}.Release|iPhone.Deploy.0 = Release|Any CPU
		{AD7B78B0-AE51-4FB7-9B11-4E22A2B538CA}.Release|iPhoneSimulator.ActiveCfg = Release|Any CPU
		{AD7B78B0-AE51-4FB7-9B11-4E22A2B538CA}.Release|iPhoneSimulator.Build.0 = Release|Any CPU
		{AD7B78B0-AE51-4FB7-9B11-4E22A2B538CA}.Release|iPhoneSimulator.Deploy.0 = Release|Any CPU
		{AD7B78B0-AE51-4FB7-9B11-4E22A2B538CA}.Release|x64.ActiveCfg = Release|Any CPU
		{AD7B78B0-AE51-4FB7-9B11-4E22A2B538CA}.Release|x64.Build.0 = Release|Any CPU
		{AD7B78B0-AE51-4FB7-9B11-4E22A2B538CA}.Release|x64.Deploy.0 = Release|Any CPU
		{AD7B78B0-AE51-4FB7-9B11-4E22A2B538CA}.Release|x86.ActiveCfg = Release|Any CPU
		{AD7B78B0-AE51-4FB7-9B11-4E22A2B538CA}.Release|x86.Build.0 = Release|Any CPU
		{AD7B78B0-AE51-4FB7-9B11-4E22A2B538CA}.Release|x86.Deploy.0 = Release|Any CPU
		{3CE74118-E2E5-49AB-AA56-5EE1CCA14795}.Ad-Hoc|Any CPU.ActiveCfg = Release|Any CPU
		{3CE74118-E2E5-49AB-AA56-5EE1CCA14795}.Ad-Hoc|Any CPU.Build.0 = Release|Any CPU
		{3CE74118-E2E5-49AB-AA56-5EE1CCA14795}.Ad-Hoc|ARM.ActiveCfg = Release|Any CPU
		{3CE74118-E2E5-49AB-AA56-5EE1CCA14795}.Ad-Hoc|ARM.Build.0 = Release|Any CPU
		{3CE74118-E2E5-49AB-AA56-5EE1CCA14795}.Ad-Hoc|iPhone.ActiveCfg = Release|Any CPU
		{3CE74118-E2E5-49AB-AA56-5EE1CCA14795}.Ad-Hoc|iPhone.Build.0 = Release|Any CPU
		{3CE74118-E2E5-49AB-AA56-5EE1CCA14795}.Ad-Hoc|iPhoneSimulator.ActiveCfg = Release|Any CPU
		{3CE74118-E2E5-49AB-AA56-5EE1CCA14795}.Ad-Hoc|iPhoneSimulator.Build.0 = Release|Any CPU
		{3CE74118-E2E5-49AB-AA56-5EE1CCA14795}.Ad-Hoc|x64.ActiveCfg = Release|Any CPU
		{3CE74118-E2E5-49AB-AA56-5EE1CCA14795}.Ad-Hoc|x64.Build.0 = Release|Any CPU
		{3CE74118-E2E5-49AB-AA56-5EE1CCA14795}.Ad-Hoc|x86.ActiveCfg = Release|Any CPU
		{3CE74118-E2E5-49AB-AA56-5EE1CCA14795}.Ad-Hoc|x86.Build.0 = Release|Any CPU
		{3CE74118-E2E5-49AB-AA56-5EE1CCA14795}.AppStore|Any CPU.ActiveCfg = Release|Any CPU
		{3CE74118-E2E5-49AB-AA56-5EE1CCA14795}.AppStore|Any CPU.Build.0 = Release|Any CPU
		{3CE74118-E2E5-49AB-AA56-5EE1CCA14795}.AppStore|ARM.ActiveCfg = Release|Any CPU
		{3CE74118-E2E5-49AB-AA56-5EE1CCA14795}.AppStore|ARM.Build.0 = Release|Any CPU
		{3CE74118-E2E5-49AB-AA56-5EE1CCA14795}.AppStore|iPhone.ActiveCfg = Release|Any CPU
		{3CE74118-E2E5-49AB-AA56-5EE1CCA14795}.AppStore|iPhone.Build.0 = Release|Any CPU
		{3CE74118-E2E5-49AB-AA56-5EE1CCA14795}.AppStore|iPhoneSimulator.ActiveCfg = Release|Any CPU
		{3CE74118-E2E5-49AB-AA56-5EE1CCA14795}.AppStore|iPhoneSimulator.Build.0 = Release|Any CPU
		{3CE74118-E2E5-49AB-AA56-5EE1CCA14795}.AppStore|x64.ActiveCfg = Release|Any CPU
		{3CE74118-E2E5-49AB-AA56-5EE1CCA14795}.AppStore|x64.Build.0 = Release|Any CPU
		{3CE74118-E2E5-49AB-AA56-5EE1CCA14795}.AppStore|x86.ActiveCfg = Release|Any CPU
		{3CE74118-E2E5-49AB-AA56-5EE1CCA14795}.AppStore|x86.Build.0 = Release|Any CPU
		{3CE74118-E2E5-49AB-AA56-5EE1CCA14795}.Debug|Any CPU.ActiveCfg = Debug|Any CPU
		{3CE74118-E2E5-49AB-AA56-5EE1CCA14795}.Debug|Any CPU.Build.0 = Debug|Any CPU
		{3CE74118-E2E5-49AB-AA56-5EE1CCA14795}.Debug|ARM.ActiveCfg = Debug|Any CPU
		{3CE74118-E2E5-49AB-AA56-5EE1CCA14795}.Debug|ARM.Build.0 = Debug|Any CPU
		{3CE74118-E2E5-49AB-AA56-5EE1CCA14795}.Debug|iPhone.ActiveCfg = Debug|Any CPU
		{3CE74118-E2E5-49AB-AA56-5EE1CCA14795}.Debug|iPhone.Build.0 = Debug|Any CPU
		{3CE74118-E2E5-49AB-AA56-5EE1CCA14795}.Debug|iPhoneSimulator.ActiveCfg = Debug|Any CPU
		{3CE74118-E2E5-49AB-AA56-5EE1CCA14795}.Debug|iPhoneSimulator.Build.0 = Debug|Any CPU
		{3CE74118-E2E5-49AB-AA56-5EE1CCA14795}.Debug|x64.ActiveCfg = Debug|Any CPU
		{3CE74118-E2E5-49AB-AA56-5EE1CCA14795}.Debug|x64.Build.0 = Debug|Any CPU
		{3CE74118-E2E5-49AB-AA56-5EE1CCA14795}.Debug|x86.ActiveCfg = Debug|Any CPU
		{3CE74118-E2E5-49AB-AA56-5EE1CCA14795}.Debug|x86.Build.0 = Debug|Any CPU
		{3CE74118-E2E5-49AB-AA56-5EE1CCA14795}.Release|Any CPU.ActiveCfg = Release|Any CPU
		{3CE74118-E2E5-49AB-AA56-5EE1CCA14795}.Release|Any CPU.Build.0 = Release|Any CPU
		{3CE74118-E2E5-49AB-AA56-5EE1CCA14795}.Release|ARM.ActiveCfg = Release|Any CPU
		{3CE74118-E2E5-49AB-AA56-5EE1CCA14795}.Release|ARM.Build.0 = Release|Any CPU
		{3CE74118-E2E5-49AB-AA56-5EE1CCA14795}.Release|iPhone.ActiveCfg = Release|Any CPU
		{3CE74118-E2E5-49AB-AA56-5EE1CCA14795}.Release|iPhone.Build.0 = Release|Any CPU
		{3CE74118-E2E5-49AB-AA56-5EE1CCA14795}.Release|iPhoneSimulator.ActiveCfg = Release|Any CPU
		{3CE74118-E2E5-49AB-AA56-5EE1CCA14795}.Release|iPhoneSimulator.Build.0 = Release|Any CPU
		{3CE74118-E2E5-49AB-AA56-5EE1CCA14795}.Release|x64.ActiveCfg = Release|Any CPU
		{3CE74118-E2E5-49AB-AA56-5EE1CCA14795}.Release|x64.Build.0 = Release|Any CPU
		{3CE74118-E2E5-49AB-AA56-5EE1CCA14795}.Release|x86.ActiveCfg = Release|Any CPU
		{3CE74118-E2E5-49AB-AA56-5EE1CCA14795}.Release|x86.Build.0 = Release|Any CPU
		{FDC8B451-BD8D-4E0D-B0D6-F0812CD635DF}.Ad-Hoc|Any CPU.ActiveCfg = Release|Any CPU
		{FDC8B451-BD8D-4E0D-B0D6-F0812CD635DF}.Ad-Hoc|Any CPU.Build.0 = Release|Any CPU
		{FDC8B451-BD8D-4E0D-B0D6-F0812CD635DF}.Ad-Hoc|Any CPU.Deploy.0 = Release|Any CPU
		{FDC8B451-BD8D-4E0D-B0D6-F0812CD635DF}.Ad-Hoc|ARM.ActiveCfg = Release|Any CPU
		{FDC8B451-BD8D-4E0D-B0D6-F0812CD635DF}.Ad-Hoc|ARM.Build.0 = Release|Any CPU
		{FDC8B451-BD8D-4E0D-B0D6-F0812CD635DF}.Ad-Hoc|ARM.Deploy.0 = Release|Any CPU
		{FDC8B451-BD8D-4E0D-B0D6-F0812CD635DF}.Ad-Hoc|iPhone.ActiveCfg = Release|Any CPU
		{FDC8B451-BD8D-4E0D-B0D6-F0812CD635DF}.Ad-Hoc|iPhone.Build.0 = Release|Any CPU
		{FDC8B451-BD8D-4E0D-B0D6-F0812CD635DF}.Ad-Hoc|iPhone.Deploy.0 = Release|Any CPU
		{FDC8B451-BD8D-4E0D-B0D6-F0812CD635DF}.Ad-Hoc|iPhoneSimulator.ActiveCfg = Release|Any CPU
		{FDC8B451-BD8D-4E0D-B0D6-F0812CD635DF}.Ad-Hoc|iPhoneSimulator.Build.0 = Release|Any CPU
		{FDC8B451-BD8D-4E0D-B0D6-F0812CD635DF}.Ad-Hoc|iPhoneSimulator.Deploy.0 = Release|Any CPU
		{FDC8B451-BD8D-4E0D-B0D6-F0812CD635DF}.Ad-Hoc|x64.ActiveCfg = Release|Any CPU
		{FDC8B451-BD8D-4E0D-B0D6-F0812CD635DF}.Ad-Hoc|x64.Build.0 = Release|Any CPU
		{FDC8B451-BD8D-4E0D-B0D6-F0812CD635DF}.Ad-Hoc|x64.Deploy.0 = Release|Any CPU
		{FDC8B451-BD8D-4E0D-B0D6-F0812CD635DF}.Ad-Hoc|x86.ActiveCfg = Release|Any CPU
		{FDC8B451-BD8D-4E0D-B0D6-F0812CD635DF}.Ad-Hoc|x86.Build.0 = Release|Any CPU
		{FDC8B451-BD8D-4E0D-B0D6-F0812CD635DF}.Ad-Hoc|x86.Deploy.0 = Release|Any CPU
		{FDC8B451-BD8D-4E0D-B0D6-F0812CD635DF}.AppStore|Any CPU.ActiveCfg = Release|Any CPU
		{FDC8B451-BD8D-4E0D-B0D6-F0812CD635DF}.AppStore|Any CPU.Build.0 = Release|Any CPU
		{FDC8B451-BD8D-4E0D-B0D6-F0812CD635DF}.AppStore|Any CPU.Deploy.0 = Release|Any CPU
		{FDC8B451-BD8D-4E0D-B0D6-F0812CD635DF}.AppStore|ARM.ActiveCfg = Release|Any CPU
		{FDC8B451-BD8D-4E0D-B0D6-F0812CD635DF}.AppStore|ARM.Build.0 = Release|Any CPU
		{FDC8B451-BD8D-4E0D-B0D6-F0812CD635DF}.AppStore|ARM.Deploy.0 = Release|Any CPU
		{FDC8B451-BD8D-4E0D-B0D6-F0812CD635DF}.AppStore|iPhone.ActiveCfg = Release|Any CPU
		{FDC8B451-BD8D-4E0D-B0D6-F0812CD635DF}.AppStore|iPhone.Build.0 = Release|Any CPU
		{FDC8B451-BD8D-4E0D-B0D6-F0812CD635DF}.AppStore|iPhone.Deploy.0 = Release|Any CPU
		{FDC8B451-BD8D-4E0D-B0D6-F0812CD635DF}.AppStore|iPhoneSimulator.ActiveCfg = Release|Any CPU
		{FDC8B451-BD8D-4E0D-B0D6-F0812CD635DF}.AppStore|iPhoneSimulator.Build.0 = Release|Any CPU
		{FDC8B451-BD8D-4E0D-B0D6-F0812CD635DF}.AppStore|iPhoneSimulator.Deploy.0 = Release|Any CPU
		{FDC8B451-BD8D-4E0D-B0D6-F0812CD635DF}.AppStore|x64.ActiveCfg = Release|Any CPU
		{FDC8B451-BD8D-4E0D-B0D6-F0812CD635DF}.AppStore|x64.Build.0 = Release|Any CPU
		{FDC8B451-BD8D-4E0D-B0D6-F0812CD635DF}.AppStore|x64.Deploy.0 = Release|Any CPU
		{FDC8B451-BD8D-4E0D-B0D6-F0812CD635DF}.AppStore|x86.ActiveCfg = Release|Any CPU
		{FDC8B451-BD8D-4E0D-B0D6-F0812CD635DF}.AppStore|x86.Build.0 = Release|Any CPU
		{FDC8B451-BD8D-4E0D-B0D6-F0812CD635DF}.AppStore|x86.Deploy.0 = Release|Any CPU
		{FDC8B451-BD8D-4E0D-B0D6-F0812CD635DF}.Debug|Any CPU.ActiveCfg = Debug|Any CPU
		{FDC8B451-BD8D-4E0D-B0D6-F0812CD635DF}.Debug|Any CPU.Build.0 = Debug|Any CPU
		{FDC8B451-BD8D-4E0D-B0D6-F0812CD635DF}.Debug|Any CPU.Deploy.0 = Debug|Any CPU
		{FDC8B451-BD8D-4E0D-B0D6-F0812CD635DF}.Debug|ARM.ActiveCfg = Debug|Any CPU
		{FDC8B451-BD8D-4E0D-B0D6-F0812CD635DF}.Debug|ARM.Build.0 = Debug|Any CPU
		{FDC8B451-BD8D-4E0D-B0D6-F0812CD635DF}.Debug|ARM.Deploy.0 = Debug|Any CPU
		{FDC8B451-BD8D-4E0D-B0D6-F0812CD635DF}.Debug|iPhone.ActiveCfg = Debug|Any CPU
		{FDC8B451-BD8D-4E0D-B0D6-F0812CD635DF}.Debug|iPhone.Build.0 = Debug|Any CPU
		{FDC8B451-BD8D-4E0D-B0D6-F0812CD635DF}.Debug|iPhone.Deploy.0 = Debug|Any CPU
		{FDC8B451-BD8D-4E0D-B0D6-F0812CD635DF}.Debug|iPhoneSimulator.ActiveCfg = Debug|Any CPU
		{FDC8B451-BD8D-4E0D-B0D6-F0812CD635DF}.Debug|iPhoneSimulator.Build.0 = Debug|Any CPU
		{FDC8B451-BD8D-4E0D-B0D6-F0812CD635DF}.Debug|iPhoneSimulator.Deploy.0 = Debug|Any CPU
		{FDC8B451-BD8D-4E0D-B0D6-F0812CD635DF}.Debug|x64.ActiveCfg = Debug|Any CPU
		{FDC8B451-BD8D-4E0D-B0D6-F0812CD635DF}.Debug|x64.Build.0 = Debug|Any CPU
		{FDC8B451-BD8D-4E0D-B0D6-F0812CD635DF}.Debug|x64.Deploy.0 = Debug|Any CPU
		{FDC8B451-BD8D-4E0D-B0D6-F0812CD635DF}.Debug|x86.ActiveCfg = Debug|Any CPU
		{FDC8B451-BD8D-4E0D-B0D6-F0812CD635DF}.Debug|x86.Build.0 = Debug|Any CPU
		{FDC8B451-BD8D-4E0D-B0D6-F0812CD635DF}.Debug|x86.Deploy.0 = Debug|Any CPU
		{FDC8B451-BD8D-4E0D-B0D6-F0812CD635DF}.Release|Any CPU.ActiveCfg = Release|Any CPU
		{FDC8B451-BD8D-4E0D-B0D6-F0812CD635DF}.Release|Any CPU.Build.0 = Release|Any CPU
		{FDC8B451-BD8D-4E0D-B0D6-F0812CD635DF}.Release|Any CPU.Deploy.0 = Release|Any CPU
		{FDC8B451-BD8D-4E0D-B0D6-F0812CD635DF}.Release|ARM.ActiveCfg = Release|Any CPU
		{FDC8B451-BD8D-4E0D-B0D6-F0812CD635DF}.Release|ARM.Build.0 = Release|Any CPU
		{FDC8B451-BD8D-4E0D-B0D6-F0812CD635DF}.Release|ARM.Deploy.0 = Release|Any CPU
		{FDC8B451-BD8D-4E0D-B0D6-F0812CD635DF}.Release|iPhone.ActiveCfg = Release|Any CPU
		{FDC8B451-BD8D-4E0D-B0D6-F0812CD635DF}.Release|iPhone.Build.0 = Release|Any CPU
		{FDC8B451-BD8D-4E0D-B0D6-F0812CD635DF}.Release|iPhone.Deploy.0 = Release|Any CPU
		{FDC8B451-BD8D-4E0D-B0D6-F0812CD635DF}.Release|iPhoneSimulator.ActiveCfg = Release|Any CPU
		{FDC8B451-BD8D-4E0D-B0D6-F0812CD635DF}.Release|iPhoneSimulator.Build.0 = Release|Any CPU
		{FDC8B451-BD8D-4E0D-B0D6-F0812CD635DF}.Release|iPhoneSimulator.Deploy.0 = Release|Any CPU
		{FDC8B451-BD8D-4E0D-B0D6-F0812CD635DF}.Release|x64.ActiveCfg = Release|Any CPU
		{FDC8B451-BD8D-4E0D-B0D6-F0812CD635DF}.Release|x64.Build.0 = Release|Any CPU
		{FDC8B451-BD8D-4E0D-B0D6-F0812CD635DF}.Release|x64.Deploy.0 = Release|Any CPU
		{FDC8B451-BD8D-4E0D-B0D6-F0812CD635DF}.Release|x86.ActiveCfg = Release|Any CPU
		{FDC8B451-BD8D-4E0D-B0D6-F0812CD635DF}.Release|x86.Build.0 = Release|Any CPU
		{FDC8B451-BD8D-4E0D-B0D6-F0812CD635DF}.Release|x86.Deploy.0 = Release|Any CPU
		{43ECD991-D354-4B34-9F65-E5F39119741E}.Ad-Hoc|Any CPU.ActiveCfg = Ad-Hoc|iPhone
		{43ECD991-D354-4B34-9F65-E5F39119741E}.Ad-Hoc|ARM.ActiveCfg = Ad-Hoc|iPhone
		{43ECD991-D354-4B34-9F65-E5F39119741E}.Ad-Hoc|iPhone.ActiveCfg = Ad-Hoc|iPhone
		{43ECD991-D354-4B34-9F65-E5F39119741E}.Ad-Hoc|iPhone.Build.0 = Ad-Hoc|iPhone
		{43ECD991-D354-4B34-9F65-E5F39119741E}.Ad-Hoc|iPhoneSimulator.ActiveCfg = Ad-Hoc|iPhoneSimulator
		{43ECD991-D354-4B34-9F65-E5F39119741E}.Ad-Hoc|iPhoneSimulator.Build.0 = Ad-Hoc|iPhoneSimulator
		{43ECD991-D354-4B34-9F65-E5F39119741E}.Ad-Hoc|x64.ActiveCfg = Ad-Hoc|iPhone
		{43ECD991-D354-4B34-9F65-E5F39119741E}.Ad-Hoc|x86.ActiveCfg = Ad-Hoc|iPhone
		{43ECD991-D354-4B34-9F65-E5F39119741E}.AppStore|Any CPU.ActiveCfg = AppStore|iPhone
		{43ECD991-D354-4B34-9F65-E5F39119741E}.AppStore|ARM.ActiveCfg = AppStore|iPhone
		{43ECD991-D354-4B34-9F65-E5F39119741E}.AppStore|iPhone.ActiveCfg = AppStore|iPhone
		{43ECD991-D354-4B34-9F65-E5F39119741E}.AppStore|iPhone.Build.0 = AppStore|iPhone
		{43ECD991-D354-4B34-9F65-E5F39119741E}.AppStore|iPhoneSimulator.ActiveCfg = AppStore|iPhoneSimulator
		{43ECD991-D354-4B34-9F65-E5F39119741E}.AppStore|iPhoneSimulator.Build.0 = AppStore|iPhoneSimulator
		{43ECD991-D354-4B34-9F65-E5F39119741E}.AppStore|x64.ActiveCfg = AppStore|iPhone
		{43ECD991-D354-4B34-9F65-E5F39119741E}.AppStore|x86.ActiveCfg = AppStore|iPhone
		{43ECD991-D354-4B34-9F65-E5F39119741E}.Debug|Any CPU.ActiveCfg = Debug|iPhone
		{43ECD991-D354-4B34-9F65-E5F39119741E}.Debug|ARM.ActiveCfg = Debug|iPhone
		{43ECD991-D354-4B34-9F65-E5F39119741E}.Debug|iPhone.ActiveCfg = Debug|iPhone
		{43ECD991-D354-4B34-9F65-E5F39119741E}.Debug|iPhone.Build.0 = Debug|iPhone
		{43ECD991-D354-4B34-9F65-E5F39119741E}.Debug|iPhoneSimulator.ActiveCfg = Debug|iPhoneSimulator
		{43ECD991-D354-4B34-9F65-E5F39119741E}.Debug|iPhoneSimulator.Build.0 = Debug|iPhoneSimulator
		{43ECD991-D354-4B34-9F65-E5F39119741E}.Debug|x64.ActiveCfg = Debug|iPhone
		{43ECD991-D354-4B34-9F65-E5F39119741E}.Debug|x86.ActiveCfg = Debug|iPhone
		{43ECD991-D354-4B34-9F65-E5F39119741E}.Release|Any CPU.ActiveCfg = Release|iPhone
		{43ECD991-D354-4B34-9F65-E5F39119741E}.Release|ARM.ActiveCfg = Release|iPhone
		{43ECD991-D354-4B34-9F65-E5F39119741E}.Release|iPhone.ActiveCfg = Release|iPhone
		{43ECD991-D354-4B34-9F65-E5F39119741E}.Release|iPhone.Build.0 = Release|iPhone
		{43ECD991-D354-4B34-9F65-E5F39119741E}.Release|iPhoneSimulator.ActiveCfg = Release|iPhoneSimulator
		{43ECD991-D354-4B34-9F65-E5F39119741E}.Release|iPhoneSimulator.Build.0 = Release|iPhoneSimulator
		{43ECD991-D354-4B34-9F65-E5F39119741E}.Release|x64.ActiveCfg = Release|iPhone
		{43ECD991-D354-4B34-9F65-E5F39119741E}.Release|x86.ActiveCfg = Release|iPhone
		{3F44B0AC-297F-410F-A519-44F1146A2890}.Ad-Hoc|Any CPU.ActiveCfg = Release|x64
		{3F44B0AC-297F-410F-A519-44F1146A2890}.Ad-Hoc|Any CPU.Build.0 = Release|x64
		{3F44B0AC-297F-410F-A519-44F1146A2890}.Ad-Hoc|Any CPU.Deploy.0 = Release|x64
		{3F44B0AC-297F-410F-A519-44F1146A2890}.Ad-Hoc|ARM.ActiveCfg = Release|ARM
		{3F44B0AC-297F-410F-A519-44F1146A2890}.Ad-Hoc|ARM.Build.0 = Release|ARM
		{3F44B0AC-297F-410F-A519-44F1146A2890}.Ad-Hoc|ARM.Deploy.0 = Release|ARM
		{3F44B0AC-297F-410F-A519-44F1146A2890}.Ad-Hoc|iPhone.ActiveCfg = Release|x64
		{3F44B0AC-297F-410F-A519-44F1146A2890}.Ad-Hoc|iPhone.Build.0 = Release|x64
		{3F44B0AC-297F-410F-A519-44F1146A2890}.Ad-Hoc|iPhone.Deploy.0 = Release|x64
		{3F44B0AC-297F-410F-A519-44F1146A2890}.Ad-Hoc|iPhoneSimulator.ActiveCfg = Release|x64
		{3F44B0AC-297F-410F-A519-44F1146A2890}.Ad-Hoc|iPhoneSimulator.Build.0 = Release|x64
		{3F44B0AC-297F-410F-A519-44F1146A2890}.Ad-Hoc|iPhoneSimulator.Deploy.0 = Release|x64
		{3F44B0AC-297F-410F-A519-44F1146A2890}.Ad-Hoc|x64.ActiveCfg = Release|x64
		{3F44B0AC-297F-410F-A519-44F1146A2890}.Ad-Hoc|x64.Build.0 = Release|x64
		{3F44B0AC-297F-410F-A519-44F1146A2890}.Ad-Hoc|x64.Deploy.0 = Release|x64
		{3F44B0AC-297F-410F-A519-44F1146A2890}.Ad-Hoc|x86.ActiveCfg = Release|x86
		{3F44B0AC-297F-410F-A519-44F1146A2890}.Ad-Hoc|x86.Build.0 = Release|x86
		{3F44B0AC-297F-410F-A519-44F1146A2890}.Ad-Hoc|x86.Deploy.0 = Release|x86
		{3F44B0AC-297F-410F-A519-44F1146A2890}.AppStore|Any CPU.ActiveCfg = Release|x64
		{3F44B0AC-297F-410F-A519-44F1146A2890}.AppStore|Any CPU.Build.0 = Release|x64
		{3F44B0AC-297F-410F-A519-44F1146A2890}.AppStore|Any CPU.Deploy.0 = Release|x64
		{3F44B0AC-297F-410F-A519-44F1146A2890}.AppStore|ARM.ActiveCfg = Release|ARM
		{3F44B0AC-297F-410F-A519-44F1146A2890}.AppStore|ARM.Build.0 = Release|ARM
		{3F44B0AC-297F-410F-A519-44F1146A2890}.AppStore|ARM.Deploy.0 = Release|ARM
		{3F44B0AC-297F-410F-A519-44F1146A2890}.AppStore|iPhone.ActiveCfg = Release|x64
		{3F44B0AC-297F-410F-A519-44F1146A2890}.AppStore|iPhone.Build.0 = Release|x64
		{3F44B0AC-297F-410F-A519-44F1146A2890}.AppStore|iPhone.Deploy.0 = Release|x64
		{3F44B0AC-297F-410F-A519-44F1146A2890}.AppStore|iPhoneSimulator.ActiveCfg = Release|x64
		{3F44B0AC-297F-410F-A519-44F1146A2890}.AppStore|iPhoneSimulator.Build.0 = Release|x64
		{3F44B0AC-297F-410F-A519-44F1146A2890}.AppStore|iPhoneSimulator.Deploy.0 = Release|x64
		{3F44B0AC-297F-410F-A519-44F1146A2890}.AppStore|x64.ActiveCfg = Release|x64
		{3F44B0AC-297F-410F-A519-44F1146A2890}.AppStore|x64.Build.0 = Release|x64
		{3F44B0AC-297F-410F-A519-44F1146A2890}.AppStore|x64.Deploy.0 = Release|x64
		{3F44B0AC-297F-410F-A519-44F1146A2890}.AppStore|x86.ActiveCfg = Release|x86
		{3F44B0AC-297F-410F-A519-44F1146A2890}.AppStore|x86.Build.0 = Release|x86
		{3F44B0AC-297F-410F-A519-44F1146A2890}.AppStore|x86.Deploy.0 = Release|x86
		{3F44B0AC-297F-410F-A519-44F1146A2890}.Debug|Any CPU.ActiveCfg = Debug|x86
		{3F44B0AC-297F-410F-A519-44F1146A2890}.Debug|ARM.ActiveCfg = Debug|ARM
		{3F44B0AC-297F-410F-A519-44F1146A2890}.Debug|ARM.Build.0 = Debug|ARM
		{3F44B0AC-297F-410F-A519-44F1146A2890}.Debug|ARM.Deploy.0 = Debug|ARM
		{3F44B0AC-297F-410F-A519-44F1146A2890}.Debug|iPhone.ActiveCfg = Debug|x86
		{3F44B0AC-297F-410F-A519-44F1146A2890}.Debug|iPhoneSimulator.ActiveCfg = Debug|x86
		{3F44B0AC-297F-410F-A519-44F1146A2890}.Debug|x64.ActiveCfg = Debug|x64
		{3F44B0AC-297F-410F-A519-44F1146A2890}.Debug|x64.Build.0 = Debug|x64
		{3F44B0AC-297F-410F-A519-44F1146A2890}.Debug|x64.Deploy.0 = Debug|x64
		{3F44B0AC-297F-410F-A519-44F1146A2890}.Debug|x86.ActiveCfg = Debug|x86
		{3F44B0AC-297F-410F-A519-44F1146A2890}.Debug|x86.Build.0 = Debug|x86
		{3F44B0AC-297F-410F-A519-44F1146A2890}.Debug|x86.Deploy.0 = Debug|x86
		{3F44B0AC-297F-410F-A519-44F1146A2890}.Release|Any CPU.ActiveCfg = Release|x86
		{3F44B0AC-297F-410F-A519-44F1146A2890}.Release|ARM.ActiveCfg = Release|ARM
		{3F44B0AC-297F-410F-A519-44F1146A2890}.Release|ARM.Build.0 = Release|ARM
		{3F44B0AC-297F-410F-A519-44F1146A2890}.Release|ARM.Deploy.0 = Release|ARM
		{3F44B0AC-297F-410F-A519-44F1146A2890}.Release|iPhone.ActiveCfg = Release|x86
		{3F44B0AC-297F-410F-A519-44F1146A2890}.Release|iPhoneSimulator.ActiveCfg = Release|x86
		{3F44B0AC-297F-410F-A519-44F1146A2890}.Release|x64.ActiveCfg = Release|x64
		{3F44B0AC-297F-410F-A519-44F1146A2890}.Release|x64.Build.0 = Release|x64
		{3F44B0AC-297F-410F-A519-44F1146A2890}.Release|x64.Deploy.0 = Release|x64
		{3F44B0AC-297F-410F-A519-44F1146A2890}.Release|x86.ActiveCfg = Release|x86
		{3F44B0AC-297F-410F-A519-44F1146A2890}.Release|x86.Build.0 = Release|x86
		{3F44B0AC-297F-410F-A519-44F1146A2890}.Release|x86.Deploy.0 = Release|x86
		{CBFEBFE4-095A-4481-ADE8-E7A5EB48332D}.Ad-Hoc|Any CPU.ActiveCfg = Debug|Any CPU
		{CBFEBFE4-095A-4481-ADE8-E7A5EB48332D}.Ad-Hoc|Any CPU.Build.0 = Debug|Any CPU
		{CBFEBFE4-095A-4481-ADE8-E7A5EB48332D}.Ad-Hoc|ARM.ActiveCfg = Debug|Any CPU
		{CBFEBFE4-095A-4481-ADE8-E7A5EB48332D}.Ad-Hoc|ARM.Build.0 = Debug|Any CPU
		{CBFEBFE4-095A-4481-ADE8-E7A5EB48332D}.Ad-Hoc|iPhone.ActiveCfg = Debug|Any CPU
		{CBFEBFE4-095A-4481-ADE8-E7A5EB48332D}.Ad-Hoc|iPhone.Build.0 = Debug|Any CPU
		{CBFEBFE4-095A-4481-ADE8-E7A5EB48332D}.Ad-Hoc|iPhoneSimulator.ActiveCfg = Debug|Any CPU
		{CBFEBFE4-095A-4481-ADE8-E7A5EB48332D}.Ad-Hoc|iPhoneSimulator.Build.0 = Debug|Any CPU
		{CBFEBFE4-095A-4481-ADE8-E7A5EB48332D}.Ad-Hoc|x64.ActiveCfg = Debug|Any CPU
		{CBFEBFE4-095A-4481-ADE8-E7A5EB48332D}.Ad-Hoc|x64.Build.0 = Debug|Any CPU
		{CBFEBFE4-095A-4481-ADE8-E7A5EB48332D}.Ad-Hoc|x86.ActiveCfg = Debug|Any CPU
		{CBFEBFE4-095A-4481-ADE8-E7A5EB48332D}.Ad-Hoc|x86.Build.0 = Debug|Any CPU
		{CBFEBFE4-095A-4481-ADE8-E7A5EB48332D}.AppStore|Any CPU.ActiveCfg = Debug|Any CPU
		{CBFEBFE4-095A-4481-ADE8-E7A5EB48332D}.AppStore|Any CPU.Build.0 = Debug|Any CPU
		{CBFEBFE4-095A-4481-ADE8-E7A5EB48332D}.AppStore|ARM.ActiveCfg = Debug|Any CPU
		{CBFEBFE4-095A-4481-ADE8-E7A5EB48332D}.AppStore|ARM.Build.0 = Debug|Any CPU
		{CBFEBFE4-095A-4481-ADE8-E7A5EB48332D}.AppStore|iPhone.ActiveCfg = Debug|Any CPU
		{CBFEBFE4-095A-4481-ADE8-E7A5EB48332D}.AppStore|iPhone.Build.0 = Debug|Any CPU
		{CBFEBFE4-095A-4481-ADE8-E7A5EB48332D}.AppStore|iPhoneSimulator.ActiveCfg = Debug|Any CPU
		{CBFEBFE4-095A-4481-ADE8-E7A5EB48332D}.AppStore|iPhoneSimulator.Build.0 = Debug|Any CPU
		{CBFEBFE4-095A-4481-ADE8-E7A5EB48332D}.AppStore|x64.ActiveCfg = Debug|Any CPU
		{CBFEBFE4-095A-4481-ADE8-E7A5EB48332D}.AppStore|x64.Build.0 = Debug|Any CPU
		{CBFEBFE4-095A-4481-ADE8-E7A5EB48332D}.AppStore|x86.ActiveCfg = Debug|Any CPU
		{CBFEBFE4-095A-4481-ADE8-E7A5EB48332D}.AppStore|x86.Build.0 = Debug|Any CPU
		{CBFEBFE4-095A-4481-ADE8-E7A5EB48332D}.Debug|Any CPU.ActiveCfg = Debug|Any CPU
		{CBFEBFE4-095A-4481-ADE8-E7A5EB48332D}.Debug|Any CPU.Build.0 = Debug|Any CPU
		{CBFEBFE4-095A-4481-ADE8-E7A5EB48332D}.Debug|ARM.ActiveCfg = Debug|Any CPU
		{CBFEBFE4-095A-4481-ADE8-E7A5EB48332D}.Debug|ARM.Build.0 = Debug|Any CPU
		{CBFEBFE4-095A-4481-ADE8-E7A5EB48332D}.Debug|iPhone.ActiveCfg = Debug|Any CPU
		{CBFEBFE4-095A-4481-ADE8-E7A5EB48332D}.Debug|iPhone.Build.0 = Debug|Any CPU
		{CBFEBFE4-095A-4481-ADE8-E7A5EB48332D}.Debug|iPhoneSimulator.ActiveCfg = Debug|Any CPU
		{CBFEBFE4-095A-4481-ADE8-E7A5EB48332D}.Debug|iPhoneSimulator.Build.0 = Debug|Any CPU
		{CBFEBFE4-095A-4481-ADE8-E7A5EB48332D}.Debug|x64.ActiveCfg = Debug|Any CPU
		{CBFEBFE4-095A-4481-ADE8-E7A5EB48332D}.Debug|x64.Build.0 = Debug|Any CPU
		{CBFEBFE4-095A-4481-ADE8-E7A5EB48332D}.Debug|x86.ActiveCfg = Debug|Any CPU
		{CBFEBFE4-095A-4481-ADE8-E7A5EB48332D}.Debug|x86.Build.0 = Debug|Any CPU
		{CBFEBFE4-095A-4481-ADE8-E7A5EB48332D}.Release|Any CPU.ActiveCfg = Release|Any CPU
		{CBFEBFE4-095A-4481-ADE8-E7A5EB48332D}.Release|Any CPU.Build.0 = Release|Any CPU
		{CBFEBFE4-095A-4481-ADE8-E7A5EB48332D}.Release|ARM.ActiveCfg = Release|Any CPU
		{CBFEBFE4-095A-4481-ADE8-E7A5EB48332D}.Release|ARM.Build.0 = Release|Any CPU
		{CBFEBFE4-095A-4481-ADE8-E7A5EB48332D}.Release|iPhone.ActiveCfg = Release|Any CPU
		{CBFEBFE4-095A-4481-ADE8-E7A5EB48332D}.Release|iPhone.Build.0 = Release|Any CPU
		{CBFEBFE4-095A-4481-ADE8-E7A5EB48332D}.Release|iPhoneSimulator.ActiveCfg = Release|Any CPU
		{CBFEBFE4-095A-4481-ADE8-E7A5EB48332D}.Release|iPhoneSimulator.Build.0 = Release|Any CPU
		{CBFEBFE4-095A-4481-ADE8-E7A5EB48332D}.Release|x64.ActiveCfg = Release|Any CPU
		{CBFEBFE4-095A-4481-ADE8-E7A5EB48332D}.Release|x64.Build.0 = Release|Any CPU
		{CBFEBFE4-095A-4481-ADE8-E7A5EB48332D}.Release|x86.ActiveCfg = Release|Any CPU
		{CBFEBFE4-095A-4481-ADE8-E7A5EB48332D}.Release|x86.Build.0 = Release|Any CPU
		{2B8B23FD-8108-4356-A83C-4B0E6F496165}.Ad-Hoc|Any CPU.ActiveCfg = Release|Any CPU
		{2B8B23FD-8108-4356-A83C-4B0E6F496165}.Ad-Hoc|Any CPU.Build.0 = Release|Any CPU
		{2B8B23FD-8108-4356-A83C-4B0E6F496165}.Ad-Hoc|Any CPU.Deploy.0 = Release|Any CPU
		{2B8B23FD-8108-4356-A83C-4B0E6F496165}.Ad-Hoc|ARM.ActiveCfg = Release|Any CPU
		{2B8B23FD-8108-4356-A83C-4B0E6F496165}.Ad-Hoc|ARM.Build.0 = Release|Any CPU
		{2B8B23FD-8108-4356-A83C-4B0E6F496165}.Ad-Hoc|ARM.Deploy.0 = Release|Any CPU
		{2B8B23FD-8108-4356-A83C-4B0E6F496165}.Ad-Hoc|iPhone.ActiveCfg = Release|Any CPU
		{2B8B23FD-8108-4356-A83C-4B0E6F496165}.Ad-Hoc|iPhone.Build.0 = Release|Any CPU
		{2B8B23FD-8108-4356-A83C-4B0E6F496165}.Ad-Hoc|iPhone.Deploy.0 = Release|Any CPU
		{2B8B23FD-8108-4356-A83C-4B0E6F496165}.Ad-Hoc|iPhoneSimulator.ActiveCfg = Release|Any CPU
		{2B8B23FD-8108-4356-A83C-4B0E6F496165}.Ad-Hoc|iPhoneSimulator.Build.0 = Release|Any CPU
		{2B8B23FD-8108-4356-A83C-4B0E6F496165}.Ad-Hoc|iPhoneSimulator.Deploy.0 = Release|Any CPU
		{2B8B23FD-8108-4356-A83C-4B0E6F496165}.Ad-Hoc|x64.ActiveCfg = Release|Any CPU
		{2B8B23FD-8108-4356-A83C-4B0E6F496165}.Ad-Hoc|x64.Build.0 = Release|Any CPU
		{2B8B23FD-8108-4356-A83C-4B0E6F496165}.Ad-Hoc|x64.Deploy.0 = Release|Any CPU
		{2B8B23FD-8108-4356-A83C-4B0E6F496165}.Ad-Hoc|x86.ActiveCfg = Release|Any CPU
		{2B8B23FD-8108-4356-A83C-4B0E6F496165}.Ad-Hoc|x86.Build.0 = Release|Any CPU
		{2B8B23FD-8108-4356-A83C-4B0E6F496165}.Ad-Hoc|x86.Deploy.0 = Release|Any CPU
		{2B8B23FD-8108-4356-A83C-4B0E6F496165}.AppStore|Any CPU.ActiveCfg = Release|Any CPU
		{2B8B23FD-8108-4356-A83C-4B0E6F496165}.AppStore|Any CPU.Build.0 = Release|Any CPU
		{2B8B23FD-8108-4356-A83C-4B0E6F496165}.AppStore|Any CPU.Deploy.0 = Release|Any CPU
		{2B8B23FD-8108-4356-A83C-4B0E6F496165}.AppStore|ARM.ActiveCfg = Release|Any CPU
		{2B8B23FD-8108-4356-A83C-4B0E6F496165}.AppStore|ARM.Build.0 = Release|Any CPU
		{2B8B23FD-8108-4356-A83C-4B0E6F496165}.AppStore|ARM.Deploy.0 = Release|Any CPU
		{2B8B23FD-8108-4356-A83C-4B0E6F496165}.AppStore|iPhone.ActiveCfg = Release|Any CPU
		{2B8B23FD-8108-4356-A83C-4B0E6F496165}.AppStore|iPhone.Build.0 = Release|Any CPU
		{2B8B23FD-8108-4356-A83C-4B0E6F496165}.AppStore|iPhone.Deploy.0 = Release|Any CPU
		{2B8B23FD-8108-4356-A83C-4B0E6F496165}.AppStore|iPhoneSimulator.ActiveCfg = Release|Any CPU
		{2B8B23FD-8108-4356-A83C-4B0E6F496165}.AppStore|iPhoneSimulator.Build.0 = Release|Any CPU
		{2B8B23FD-8108-4356-A83C-4B0E6F496165}.AppStore|iPhoneSimulator.Deploy.0 = Release|Any CPU
		{2B8B23FD-8108-4356-A83C-4B0E6F496165}.AppStore|x64.ActiveCfg = Release|Any CPU
		{2B8B23FD-8108-4356-A83C-4B0E6F496165}.AppStore|x64.Build.0 = Release|Any CPU
		{2B8B23FD-8108-4356-A83C-4B0E6F496165}.AppStore|x64.Deploy.0 = Release|Any CPU
		{2B8B23FD-8108-4356-A83C-4B0E6F496165}.AppStore|x86.ActiveCfg = Release|Any CPU
		{2B8B23FD-8108-4356-A83C-4B0E6F496165}.AppStore|x86.Build.0 = Release|Any CPU
		{2B8B23FD-8108-4356-A83C-4B0E6F496165}.AppStore|x86.Deploy.0 = Release|Any CPU
		{2B8B23FD-8108-4356-A83C-4B0E6F496165}.Debug|Any CPU.ActiveCfg = Debug|Any CPU
		{2B8B23FD-8108-4356-A83C-4B0E6F496165}.Debug|Any CPU.Build.0 = Debug|Any CPU
		{2B8B23FD-8108-4356-A83C-4B0E6F496165}.Debug|Any CPU.Deploy.0 = Debug|Any CPU
		{2B8B23FD-8108-4356-A83C-4B0E6F496165}.Debug|ARM.ActiveCfg = Debug|Any CPU
		{2B8B23FD-8108-4356-A83C-4B0E6F496165}.Debug|ARM.Build.0 = Debug|Any CPU
		{2B8B23FD-8108-4356-A83C-4B0E6F496165}.Debug|ARM.Deploy.0 = Debug|Any CPU
		{2B8B23FD-8108-4356-A83C-4B0E6F496165}.Debug|iPhone.ActiveCfg = Debug|Any CPU
		{2B8B23FD-8108-4356-A83C-4B0E6F496165}.Debug|iPhone.Build.0 = Debug|Any CPU
		{2B8B23FD-8108-4356-A83C-4B0E6F496165}.Debug|iPhone.Deploy.0 = Debug|Any CPU
		{2B8B23FD-8108-4356-A83C-4B0E6F496165}.Debug|iPhoneSimulator.ActiveCfg = Debug|Any CPU
		{2B8B23FD-8108-4356-A83C-4B0E6F496165}.Debug|iPhoneSimulator.Build.0 = Debug|Any CPU
		{2B8B23FD-8108-4356-A83C-4B0E6F496165}.Debug|iPhoneSimulator.Deploy.0 = Debug|Any CPU
		{2B8B23FD-8108-4356-A83C-4B0E6F496165}.Debug|x64.ActiveCfg = Debug|Any CPU
		{2B8B23FD-8108-4356-A83C-4B0E6F496165}.Debug|x64.Build.0 = Debug|Any CPU
		{2B8B23FD-8108-4356-A83C-4B0E6F496165}.Debug|x64.Deploy.0 = Debug|Any CPU
		{2B8B23FD-8108-4356-A83C-4B0E6F496165}.Debug|x86.ActiveCfg = Debug|Any CPU
		{2B8B23FD-8108-4356-A83C-4B0E6F496165}.Debug|x86.Build.0 = Debug|Any CPU
		{2B8B23FD-8108-4356-A83C-4B0E6F496165}.Debug|x86.Deploy.0 = Debug|Any CPU
		{2B8B23FD-8108-4356-A83C-4B0E6F496165}.Release|Any CPU.ActiveCfg = Release|Any CPU
		{2B8B23FD-8108-4356-A83C-4B0E6F496165}.Release|Any CPU.Build.0 = Release|Any CPU
		{2B8B23FD-8108-4356-A83C-4B0E6F496165}.Release|Any CPU.Deploy.0 = Release|Any CPU
		{2B8B23FD-8108-4356-A83C-4B0E6F496165}.Release|ARM.ActiveCfg = Release|Any CPU
		{2B8B23FD-8108-4356-A83C-4B0E6F496165}.Release|ARM.Build.0 = Release|Any CPU
		{2B8B23FD-8108-4356-A83C-4B0E6F496165}.Release|ARM.Deploy.0 = Release|Any CPU
		{2B8B23FD-8108-4356-A83C-4B0E6F496165}.Release|iPhone.ActiveCfg = Release|Any CPU
		{2B8B23FD-8108-4356-A83C-4B0E6F496165}.Release|iPhone.Build.0 = Release|Any CPU
		{2B8B23FD-8108-4356-A83C-4B0E6F496165}.Release|iPhone.Deploy.0 = Release|Any CPU
		{2B8B23FD-8108-4356-A83C-4B0E6F496165}.Release|iPhoneSimulator.ActiveCfg = Release|Any CPU
		{2B8B23FD-8108-4356-A83C-4B0E6F496165}.Release|iPhoneSimulator.Build.0 = Release|Any CPU
		{2B8B23FD-8108-4356-A83C-4B0E6F496165}.Release|iPhoneSimulator.Deploy.0 = Release|Any CPU
		{2B8B23FD-8108-4356-A83C-4B0E6F496165}.Release|x64.ActiveCfg = Release|Any CPU
		{2B8B23FD-8108-4356-A83C-4B0E6F496165}.Release|x64.Build.0 = Release|Any CPU
		{2B8B23FD-8108-4356-A83C-4B0E6F496165}.Release|x64.Deploy.0 = Release|Any CPU
		{2B8B23FD-8108-4356-A83C-4B0E6F496165}.Release|x86.ActiveCfg = Release|Any CPU
		{2B8B23FD-8108-4356-A83C-4B0E6F496165}.Release|x86.Build.0 = Release|Any CPU
		{2B8B23FD-8108-4356-A83C-4B0E6F496165}.Release|x86.Deploy.0 = Release|Any CPU
		{D2CED8F0-7A76-454D-B5F7-9E8B9FE6A58E}.Ad-Hoc|Any CPU.ActiveCfg = Ad-Hoc|iPhone
		{D2CED8F0-7A76-454D-B5F7-9E8B9FE6A58E}.Ad-Hoc|ARM.ActiveCfg = Ad-Hoc|iPhone
		{D2CED8F0-7A76-454D-B5F7-9E8B9FE6A58E}.Ad-Hoc|iPhone.ActiveCfg = Ad-Hoc|iPhone
		{D2CED8F0-7A76-454D-B5F7-9E8B9FE6A58E}.Ad-Hoc|iPhone.Build.0 = Ad-Hoc|iPhone
		{D2CED8F0-7A76-454D-B5F7-9E8B9FE6A58E}.Ad-Hoc|iPhoneSimulator.ActiveCfg = Ad-Hoc|iPhoneSimulator
		{D2CED8F0-7A76-454D-B5F7-9E8B9FE6A58E}.Ad-Hoc|iPhoneSimulator.Build.0 = Ad-Hoc|iPhoneSimulator
		{D2CED8F0-7A76-454D-B5F7-9E8B9FE6A58E}.Ad-Hoc|x64.ActiveCfg = Ad-Hoc|iPhone
		{D2CED8F0-7A76-454D-B5F7-9E8B9FE6A58E}.Ad-Hoc|x86.ActiveCfg = Ad-Hoc|iPhone
		{D2CED8F0-7A76-454D-B5F7-9E8B9FE6A58E}.AppStore|Any CPU.ActiveCfg = AppStore|iPhone
		{D2CED8F0-7A76-454D-B5F7-9E8B9FE6A58E}.AppStore|ARM.ActiveCfg = AppStore|iPhone
		{D2CED8F0-7A76-454D-B5F7-9E8B9FE6A58E}.AppStore|iPhone.ActiveCfg = AppStore|iPhone
		{D2CED8F0-7A76-454D-B5F7-9E8B9FE6A58E}.AppStore|iPhone.Build.0 = AppStore|iPhone
		{D2CED8F0-7A76-454D-B5F7-9E8B9FE6A58E}.AppStore|iPhoneSimulator.ActiveCfg = AppStore|iPhoneSimulator
		{D2CED8F0-7A76-454D-B5F7-9E8B9FE6A58E}.AppStore|iPhoneSimulator.Build.0 = AppStore|iPhoneSimulator
		{D2CED8F0-7A76-454D-B5F7-9E8B9FE6A58E}.AppStore|x64.ActiveCfg = AppStore|iPhone
		{D2CED8F0-7A76-454D-B5F7-9E8B9FE6A58E}.AppStore|x86.ActiveCfg = AppStore|iPhone
		{D2CED8F0-7A76-454D-B5F7-9E8B9FE6A58E}.Debug|Any CPU.ActiveCfg = Debug|iPhone
		{D2CED8F0-7A76-454D-B5F7-9E8B9FE6A58E}.Debug|ARM.ActiveCfg = Debug|iPhone
		{D2CED8F0-7A76-454D-B5F7-9E8B9FE6A58E}.Debug|iPhone.ActiveCfg = Debug|iPhone
		{D2CED8F0-7A76-454D-B5F7-9E8B9FE6A58E}.Debug|iPhone.Build.0 = Debug|iPhone
		{D2CED8F0-7A76-454D-B5F7-9E8B9FE6A58E}.Debug|iPhoneSimulator.ActiveCfg = Debug|iPhoneSimulator
		{D2CED8F0-7A76-454D-B5F7-9E8B9FE6A58E}.Debug|iPhoneSimulator.Build.0 = Debug|iPhoneSimulator
		{D2CED8F0-7A76-454D-B5F7-9E8B9FE6A58E}.Debug|x64.ActiveCfg = Debug|iPhone
		{D2CED8F0-7A76-454D-B5F7-9E8B9FE6A58E}.Debug|x86.ActiveCfg = Debug|iPhone
		{D2CED8F0-7A76-454D-B5F7-9E8B9FE6A58E}.Release|Any CPU.ActiveCfg = Release|iPhone
		{D2CED8F0-7A76-454D-B5F7-9E8B9FE6A58E}.Release|ARM.ActiveCfg = Release|iPhone
		{D2CED8F0-7A76-454D-B5F7-9E8B9FE6A58E}.Release|iPhone.ActiveCfg = Release|iPhone
		{D2CED8F0-7A76-454D-B5F7-9E8B9FE6A58E}.Release|iPhone.Build.0 = Release|iPhone
		{D2CED8F0-7A76-454D-B5F7-9E8B9FE6A58E}.Release|iPhoneSimulator.ActiveCfg = Release|iPhoneSimulator
		{D2CED8F0-7A76-454D-B5F7-9E8B9FE6A58E}.Release|iPhoneSimulator.Build.0 = Release|iPhoneSimulator
		{D2CED8F0-7A76-454D-B5F7-9E8B9FE6A58E}.Release|x64.ActiveCfg = Release|iPhone
		{D2CED8F0-7A76-454D-B5F7-9E8B9FE6A58E}.Release|x86.ActiveCfg = Release|iPhone
		{159A55AF-9531-4107-8444-CA9C96107EF5}.Ad-Hoc|Any CPU.ActiveCfg = Release|x86
		{159A55AF-9531-4107-8444-CA9C96107EF5}.Ad-Hoc|Any CPU.Build.0 = Release|x86
		{159A55AF-9531-4107-8444-CA9C96107EF5}.Ad-Hoc|Any CPU.Deploy.0 = Release|x86
		{159A55AF-9531-4107-8444-CA9C96107EF5}.Ad-Hoc|ARM.ActiveCfg = Release|ARM
		{159A55AF-9531-4107-8444-CA9C96107EF5}.Ad-Hoc|ARM.Build.0 = Release|ARM
		{159A55AF-9531-4107-8444-CA9C96107EF5}.Ad-Hoc|ARM.Deploy.0 = Release|ARM
		{159A55AF-9531-4107-8444-CA9C96107EF5}.Ad-Hoc|iPhone.ActiveCfg = Release|x86
		{159A55AF-9531-4107-8444-CA9C96107EF5}.Ad-Hoc|iPhone.Build.0 = Release|x86
		{159A55AF-9531-4107-8444-CA9C96107EF5}.Ad-Hoc|iPhone.Deploy.0 = Release|x86
		{159A55AF-9531-4107-8444-CA9C96107EF5}.Ad-Hoc|iPhoneSimulator.ActiveCfg = Release|x86
		{159A55AF-9531-4107-8444-CA9C96107EF5}.Ad-Hoc|iPhoneSimulator.Build.0 = Release|x86
		{159A55AF-9531-4107-8444-CA9C96107EF5}.Ad-Hoc|iPhoneSimulator.Deploy.0 = Release|x86
		{159A55AF-9531-4107-8444-CA9C96107EF5}.Ad-Hoc|x64.ActiveCfg = Release|x64
		{159A55AF-9531-4107-8444-CA9C96107EF5}.Ad-Hoc|x64.Build.0 = Release|x64
		{159A55AF-9531-4107-8444-CA9C96107EF5}.Ad-Hoc|x64.Deploy.0 = Release|x64
		{159A55AF-9531-4107-8444-CA9C96107EF5}.Ad-Hoc|x86.ActiveCfg = Release|x86
		{159A55AF-9531-4107-8444-CA9C96107EF5}.Ad-Hoc|x86.Build.0 = Release|x86
		{159A55AF-9531-4107-8444-CA9C96107EF5}.Ad-Hoc|x86.Deploy.0 = Release|x86
		{159A55AF-9531-4107-8444-CA9C96107EF5}.AppStore|Any CPU.ActiveCfg = Release|x86
		{159A55AF-9531-4107-8444-CA9C96107EF5}.AppStore|Any CPU.Build.0 = Release|x86
		{159A55AF-9531-4107-8444-CA9C96107EF5}.AppStore|Any CPU.Deploy.0 = Release|x86
		{159A55AF-9531-4107-8444-CA9C96107EF5}.AppStore|ARM.ActiveCfg = Release|ARM
		{159A55AF-9531-4107-8444-CA9C96107EF5}.AppStore|ARM.Build.0 = Release|ARM
		{159A55AF-9531-4107-8444-CA9C96107EF5}.AppStore|ARM.Deploy.0 = Release|ARM
		{159A55AF-9531-4107-8444-CA9C96107EF5}.AppStore|iPhone.ActiveCfg = Release|x86
		{159A55AF-9531-4107-8444-CA9C96107EF5}.AppStore|iPhone.Build.0 = Release|x86
		{159A55AF-9531-4107-8444-CA9C96107EF5}.AppStore|iPhone.Deploy.0 = Release|x86
		{159A55AF-9531-4107-8444-CA9C96107EF5}.AppStore|iPhoneSimulator.ActiveCfg = Release|x86
		{159A55AF-9531-4107-8444-CA9C96107EF5}.AppStore|iPhoneSimulator.Build.0 = Release|x86
		{159A55AF-9531-4107-8444-CA9C96107EF5}.AppStore|iPhoneSimulator.Deploy.0 = Release|x86
		{159A55AF-9531-4107-8444-CA9C96107EF5}.AppStore|x64.ActiveCfg = Release|x64
		{159A55AF-9531-4107-8444-CA9C96107EF5}.AppStore|x64.Build.0 = Release|x64
		{159A55AF-9531-4107-8444-CA9C96107EF5}.AppStore|x64.Deploy.0 = Release|x64
		{159A55AF-9531-4107-8444-CA9C96107EF5}.AppStore|x86.ActiveCfg = Release|x86
		{159A55AF-9531-4107-8444-CA9C96107EF5}.AppStore|x86.Build.0 = Release|x86
		{159A55AF-9531-4107-8444-CA9C96107EF5}.AppStore|x86.Deploy.0 = Release|x86
		{159A55AF-9531-4107-8444-CA9C96107EF5}.Debug|Any CPU.ActiveCfg = Debug|x86
		{159A55AF-9531-4107-8444-CA9C96107EF5}.Debug|ARM.ActiveCfg = Debug|ARM
		{159A55AF-9531-4107-8444-CA9C96107EF5}.Debug|ARM.Build.0 = Debug|ARM
		{159A55AF-9531-4107-8444-CA9C96107EF5}.Debug|ARM.Deploy.0 = Debug|ARM
		{159A55AF-9531-4107-8444-CA9C96107EF5}.Debug|iPhone.ActiveCfg = Debug|x86
		{159A55AF-9531-4107-8444-CA9C96107EF5}.Debug|iPhoneSimulator.ActiveCfg = Debug|x86
		{159A55AF-9531-4107-8444-CA9C96107EF5}.Debug|x64.ActiveCfg = Debug|x64
		{159A55AF-9531-4107-8444-CA9C96107EF5}.Debug|x64.Build.0 = Debug|x64
		{159A55AF-9531-4107-8444-CA9C96107EF5}.Debug|x64.Deploy.0 = Debug|x64
		{159A55AF-9531-4107-8444-CA9C96107EF5}.Debug|x86.ActiveCfg = Debug|x86
		{159A55AF-9531-4107-8444-CA9C96107EF5}.Debug|x86.Build.0 = Debug|x86
		{159A55AF-9531-4107-8444-CA9C96107EF5}.Debug|x86.Deploy.0 = Debug|x86
		{159A55AF-9531-4107-8444-CA9C96107EF5}.Release|Any CPU.ActiveCfg = Release|x86
		{159A55AF-9531-4107-8444-CA9C96107EF5}.Release|ARM.ActiveCfg = Release|ARM
		{159A55AF-9531-4107-8444-CA9C96107EF5}.Release|ARM.Build.0 = Release|ARM
		{159A55AF-9531-4107-8444-CA9C96107EF5}.Release|ARM.Deploy.0 = Release|ARM
		{159A55AF-9531-4107-8444-CA9C96107EF5}.Release|iPhone.ActiveCfg = Release|x86
		{159A55AF-9531-4107-8444-CA9C96107EF5}.Release|iPhoneSimulator.ActiveCfg = Release|x86
		{159A55AF-9531-4107-8444-CA9C96107EF5}.Release|x64.ActiveCfg = Release|x64
		{159A55AF-9531-4107-8444-CA9C96107EF5}.Release|x64.Build.0 = Release|x64
		{159A55AF-9531-4107-8444-CA9C96107EF5}.Release|x64.Deploy.0 = Release|x64
		{159A55AF-9531-4107-8444-CA9C96107EF5}.Release|x86.ActiveCfg = Release|x86
		{159A55AF-9531-4107-8444-CA9C96107EF5}.Release|x86.Build.0 = Release|x86
		{159A55AF-9531-4107-8444-CA9C96107EF5}.Release|x86.Deploy.0 = Release|x86
		{B3C5129C-2B4E-432E-A1D3-433529CC8B8E}.Ad-Hoc|Any CPU.ActiveCfg = Release|Any CPU
		{B3C5129C-2B4E-432E-A1D3-433529CC8B8E}.Ad-Hoc|Any CPU.Build.0 = Release|Any CPU
		{B3C5129C-2B4E-432E-A1D3-433529CC8B8E}.Ad-Hoc|ARM.ActiveCfg = Release|Any CPU
		{B3C5129C-2B4E-432E-A1D3-433529CC8B8E}.Ad-Hoc|ARM.Build.0 = Release|Any CPU
		{B3C5129C-2B4E-432E-A1D3-433529CC8B8E}.Ad-Hoc|iPhone.ActiveCfg = Release|Any CPU
		{B3C5129C-2B4E-432E-A1D3-433529CC8B8E}.Ad-Hoc|iPhone.Build.0 = Release|Any CPU
		{B3C5129C-2B4E-432E-A1D3-433529CC8B8E}.Ad-Hoc|iPhoneSimulator.ActiveCfg = Release|Any CPU
		{B3C5129C-2B4E-432E-A1D3-433529CC8B8E}.Ad-Hoc|iPhoneSimulator.Build.0 = Release|Any CPU
		{B3C5129C-2B4E-432E-A1D3-433529CC8B8E}.Ad-Hoc|x64.ActiveCfg = Release|Any CPU
		{B3C5129C-2B4E-432E-A1D3-433529CC8B8E}.Ad-Hoc|x64.Build.0 = Release|Any CPU
		{B3C5129C-2B4E-432E-A1D3-433529CC8B8E}.Ad-Hoc|x86.ActiveCfg = Release|Any CPU
		{B3C5129C-2B4E-432E-A1D3-433529CC8B8E}.Ad-Hoc|x86.Build.0 = Release|Any CPU
		{B3C5129C-2B4E-432E-A1D3-433529CC8B8E}.AppStore|Any CPU.ActiveCfg = Release|Any CPU
		{B3C5129C-2B4E-432E-A1D3-433529CC8B8E}.AppStore|Any CPU.Build.0 = Release|Any CPU
		{B3C5129C-2B4E-432E-A1D3-433529CC8B8E}.AppStore|ARM.ActiveCfg = Release|Any CPU
		{B3C5129C-2B4E-432E-A1D3-433529CC8B8E}.AppStore|ARM.Build.0 = Release|Any CPU
		{B3C5129C-2B4E-432E-A1D3-433529CC8B8E}.AppStore|iPhone.ActiveCfg = Release|Any CPU
		{B3C5129C-2B4E-432E-A1D3-433529CC8B8E}.AppStore|iPhone.Build.0 = Release|Any CPU
		{B3C5129C-2B4E-432E-A1D3-433529CC8B8E}.AppStore|iPhoneSimulator.ActiveCfg = Release|Any CPU
		{B3C5129C-2B4E-432E-A1D3-433529CC8B8E}.AppStore|iPhoneSimulator.Build.0 = Release|Any CPU
		{B3C5129C-2B4E-432E-A1D3-433529CC8B8E}.AppStore|x64.ActiveCfg = Release|Any CPU
		{B3C5129C-2B4E-432E-A1D3-433529CC8B8E}.AppStore|x64.Build.0 = Release|Any CPU
		{B3C5129C-2B4E-432E-A1D3-433529CC8B8E}.AppStore|x86.ActiveCfg = Release|Any CPU
		{B3C5129C-2B4E-432E-A1D3-433529CC8B8E}.AppStore|x86.Build.0 = Release|Any CPU
		{B3C5129C-2B4E-432E-A1D3-433529CC8B8E}.Debug|Any CPU.ActiveCfg = Debug|Any CPU
		{B3C5129C-2B4E-432E-A1D3-433529CC8B8E}.Debug|Any CPU.Build.0 = Debug|Any CPU
		{B3C5129C-2B4E-432E-A1D3-433529CC8B8E}.Debug|ARM.ActiveCfg = Debug|Any CPU
		{B3C5129C-2B4E-432E-A1D3-433529CC8B8E}.Debug|ARM.Build.0 = Debug|Any CPU
		{B3C5129C-2B4E-432E-A1D3-433529CC8B8E}.Debug|iPhone.ActiveCfg = Debug|Any CPU
		{B3C5129C-2B4E-432E-A1D3-433529CC8B8E}.Debug|iPhone.Build.0 = Debug|Any CPU
		{B3C5129C-2B4E-432E-A1D3-433529CC8B8E}.Debug|iPhoneSimulator.ActiveCfg = Debug|Any CPU
		{B3C5129C-2B4E-432E-A1D3-433529CC8B8E}.Debug|iPhoneSimulator.Build.0 = Debug|Any CPU
		{B3C5129C-2B4E-432E-A1D3-433529CC8B8E}.Debug|x64.ActiveCfg = Debug|Any CPU
		{B3C5129C-2B4E-432E-A1D3-433529CC8B8E}.Debug|x64.Build.0 = Debug|Any CPU
		{B3C5129C-2B4E-432E-A1D3-433529CC8B8E}.Debug|x86.ActiveCfg = Debug|Any CPU
		{B3C5129C-2B4E-432E-A1D3-433529CC8B8E}.Debug|x86.Build.0 = Debug|Any CPU
		{B3C5129C-2B4E-432E-A1D3-433529CC8B8E}.Release|Any CPU.ActiveCfg = Release|Any CPU
		{B3C5129C-2B4E-432E-A1D3-433529CC8B8E}.Release|Any CPU.Build.0 = Release|Any CPU
		{B3C5129C-2B4E-432E-A1D3-433529CC8B8E}.Release|ARM.ActiveCfg = Release|Any CPU
		{B3C5129C-2B4E-432E-A1D3-433529CC8B8E}.Release|ARM.Build.0 = Release|Any CPU
		{B3C5129C-2B4E-432E-A1D3-433529CC8B8E}.Release|iPhone.ActiveCfg = Release|Any CPU
		{B3C5129C-2B4E-432E-A1D3-433529CC8B8E}.Release|iPhone.Build.0 = Release|Any CPU
		{B3C5129C-2B4E-432E-A1D3-433529CC8B8E}.Release|iPhoneSimulator.ActiveCfg = Release|Any CPU
		{B3C5129C-2B4E-432E-A1D3-433529CC8B8E}.Release|iPhoneSimulator.Build.0 = Release|Any CPU
		{B3C5129C-2B4E-432E-A1D3-433529CC8B8E}.Release|x64.ActiveCfg = Release|Any CPU
		{B3C5129C-2B4E-432E-A1D3-433529CC8B8E}.Release|x64.Build.0 = Release|Any CPU
		{B3C5129C-2B4E-432E-A1D3-433529CC8B8E}.Release|x86.ActiveCfg = Release|Any CPU
		{B3C5129C-2B4E-432E-A1D3-433529CC8B8E}.Release|x86.Build.0 = Release|Any CPU
		{4D486297-C4CD-4C8D-936A-BDEA4CF7B990}.Ad-Hoc|Any CPU.ActiveCfg = Ad-Hoc|iPhone
		{4D486297-C4CD-4C8D-936A-BDEA4CF7B990}.Ad-Hoc|ARM.ActiveCfg = Ad-Hoc|iPhone
		{4D486297-C4CD-4C8D-936A-BDEA4CF7B990}.Ad-Hoc|iPhone.ActiveCfg = Ad-Hoc|iPhone
		{4D486297-C4CD-4C8D-936A-BDEA4CF7B990}.Ad-Hoc|iPhone.Build.0 = Ad-Hoc|iPhone
		{4D486297-C4CD-4C8D-936A-BDEA4CF7B990}.Ad-Hoc|iPhoneSimulator.ActiveCfg = Ad-Hoc|iPhoneSimulator
		{4D486297-C4CD-4C8D-936A-BDEA4CF7B990}.Ad-Hoc|iPhoneSimulator.Build.0 = Ad-Hoc|iPhoneSimulator
		{4D486297-C4CD-4C8D-936A-BDEA4CF7B990}.Ad-Hoc|x64.ActiveCfg = Ad-Hoc|iPhone
		{4D486297-C4CD-4C8D-936A-BDEA4CF7B990}.Ad-Hoc|x86.ActiveCfg = Ad-Hoc|iPhone
		{4D486297-C4CD-4C8D-936A-BDEA4CF7B990}.AppStore|Any CPU.ActiveCfg = AppStore|iPhone
		{4D486297-C4CD-4C8D-936A-BDEA4CF7B990}.AppStore|ARM.ActiveCfg = AppStore|iPhone
		{4D486297-C4CD-4C8D-936A-BDEA4CF7B990}.AppStore|iPhone.ActiveCfg = AppStore|iPhone
		{4D486297-C4CD-4C8D-936A-BDEA4CF7B990}.AppStore|iPhone.Build.0 = AppStore|iPhone
		{4D486297-C4CD-4C8D-936A-BDEA4CF7B990}.AppStore|iPhoneSimulator.ActiveCfg = AppStore|iPhoneSimulator
		{4D486297-C4CD-4C8D-936A-BDEA4CF7B990}.AppStore|iPhoneSimulator.Build.0 = AppStore|iPhoneSimulator
		{4D486297-C4CD-4C8D-936A-BDEA4CF7B990}.AppStore|x64.ActiveCfg = AppStore|iPhone
		{4D486297-C4CD-4C8D-936A-BDEA4CF7B990}.AppStore|x86.ActiveCfg = AppStore|iPhone
		{4D486297-C4CD-4C8D-936A-BDEA4CF7B990}.Debug|Any CPU.ActiveCfg = Debug|iPhone
		{4D486297-C4CD-4C8D-936A-BDEA4CF7B990}.Debug|ARM.ActiveCfg = Debug|iPhone
		{4D486297-C4CD-4C8D-936A-BDEA4CF7B990}.Debug|iPhone.ActiveCfg = Debug|iPhone
		{4D486297-C4CD-4C8D-936A-BDEA4CF7B990}.Debug|iPhone.Build.0 = Debug|iPhone
		{4D486297-C4CD-4C8D-936A-BDEA4CF7B990}.Debug|iPhoneSimulator.ActiveCfg = Debug|iPhoneSimulator
		{4D486297-C4CD-4C8D-936A-BDEA4CF7B990}.Debug|iPhoneSimulator.Build.0 = Debug|iPhoneSimulator
		{4D486297-C4CD-4C8D-936A-BDEA4CF7B990}.Debug|x64.ActiveCfg = Debug|iPhone
		{4D486297-C4CD-4C8D-936A-BDEA4CF7B990}.Debug|x86.ActiveCfg = Debug|iPhone
		{4D486297-C4CD-4C8D-936A-BDEA4CF7B990}.Release|Any CPU.ActiveCfg = Release|iPhone
		{4D486297-C4CD-4C8D-936A-BDEA4CF7B990}.Release|ARM.ActiveCfg = Release|iPhone
		{4D486297-C4CD-4C8D-936A-BDEA4CF7B990}.Release|iPhone.ActiveCfg = Release|iPhone
		{4D486297-C4CD-4C8D-936A-BDEA4CF7B990}.Release|iPhone.Build.0 = Release|iPhone
		{4D486297-C4CD-4C8D-936A-BDEA4CF7B990}.Release|iPhoneSimulator.ActiveCfg = Release|iPhoneSimulator
		{4D486297-C4CD-4C8D-936A-BDEA4CF7B990}.Release|iPhoneSimulator.Build.0 = Release|iPhoneSimulator
		{4D486297-C4CD-4C8D-936A-BDEA4CF7B990}.Release|x64.ActiveCfg = Release|iPhone
		{4D486297-C4CD-4C8D-936A-BDEA4CF7B990}.Release|x86.ActiveCfg = Release|iPhone
		{D4461B2B-994B-4480-B295-35CB996B7A31}.Ad-Hoc|Any CPU.ActiveCfg = Release|Any CPU
		{D4461B2B-994B-4480-B295-35CB996B7A31}.Ad-Hoc|Any CPU.Build.0 = Release|Any CPU
		{D4461B2B-994B-4480-B295-35CB996B7A31}.Ad-Hoc|Any CPU.Deploy.0 = Release|Any CPU
		{D4461B2B-994B-4480-B295-35CB996B7A31}.Ad-Hoc|ARM.ActiveCfg = Release|Any CPU
		{D4461B2B-994B-4480-B295-35CB996B7A31}.Ad-Hoc|ARM.Build.0 = Release|Any CPU
		{D4461B2B-994B-4480-B295-35CB996B7A31}.Ad-Hoc|ARM.Deploy.0 = Release|Any CPU
		{D4461B2B-994B-4480-B295-35CB996B7A31}.Ad-Hoc|iPhone.ActiveCfg = Release|Any CPU
		{D4461B2B-994B-4480-B295-35CB996B7A31}.Ad-Hoc|iPhone.Build.0 = Release|Any CPU
		{D4461B2B-994B-4480-B295-35CB996B7A31}.Ad-Hoc|iPhone.Deploy.0 = Release|Any CPU
		{D4461B2B-994B-4480-B295-35CB996B7A31}.Ad-Hoc|iPhoneSimulator.ActiveCfg = Release|Any CPU
		{D4461B2B-994B-4480-B295-35CB996B7A31}.Ad-Hoc|iPhoneSimulator.Build.0 = Release|Any CPU
		{D4461B2B-994B-4480-B295-35CB996B7A31}.Ad-Hoc|iPhoneSimulator.Deploy.0 = Release|Any CPU
		{D4461B2B-994B-4480-B295-35CB996B7A31}.Ad-Hoc|x64.ActiveCfg = Release|Any CPU
		{D4461B2B-994B-4480-B295-35CB996B7A31}.Ad-Hoc|x64.Build.0 = Release|Any CPU
		{D4461B2B-994B-4480-B295-35CB996B7A31}.Ad-Hoc|x64.Deploy.0 = Release|Any CPU
		{D4461B2B-994B-4480-B295-35CB996B7A31}.Ad-Hoc|x86.ActiveCfg = Release|Any CPU
		{D4461B2B-994B-4480-B295-35CB996B7A31}.Ad-Hoc|x86.Build.0 = Release|Any CPU
		{D4461B2B-994B-4480-B295-35CB996B7A31}.Ad-Hoc|x86.Deploy.0 = Release|Any CPU
		{D4461B2B-994B-4480-B295-35CB996B7A31}.AppStore|Any CPU.ActiveCfg = Release|Any CPU
		{D4461B2B-994B-4480-B295-35CB996B7A31}.AppStore|Any CPU.Build.0 = Release|Any CPU
		{D4461B2B-994B-4480-B295-35CB996B7A31}.AppStore|Any CPU.Deploy.0 = Release|Any CPU
		{D4461B2B-994B-4480-B295-35CB996B7A31}.AppStore|ARM.ActiveCfg = Release|Any CPU
		{D4461B2B-994B-4480-B295-35CB996B7A31}.AppStore|ARM.Build.0 = Release|Any CPU
		{D4461B2B-994B-4480-B295-35CB996B7A31}.AppStore|ARM.Deploy.0 = Release|Any CPU
		{D4461B2B-994B-4480-B295-35CB996B7A31}.AppStore|iPhone.ActiveCfg = Release|Any CPU
		{D4461B2B-994B-4480-B295-35CB996B7A31}.AppStore|iPhone.Build.0 = Release|Any CPU
		{D4461B2B-994B-4480-B295-35CB996B7A31}.AppStore|iPhone.Deploy.0 = Release|Any CPU
		{D4461B2B-994B-4480-B295-35CB996B7A31}.AppStore|iPhoneSimulator.ActiveCfg = Release|Any CPU
		{D4461B2B-994B-4480-B295-35CB996B7A31}.AppStore|iPhoneSimulator.Build.0 = Release|Any CPU
		{D4461B2B-994B-4480-B295-35CB996B7A31}.AppStore|iPhoneSimulator.Deploy.0 = Release|Any CPU
		{D4461B2B-994B-4480-B295-35CB996B7A31}.AppStore|x64.ActiveCfg = Release|Any CPU
		{D4461B2B-994B-4480-B295-35CB996B7A31}.AppStore|x64.Build.0 = Release|Any CPU
		{D4461B2B-994B-4480-B295-35CB996B7A31}.AppStore|x64.Deploy.0 = Release|Any CPU
		{D4461B2B-994B-4480-B295-35CB996B7A31}.AppStore|x86.ActiveCfg = Release|Any CPU
		{D4461B2B-994B-4480-B295-35CB996B7A31}.AppStore|x86.Build.0 = Release|Any CPU
		{D4461B2B-994B-4480-B295-35CB996B7A31}.AppStore|x86.Deploy.0 = Release|Any CPU
		{D4461B2B-994B-4480-B295-35CB996B7A31}.Debug|Any CPU.ActiveCfg = Debug|Any CPU
		{D4461B2B-994B-4480-B295-35CB996B7A31}.Debug|Any CPU.Build.0 = Debug|Any CPU
		{D4461B2B-994B-4480-B295-35CB996B7A31}.Debug|Any CPU.Deploy.0 = Debug|Any CPU
		{D4461B2B-994B-4480-B295-35CB996B7A31}.Debug|ARM.ActiveCfg = Debug|Any CPU
		{D4461B2B-994B-4480-B295-35CB996B7A31}.Debug|ARM.Build.0 = Debug|Any CPU
		{D4461B2B-994B-4480-B295-35CB996B7A31}.Debug|ARM.Deploy.0 = Debug|Any CPU
		{D4461B2B-994B-4480-B295-35CB996B7A31}.Debug|iPhone.ActiveCfg = Debug|Any CPU
		{D4461B2B-994B-4480-B295-35CB996B7A31}.Debug|iPhone.Build.0 = Debug|Any CPU
		{D4461B2B-994B-4480-B295-35CB996B7A31}.Debug|iPhone.Deploy.0 = Debug|Any CPU
		{D4461B2B-994B-4480-B295-35CB996B7A31}.Debug|iPhoneSimulator.ActiveCfg = Debug|Any CPU
		{D4461B2B-994B-4480-B295-35CB996B7A31}.Debug|iPhoneSimulator.Build.0 = Debug|Any CPU
		{D4461B2B-994B-4480-B295-35CB996B7A31}.Debug|iPhoneSimulator.Deploy.0 = Debug|Any CPU
		{D4461B2B-994B-4480-B295-35CB996B7A31}.Debug|x64.ActiveCfg = Debug|Any CPU
		{D4461B2B-994B-4480-B295-35CB996B7A31}.Debug|x64.Build.0 = Debug|Any CPU
		{D4461B2B-994B-4480-B295-35CB996B7A31}.Debug|x64.Deploy.0 = Debug|Any CPU
		{D4461B2B-994B-4480-B295-35CB996B7A31}.Debug|x86.ActiveCfg = Debug|Any CPU
		{D4461B2B-994B-4480-B295-35CB996B7A31}.Debug|x86.Build.0 = Debug|Any CPU
		{D4461B2B-994B-4480-B295-35CB996B7A31}.Debug|x86.Deploy.0 = Debug|Any CPU
		{D4461B2B-994B-4480-B295-35CB996B7A31}.Release|Any CPU.ActiveCfg = Release|Any CPU
		{D4461B2B-994B-4480-B295-35CB996B7A31}.Release|Any CPU.Build.0 = Release|Any CPU
		{D4461B2B-994B-4480-B295-35CB996B7A31}.Release|Any CPU.Deploy.0 = Release|Any CPU
		{D4461B2B-994B-4480-B295-35CB996B7A31}.Release|ARM.ActiveCfg = Release|Any CPU
		{D4461B2B-994B-4480-B295-35CB996B7A31}.Release|ARM.Build.0 = Release|Any CPU
		{D4461B2B-994B-4480-B295-35CB996B7A31}.Release|ARM.Deploy.0 = Release|Any CPU
		{D4461B2B-994B-4480-B295-35CB996B7A31}.Release|iPhone.ActiveCfg = Release|Any CPU
		{D4461B2B-994B-4480-B295-35CB996B7A31}.Release|iPhone.Build.0 = Release|Any CPU
		{D4461B2B-994B-4480-B295-35CB996B7A31}.Release|iPhone.Deploy.0 = Release|Any CPU
		{D4461B2B-994B-4480-B295-35CB996B7A31}.Release|iPhoneSimulator.ActiveCfg = Release|Any CPU
		{D4461B2B-994B-4480-B295-35CB996B7A31}.Release|iPhoneSimulator.Build.0 = Release|Any CPU
		{D4461B2B-994B-4480-B295-35CB996B7A31}.Release|iPhoneSimulator.Deploy.0 = Release|Any CPU
		{D4461B2B-994B-4480-B295-35CB996B7A31}.Release|x64.ActiveCfg = Release|Any CPU
		{D4461B2B-994B-4480-B295-35CB996B7A31}.Release|x64.Build.0 = Release|Any CPU
		{D4461B2B-994B-4480-B295-35CB996B7A31}.Release|x64.Deploy.0 = Release|Any CPU
		{D4461B2B-994B-4480-B295-35CB996B7A31}.Release|x86.ActiveCfg = Release|Any CPU
		{D4461B2B-994B-4480-B295-35CB996B7A31}.Release|x86.Build.0 = Release|Any CPU
		{D4461B2B-994B-4480-B295-35CB996B7A31}.Release|x86.Deploy.0 = Release|Any CPU
	EndGlobalSection
	GlobalSection(SolutionProperties) = preSolution
		HideSolutionNode = FALSE
	EndGlobalSection
	GlobalSection(NestedProjects) = preSolution
		{7D11792D-CAC0-4832-AFBA-E413468C2A14} = {6686E817-E3C0-4274-96FD-EA97E3BEE244}
		{A97A979B-F5B1-4E9F-930C-E691E9AFABE2} = {6686E817-E3C0-4274-96FD-EA97E3BEE244}
		{C15C1303-BA93-44D8-9BA9-649E4B477364} = {6686E817-E3C0-4274-96FD-EA97E3BEE244}
		{FCB5F0ED-4F24-41A9-B1BF-9D3C6CE30D76} = {6686E817-E3C0-4274-96FD-EA97E3BEE244}
		{4FB7B8A0-6571-4B41-B44D-5206B4583E7B} = {E3AFC4D6-4912-455C-9B35-8AABD2033EBB}
		{1EB99312-6865-47B1-88F6-EC7FC4D83511} = {E3AFC4D6-4912-455C-9B35-8AABD2033EBB}
		{94959FE8-1130-4746-8224-A0B3809708A1} = {F9F72796-0BFE-4F8B-85AD-8C23896E0477}
		{BFF9D6FC-807A-40B5-B503-AAFAA2397E2E} = {94959FE8-1130-4746-8224-A0B3809708A1}
		{728B1E89-2DF0-488B-9CD2-70A00E8A73B5} = {F9F72796-0BFE-4F8B-85AD-8C23896E0477}
		{20540C12-8C79-4D9B-B4DD-C3CFFBA26EA8} = {728B1E89-2DF0-488B-9CD2-70A00E8A73B5}
		{5D3E86AE-6259-4807-8528-4478097756FA} = {728B1E89-2DF0-488B-9CD2-70A00E8A73B5}
		{8EDF4429-251A-416D-BB68-93F227191BCF} = {94959FE8-1130-4746-8224-A0B3809708A1}
		{AD7B78B0-AE51-4FB7-9B11-4E22A2B538CA} = {5D3E86AE-6259-4807-8528-4478097756FA}
		{3CE74118-E2E5-49AB-AA56-5EE1CCA14795} = {20540C12-8C79-4D9B-B4DD-C3CFFBA26EA8}
		{FDC8B451-BD8D-4E0D-B0D6-F0812CD635DF} = {20540C12-8C79-4D9B-B4DD-C3CFFBA26EA8}
		{43ECD991-D354-4B34-9F65-E5F39119741E} = {20540C12-8C79-4D9B-B4DD-C3CFFBA26EA8}
		{3F44B0AC-297F-410F-A519-44F1146A2890} = {20540C12-8C79-4D9B-B4DD-C3CFFBA26EA8}
		{DDF051CB-6E3C-4CD9-8442-4A0728679528} = {728B1E89-2DF0-488B-9CD2-70A00E8A73B5}
		{CBFEBFE4-095A-4481-ADE8-E7A5EB48332D} = {DDF051CB-6E3C-4CD9-8442-4A0728679528}
		{2B8B23FD-8108-4356-A83C-4B0E6F496165} = {DDF051CB-6E3C-4CD9-8442-4A0728679528}
		{D2CED8F0-7A76-454D-B5F7-9E8B9FE6A58E} = {5D3E86AE-6259-4807-8528-4478097756FA}
		{159A55AF-9531-4107-8444-CA9C96107EF5} = {5D3E86AE-6259-4807-8528-4478097756FA}
		{B3C5129C-2B4E-432E-A1D3-433529CC8B8E} = {5D3E86AE-6259-4807-8528-4478097756FA}
		{4D486297-C4CD-4C8D-936A-BDEA4CF7B990} = {DDF051CB-6E3C-4CD9-8442-4A0728679528}
		{D4461B2B-994B-4480-B295-35CB996B7A31} = {D715B288-5C63-4707-8FBA-608768CBE777}
	EndGlobalSection
	GlobalSection(ExtensibilityGlobals) = postSolution
		SolutionGuid = {686305FF-C0AD-4E56-B64C-182570607D13}
	EndGlobalSection
EndGlobal
